
Microsoft Visual Studio Solution File, Format Version 12.00
# Visual Studio Version 16
VisualStudioVersion = 16.0.31112.23
MinimumVisualStudioVersion = 10.0.40219.1
Project("{FAE04EC0-301F-11D3-BF4B-00C04F79EFBC}") = "WinPure.ConsoleTest", "WinPure.ConsoleTest\WinPure.ConsoleTest.csproj", "{7A86CE80-5634-4780-9A1D-C7BFDF177611}"
EndProject
Project("{FAE04EC0-301F-11D3-BF4B-00C04F79EFBC}") = "WinPure.Cleansing", "..\src\WinPure.Cleansing\WinPure.Cleansing.csproj", "{D923E5DE-7002-4085-A23A-AF917410BBE0}"
EndProject
Project("{FAE04EC0-301F-11D3-BF4B-00C04F79EFBC}") = "WinPure.AddressVerification", "..\src\WinPure.AddressVerification\WinPure.AddressVerification.csproj", "{3B02B0EA-AFB2-4BB5-8ABE-DECE91D7D3DF}"
EndProject
Project("{FAE04EC0-301F-11D3-BF4B-00C04F79EFBC}") = "WinPure.API", "..\WinPure.API\WinPure.API\WinPure.API.csproj", "{F43858E1-E478-4E4D-BD2A-13BC35241F4B}"
EndProject
Project("{9A19103F-16F7-4668-BE54-9A1E7A4F7556}") = "WinPure.Common.Standard", "..\src\WinPure.Common.Standard\WinPure.Common.Standard.csproj", "{86436D41-0BB9-4301-BBBC-D3257BE08264}"
EndProject
Project("{9A19103F-16F7-4668-BE54-9A1E7A4F7556}") = "WinPure.Configuration.Standard", "..\src\WinPure.Configuration.Standard\WinPure.Configuration.Standard.csproj", "{B2D55A8D-0BA6-4166-9B59-06B3714CB134}"
EndProject
Project("{9A19103F-16F7-4668-BE54-9A1E7A4F7556}") = "WinPure.Matching.Standard", "..\src\WinPure.Matching.Standard\WinPure.Matching.Standard.csproj", "{6DA11D82-F108-4665-AE4B-FC0D133E799C}"
EndProject
Project("{9A19103F-16F7-4668-BE54-9A1E7A4F7556}") = "WinPure.Licensing.Standard", "..\src\WinPure.Licensing.Standard\WinPure.Licensing.Standard.csproj", "{76708EC1-3051-45E2-BACC-EC7EFB41BC74}"
EndProject
Global
	GlobalSection(SolutionConfigurationPlatforms) = preSolution
		Debug|Any CPU = Debug|Any CPU
		Debug|x64 = Debug|x64
		Release|Any CPU = Release|Any CPU
		Release|x64 = Release|x64
		ReleaseAPI|Any CPU = ReleaseAPI|Any CPU
		ReleaseAPI|x64 = ReleaseAPI|x64
		ReleaseCamAd|Any CPU = ReleaseCamAd|Any CPU
		ReleaseCamAd|x64 = ReleaseCamAd|x64
		ReleaseCamAdUk|Any CPU = ReleaseCamAdUk|Any CPU
		ReleaseCamAdUk|x64 = ReleaseCamAdUk|x64
		ReleaseCamBiz|Any CPU = ReleaseCamBiz|Any CPU
		ReleaseCamBiz|x64 = ReleaseCamBiz|x64
		ReleaseCamFree|Any CPU = ReleaseCamFree|Any CPU
		ReleaseCamFree|x64 = ReleaseCamFree|x64
		ReleaseCamLte|Any CPU = ReleaseCamLte|Any CPU
		ReleaseCamLte|x64 = ReleaseCamLte|x64
		ReleaseCamStd|Any CPU = ReleaseCamStd|Any CPU
		ReleaseCamStd|x64 = ReleaseCamStd|x64
		ReleaseEnterprise|Any CPU = ReleaseEnterprise|Any CPU
		ReleaseEnterprise|x64 = ReleaseEnterprise|x64
	EndGlobalSection
	GlobalSection(ProjectConfigurationPlatforms) = postSolution
		{7A86CE80-5634-4780-9A1D-C7BFDF177611}.Debug|Any CPU.ActiveCfg = Debug|Any CPU
		{7A86CE80-5634-4780-9A1D-C7BFDF177611}.Debug|Any CPU.Build.0 = Debug|Any CPU
		{7A86CE80-5634-4780-9A1D-C7BFDF177611}.Debug|x64.ActiveCfg = Debug|x64
		{7A86CE80-5634-4780-9A1D-C7BFDF177611}.Debug|x64.Build.0 = Debug|x64
		{7A86CE80-5634-4780-9A1D-C7BFDF177611}.Release|Any CPU.ActiveCfg = Release|Any CPU
		{7A86CE80-5634-4780-9A1D-C7BFDF177611}.Release|Any CPU.Build.0 = Release|Any CPU
		{7A86CE80-5634-4780-9A1D-C7BFDF177611}.Release|x64.ActiveCfg = Release|x64
		{7A86CE80-5634-4780-9A1D-C7BFDF177611}.Release|x64.Build.0 = Release|x64
		{7A86CE80-5634-4780-9A1D-C7BFDF177611}.ReleaseAPI|Any CPU.ActiveCfg = Release|Any CPU
		{7A86CE80-5634-4780-9A1D-C7BFDF177611}.ReleaseAPI|Any CPU.Build.0 = Release|Any CPU
		{7A86CE80-5634-4780-9A1D-C7BFDF177611}.ReleaseAPI|x64.ActiveCfg = Release|x64
		{7A86CE80-5634-4780-9A1D-C7BFDF177611}.ReleaseAPI|x64.Build.0 = Release|x64
		{7A86CE80-5634-4780-9A1D-C7BFDF177611}.ReleaseCamAd|Any CPU.ActiveCfg = Release|Any CPU
		{7A86CE80-5634-4780-9A1D-C7BFDF177611}.ReleaseCamAd|Any CPU.Build.0 = Release|Any CPU
		{7A86CE80-5634-4780-9A1D-C7BFDF177611}.ReleaseCamAd|x64.ActiveCfg = Release|x64
		{7A86CE80-5634-4780-9A1D-C7BFDF177611}.ReleaseCamAd|x64.Build.0 = Release|x64
		{7A86CE80-5634-4780-9A1D-C7BFDF177611}.ReleaseCamAdUk|Any CPU.ActiveCfg = Release|Any CPU
		{7A86CE80-5634-4780-9A1D-C7BFDF177611}.ReleaseCamAdUk|Any CPU.Build.0 = Release|Any CPU
		{7A86CE80-5634-4780-9A1D-C7BFDF177611}.ReleaseCamAdUk|x64.ActiveCfg = Release|x64
		{7A86CE80-5634-4780-9A1D-C7BFDF177611}.ReleaseCamAdUk|x64.Build.0 = Release|x64
		{7A86CE80-5634-4780-9A1D-C7BFDF177611}.ReleaseCamBiz|Any CPU.ActiveCfg = Release|Any CPU
		{7A86CE80-5634-4780-9A1D-C7BFDF177611}.ReleaseCamBiz|Any CPU.Build.0 = Release|Any CPU
		{7A86CE80-5634-4780-9A1D-C7BFDF177611}.ReleaseCamBiz|x64.ActiveCfg = Release|x64
		{7A86CE80-5634-4780-9A1D-C7BFDF177611}.ReleaseCamBiz|x64.Build.0 = Release|x64
		{7A86CE80-5634-4780-9A1D-C7BFDF177611}.ReleaseCamFree|Any CPU.ActiveCfg = Release|Any CPU
		{7A86CE80-5634-4780-9A1D-C7BFDF177611}.ReleaseCamFree|Any CPU.Build.0 = Release|Any CPU
		{7A86CE80-5634-4780-9A1D-C7BFDF177611}.ReleaseCamFree|x64.ActiveCfg = Release|x64
		{7A86CE80-5634-4780-9A1D-C7BFDF177611}.ReleaseCamFree|x64.Build.0 = Release|x64
		{7A86CE80-5634-4780-9A1D-C7BFDF177611}.ReleaseCamLte|Any CPU.ActiveCfg = Release|Any CPU
		{7A86CE80-5634-4780-9A1D-C7BFDF177611}.ReleaseCamLte|Any CPU.Build.0 = Release|Any CPU
		{7A86CE80-5634-4780-9A1D-C7BFDF177611}.ReleaseCamLte|x64.ActiveCfg = Release|x64
		{7A86CE80-5634-4780-9A1D-C7BFDF177611}.ReleaseCamLte|x64.Build.0 = Release|x64
		{7A86CE80-5634-4780-9A1D-C7BFDF177611}.ReleaseCamStd|Any CPU.ActiveCfg = Release|Any CPU
		{7A86CE80-5634-4780-9A1D-C7BFDF177611}.ReleaseCamStd|Any CPU.Build.0 = Release|Any CPU
		{7A86CE80-5634-4780-9A1D-C7BFDF177611}.ReleaseCamStd|x64.ActiveCfg = Release|x64
		{7A86CE80-5634-4780-9A1D-C7BFDF177611}.ReleaseCamStd|x64.Build.0 = Release|x64
		{7A86CE80-5634-4780-9A1D-C7BFDF177611}.ReleaseEnterprise|Any CPU.ActiveCfg = Release|Any CPU
		{7A86CE80-5634-4780-9A1D-C7BFDF177611}.ReleaseEnterprise|Any CPU.Build.0 = Release|Any CPU
		{7A86CE80-5634-4780-9A1D-C7BFDF177611}.ReleaseEnterprise|x64.ActiveCfg = Release|x64
		{7A86CE80-5634-4780-9A1D-C7BFDF177611}.ReleaseEnterprise|x64.Build.0 = Release|x64
		{D923E5DE-7002-4085-A23A-AF917410BBE0}.Debug|Any CPU.ActiveCfg = Debug|Any CPU
		{D923E5DE-7002-4085-A23A-AF917410BBE0}.Debug|Any CPU.Build.0 = Debug|Any CPU
		{D923E5DE-7002-4085-A23A-AF917410BBE0}.Debug|x64.ActiveCfg = Debug|x64
		{D923E5DE-7002-4085-A23A-AF917410BBE0}.Debug|x64.Build.0 = Debug|x64
		{D923E5DE-7002-4085-A23A-AF917410BBE0}.Release|Any CPU.ActiveCfg = Release|Any CPU
		{D923E5DE-7002-4085-A23A-AF917410BBE0}.Release|Any CPU.Build.0 = Release|Any CPU
		{D923E5DE-7002-4085-A23A-AF917410BBE0}.Release|x64.ActiveCfg = Release|x64
		{D923E5DE-7002-4085-A23A-AF917410BBE0}.Release|x64.Build.0 = Release|x64
		{D923E5DE-7002-4085-A23A-AF917410BBE0}.ReleaseAPI|Any CPU.ActiveCfg = ReleaseAPI|Any CPU
		{D923E5DE-7002-4085-A23A-AF917410BBE0}.ReleaseAPI|Any CPU.Build.0 = ReleaseAPI|Any CPU
		{D923E5DE-7002-4085-A23A-AF917410BBE0}.ReleaseAPI|x64.ActiveCfg = ReleaseAPI|x64
		{D923E5DE-7002-4085-A23A-AF917410BBE0}.ReleaseAPI|x64.Build.0 = ReleaseAPI|x64
		{D923E5DE-7002-4085-A23A-AF917410BBE0}.ReleaseCamAd|Any CPU.ActiveCfg = ReleaseCamAd|Any CPU
		{D923E5DE-7002-4085-A23A-AF917410BBE0}.ReleaseCamAd|Any CPU.Build.0 = ReleaseCamAd|Any CPU
		{D923E5DE-7002-4085-A23A-AF917410BBE0}.ReleaseCamAd|x64.ActiveCfg = ReleaseCamAd|Any CPU
		{D923E5DE-7002-4085-A23A-AF917410BBE0}.ReleaseCamAd|x64.Build.0 = ReleaseCamAd|Any CPU
		{D923E5DE-7002-4085-A23A-AF917410BBE0}.ReleaseCamAdUk|Any CPU.ActiveCfg = ReleaseCamAdUk|Any CPU
		{D923E5DE-7002-4085-A23A-AF917410BBE0}.ReleaseCamAdUk|Any CPU.Build.0 = ReleaseCamAdUk|Any CPU
		{D923E5DE-7002-4085-A23A-AF917410BBE0}.ReleaseCamAdUk|x64.ActiveCfg = ReleaseCamAdUk|Any CPU
		{D923E5DE-7002-4085-A23A-AF917410BBE0}.ReleaseCamAdUk|x64.Build.0 = ReleaseCamAdUk|Any CPU
		{D923E5DE-7002-4085-A23A-AF917410BBE0}.ReleaseCamBiz|Any CPU.ActiveCfg = ReleaseCamBiz|Any CPU
		{D923E5DE-7002-4085-A23A-AF917410BBE0}.ReleaseCamBiz|Any CPU.Build.0 = ReleaseCamBiz|Any CPU
		{D923E5DE-7002-4085-A23A-AF917410BBE0}.ReleaseCamBiz|x64.ActiveCfg = ReleaseCamBiz|Any CPU
		{D923E5DE-7002-4085-A23A-AF917410BBE0}.ReleaseCamBiz|x64.Build.0 = ReleaseCamBiz|Any CPU
		{D923E5DE-7002-4085-A23A-AF917410BBE0}.ReleaseCamFree|Any CPU.ActiveCfg = ReleaseCamFree|Any CPU
		{D923E5DE-7002-4085-A23A-AF917410BBE0}.ReleaseCamFree|Any CPU.Build.0 = ReleaseCamFree|Any CPU
		{D923E5DE-7002-4085-A23A-AF917410BBE0}.ReleaseCamFree|x64.ActiveCfg = ReleaseCamFree|Any CPU
		{D923E5DE-7002-4085-A23A-AF917410BBE0}.ReleaseCamFree|x64.Build.0 = ReleaseCamFree|Any CPU
		{D923E5DE-7002-4085-A23A-AF917410BBE0}.ReleaseCamLte|Any CPU.ActiveCfg = ReleaseCamLte|Any CPU
		{D923E5DE-7002-4085-A23A-AF917410BBE0}.ReleaseCamLte|Any CPU.Build.0 = ReleaseCamLte|Any CPU
		{D923E5DE-7002-4085-A23A-AF917410BBE0}.ReleaseCamLte|x64.ActiveCfg = ReleaseCamLte|Any CPU
		{D923E5DE-7002-4085-A23A-AF917410BBE0}.ReleaseCamLte|x64.Build.0 = ReleaseCamLte|Any CPU
		{D923E5DE-7002-4085-A23A-AF917410BBE0}.ReleaseCamStd|Any CPU.ActiveCfg = ReleaseCamStd|Any CPU
		{D923E5DE-7002-4085-A23A-AF917410BBE0}.ReleaseCamStd|Any CPU.Build.0 = ReleaseCamStd|Any CPU
		{D923E5DE-7002-4085-A23A-AF917410BBE0}.ReleaseCamStd|x64.ActiveCfg = ReleaseCamStd|Any CPU
		{D923E5DE-7002-4085-A23A-AF917410BBE0}.ReleaseCamStd|x64.Build.0 = ReleaseCamStd|Any CPU
		{D923E5DE-7002-4085-A23A-AF917410BBE0}.ReleaseEnterprise|Any CPU.ActiveCfg = ReleaseEnterprise|Any CPU
		{D923E5DE-7002-4085-A23A-AF917410BBE0}.ReleaseEnterprise|Any CPU.Build.0 = ReleaseEnterprise|Any CPU
		{D923E5DE-7002-4085-A23A-AF917410BBE0}.ReleaseEnterprise|x64.ActiveCfg = ReleaseEnterprise|Any CPU
		{D923E5DE-7002-4085-A23A-AF917410BBE0}.ReleaseEnterprise|x64.Build.0 = ReleaseEnterprise|Any CPU
		{3B02B0EA-AFB2-4BB5-8ABE-DECE91D7D3DF}.Debug|Any CPU.ActiveCfg = Debug|Any CPU
		{3B02B0EA-AFB2-4BB5-8ABE-DECE91D7D3DF}.Debug|Any CPU.Build.0 = Debug|Any CPU
		{3B02B0EA-AFB2-4BB5-8ABE-DECE91D7D3DF}.Debug|x64.ActiveCfg = Debug|x64
		{3B02B0EA-AFB2-4BB5-8ABE-DECE91D7D3DF}.Debug|x64.Build.0 = Debug|x64
		{3B02B0EA-AFB2-4BB5-8ABE-DECE91D7D3DF}.Release|Any CPU.ActiveCfg = Release|Any CPU
		{3B02B0EA-AFB2-4BB5-8ABE-DECE91D7D3DF}.Release|Any CPU.Build.0 = Release|Any CPU
		{3B02B0EA-AFB2-4BB5-8ABE-DECE91D7D3DF}.Release|x64.ActiveCfg = Release|x64
		{3B02B0EA-AFB2-4BB5-8ABE-DECE91D7D3DF}.Release|x64.Build.0 = Release|x64
		{3B02B0EA-AFB2-4BB5-8ABE-DECE91D7D3DF}.ReleaseAPI|Any CPU.ActiveCfg = ReleaseAPI|Any CPU
		{3B02B0EA-AFB2-4BB5-8ABE-DECE91D7D3DF}.ReleaseAPI|Any CPU.Build.0 = ReleaseAPI|Any CPU
		{3B02B0EA-AFB2-4BB5-8ABE-DECE91D7D3DF}.ReleaseAPI|x64.ActiveCfg = ReleaseAPI|x64
		{3B02B0EA-AFB2-4BB5-8ABE-DECE91D7D3DF}.ReleaseAPI|x64.Build.0 = ReleaseAPI|x64
		{3B02B0EA-AFB2-4BB5-8ABE-DECE91D7D3DF}.ReleaseCamAd|Any CPU.ActiveCfg = ReleaseCamAd|Any CPU
		{3B02B0EA-AFB2-4BB5-8ABE-DECE91D7D3DF}.ReleaseCamAd|Any CPU.Build.0 = ReleaseCamAd|Any CPU
		{3B02B0EA-AFB2-4BB5-8ABE-DECE91D7D3DF}.ReleaseCamAd|x64.ActiveCfg = ReleaseCamAd|Any CPU
		{3B02B0EA-AFB2-4BB5-8ABE-DECE91D7D3DF}.ReleaseCamAd|x64.Build.0 = ReleaseCamAd|Any CPU
		{3B02B0EA-AFB2-4BB5-8ABE-DECE91D7D3DF}.ReleaseCamAdUk|Any CPU.ActiveCfg = ReleaseCamAdUk|Any CPU
		{3B02B0EA-AFB2-4BB5-8ABE-DECE91D7D3DF}.ReleaseCamAdUk|Any CPU.Build.0 = ReleaseCamAdUk|Any CPU
		{3B02B0EA-AFB2-4BB5-8ABE-DECE91D7D3DF}.ReleaseCamAdUk|x64.ActiveCfg = ReleaseCamAdUk|Any CPU
		{3B02B0EA-AFB2-4BB5-8ABE-DECE91D7D3DF}.ReleaseCamAdUk|x64.Build.0 = ReleaseCamAdUk|Any CPU
		{3B02B0EA-AFB2-4BB5-8ABE-DECE91D7D3DF}.ReleaseCamBiz|Any CPU.ActiveCfg = ReleaseCamBiz|Any CPU
		{3B02B0EA-AFB2-4BB5-8ABE-DECE91D7D3DF}.ReleaseCamBiz|Any CPU.Build.0 = ReleaseCamBiz|Any CPU
		{3B02B0EA-AFB2-4BB5-8ABE-DECE91D7D3DF}.ReleaseCamBiz|x64.ActiveCfg = ReleaseCamBiz|Any CPU
		{3B02B0EA-AFB2-4BB5-8ABE-DECE91D7D3DF}.ReleaseCamBiz|x64.Build.0 = ReleaseCamBiz|Any CPU
		{3B02B0EA-AFB2-4BB5-8ABE-DECE91D7D3DF}.ReleaseCamFree|Any CPU.ActiveCfg = ReleaseCamFree|Any CPU
		{3B02B0EA-AFB2-4BB5-8ABE-DECE91D7D3DF}.ReleaseCamFree|Any CPU.Build.0 = ReleaseCamFree|Any CPU
		{3B02B0EA-AFB2-4BB5-8ABE-DECE91D7D3DF}.ReleaseCamFree|x64.ActiveCfg = ReleaseCamFree|Any CPU
		{3B02B0EA-AFB2-4BB5-8ABE-DECE91D7D3DF}.ReleaseCamFree|x64.Build.0 = ReleaseCamFree|Any CPU
		{3B02B0EA-AFB2-4BB5-8ABE-DECE91D7D3DF}.ReleaseCamLte|Any CPU.ActiveCfg = ReleaseCamLte|Any CPU
		{3B02B0EA-AFB2-4BB5-8ABE-DECE91D7D3DF}.ReleaseCamLte|Any CPU.Build.0 = ReleaseCamLte|Any CPU
		{3B02B0EA-AFB2-4BB5-8ABE-DECE91D7D3DF}.ReleaseCamLte|x64.ActiveCfg = ReleaseCamLte|Any CPU
		{3B02B0EA-AFB2-4BB5-8ABE-DECE91D7D3DF}.ReleaseCamLte|x64.Build.0 = ReleaseCamLte|Any CPU
		{3B02B0EA-AFB2-4BB5-8ABE-DECE91D7D3DF}.ReleaseCamStd|Any CPU.ActiveCfg = ReleaseCamStd|Any CPU
		{3B02B0EA-AFB2-4BB5-8ABE-DECE91D7D3DF}.ReleaseCamStd|Any CPU.Build.0 = ReleaseCamStd|Any CPU
		{3B02B0EA-AFB2-4BB5-8ABE-DECE91D7D3DF}.ReleaseCamStd|x64.ActiveCfg = ReleaseCamStd|Any CPU
		{3B02B0EA-AFB2-4BB5-8ABE-DECE91D7D3DF}.ReleaseCamStd|x64.Build.0 = ReleaseCamStd|Any CPU
		{3B02B0EA-AFB2-4BB5-8ABE-DECE91D7D3DF}.ReleaseEnterprise|Any CPU.ActiveCfg = ReleaseEnterprise|Any CPU
		{3B02B0EA-AFB2-4BB5-8ABE-DECE91D7D3DF}.ReleaseEnterprise|Any CPU.Build.0 = ReleaseEnterprise|Any CPU
		{3B02B0EA-AFB2-4BB5-8ABE-DECE91D7D3DF}.ReleaseEnterprise|x64.ActiveCfg = ReleaseEnterprise|Any CPU
		{3B02B0EA-AFB2-4BB5-8ABE-DECE91D7D3DF}.ReleaseEnterprise|x64.Build.0 = ReleaseEnterprise|Any CPU
		{F43858E1-E478-4E4D-BD2A-13BC35241F4B}.Debug|Any CPU.ActiveCfg = Debug|Any CPU
		{F43858E1-E478-4E4D-BD2A-13BC35241F4B}.Debug|Any CPU.Build.0 = Debug|Any CPU
		{F43858E1-E478-4E4D-BD2A-13BC35241F4B}.Debug|x64.ActiveCfg = Debug|x64
		{F43858E1-E478-4E4D-BD2A-13BC35241F4B}.Debug|x64.Build.0 = Debug|x64
		{F43858E1-E478-4E4D-BD2A-13BC35241F4B}.Release|Any CPU.ActiveCfg = Release|Any CPU
		{F43858E1-E478-4E4D-BD2A-13BC35241F4B}.Release|Any CPU.Build.0 = Release|Any CPU
		{F43858E1-E478-4E4D-BD2A-13BC35241F4B}.Release|x64.ActiveCfg = Release|x64
		{F43858E1-E478-4E4D-BD2A-13BC35241F4B}.Release|x64.Build.0 = Release|x64
		{F43858E1-E478-4E4D-BD2A-13BC35241F4B}.ReleaseAPI|Any CPU.ActiveCfg = ReleaseAPI|Any CPU
		{F43858E1-E478-4E4D-BD2A-13BC35241F4B}.ReleaseAPI|Any CPU.Build.0 = ReleaseAPI|Any CPU
		{F43858E1-E478-4E4D-BD2A-13BC35241F4B}.ReleaseAPI|x64.ActiveCfg = ReleaseAPI|x64
		{F43858E1-E478-4E4D-BD2A-13BC35241F4B}.ReleaseAPI|x64.Build.0 = ReleaseAPI|x64
		{F43858E1-E478-4E4D-BD2A-13BC35241F4B}.ReleaseCamAd|Any CPU.ActiveCfg = ReleaseAPI|Any CPU
		{F43858E1-E478-4E4D-BD2A-13BC35241F4B}.ReleaseCamAd|Any CPU.Build.0 = ReleaseAPI|Any CPU
		{F43858E1-E478-4E4D-BD2A-13BC35241F4B}.ReleaseCamAd|x64.ActiveCfg = ReleaseAPI|x64
		{F43858E1-E478-4E4D-BD2A-13BC35241F4B}.ReleaseCamAd|x64.Build.0 = ReleaseAPI|x64
		{F43858E1-E478-4E4D-BD2A-13BC35241F4B}.ReleaseCamAdUk|Any CPU.ActiveCfg = ReleaseAPI|Any CPU
		{F43858E1-E478-4E4D-BD2A-13BC35241F4B}.ReleaseCamAdUk|Any CPU.Build.0 = ReleaseAPI|Any CPU
		{F43858E1-E478-4E4D-BD2A-13BC35241F4B}.ReleaseCamAdUk|x64.ActiveCfg = ReleaseAPI|x64
		{F43858E1-E478-4E4D-BD2A-13BC35241F4B}.ReleaseCamAdUk|x64.Build.0 = ReleaseAPI|x64
		{F43858E1-E478-4E4D-BD2A-13BC35241F4B}.ReleaseCamBiz|Any CPU.ActiveCfg = ReleaseAPI|Any CPU
		{F43858E1-E478-4E4D-BD2A-13BC35241F4B}.ReleaseCamBiz|Any CPU.Build.0 = ReleaseAPI|Any CPU
		{F43858E1-E478-4E4D-BD2A-13BC35241F4B}.ReleaseCamBiz|x64.ActiveCfg = ReleaseAPI|x64
		{F43858E1-E478-4E4D-BD2A-13BC35241F4B}.ReleaseCamBiz|x64.Build.0 = ReleaseAPI|x64
		{F43858E1-E478-4E4D-BD2A-13BC35241F4B}.ReleaseCamFree|Any CPU.ActiveCfg = ReleaseAPI|Any CPU
		{F43858E1-E478-4E4D-BD2A-13BC35241F4B}.ReleaseCamFree|Any CPU.Build.0 = ReleaseAPI|Any CPU
		{F43858E1-E478-4E4D-BD2A-13BC35241F4B}.ReleaseCamFree|x64.ActiveCfg = ReleaseAPI|x64
		{F43858E1-E478-4E4D-BD2A-13BC35241F4B}.ReleaseCamFree|x64.Build.0 = ReleaseAPI|x64
		{F43858E1-E478-4E4D-BD2A-13BC35241F4B}.ReleaseCamLte|Any CPU.ActiveCfg = ReleaseAPI|Any CPU
		{F43858E1-E478-4E4D-BD2A-13BC35241F4B}.ReleaseCamLte|Any CPU.Build.0 = ReleaseAPI|Any CPU
		{F43858E1-E478-4E4D-BD2A-13BC35241F4B}.ReleaseCamLte|x64.ActiveCfg = ReleaseAPI|x64
		{F43858E1-E478-4E4D-BD2A-13BC35241F4B}.ReleaseCamLte|x64.Build.0 = ReleaseAPI|x64
		{F43858E1-E478-4E4D-BD2A-13BC35241F4B}.ReleaseCamStd|Any CPU.ActiveCfg = ReleaseAPI|Any CPU
		{F43858E1-E478-4E4D-BD2A-13BC35241F4B}.ReleaseCamStd|Any CPU.Build.0 = ReleaseAPI|Any CPU
		{F43858E1-E478-4E4D-BD2A-13BC35241F4B}.ReleaseCamStd|x64.ActiveCfg = ReleaseAPI|x64
		{F43858E1-E478-4E4D-BD2A-13BC35241F4B}.ReleaseCamStd|x64.Build.0 = ReleaseAPI|x64
		{F43858E1-E478-4E4D-BD2A-13BC35241F4B}.ReleaseEnterprise|Any CPU.ActiveCfg = ReleaseAPI|Any CPU
		{F43858E1-E478-4E4D-BD2A-13BC35241F4B}.ReleaseEnterprise|Any CPU.Build.0 = ReleaseAPI|Any CPU
		{F43858E1-E478-4E4D-BD2A-13BC35241F4B}.ReleaseEnterprise|x64.ActiveCfg = ReleaseAPI|x64
		{F43858E1-E478-4E4D-BD2A-13BC35241F4B}.ReleaseEnterprise|x64.Build.0 = ReleaseAPI|x64
		{86436D41-0BB9-4301-BBBC-D3257BE08264}.Debug|Any CPU.ActiveCfg = Debug|Any CPU
		{86436D41-0BB9-4301-BBBC-D3257BE08264}.Debug|Any CPU.Build.0 = Debug|Any CPU
		{86436D41-0BB9-4301-BBBC-D3257BE08264}.Debug|x64.ActiveCfg = Debug|x64
		{86436D41-0BB9-4301-BBBC-D3257BE08264}.Debug|x64.Build.0 = Debug|x64
		{86436D41-0BB9-4301-BBBC-D3257BE08264}.Release|Any CPU.ActiveCfg = Release|Any CPU
		{86436D41-0BB9-4301-BBBC-D3257BE08264}.Release|Any CPU.Build.0 = Release|Any CPU
		{86436D41-0BB9-4301-BBBC-D3257BE08264}.Release|x64.ActiveCfg = Release|x64
		{86436D41-0BB9-4301-BBBC-D3257BE08264}.Release|x64.Build.0 = Release|x64
		{86436D41-0BB9-4301-BBBC-D3257BE08264}.ReleaseAPI|Any CPU.ActiveCfg = ReleaseAPI|Any CPU
		{86436D41-0BB9-4301-BBBC-D3257BE08264}.ReleaseAPI|Any CPU.Build.0 = ReleaseAPI|Any CPU
		{86436D41-0BB9-4301-BBBC-D3257BE08264}.ReleaseAPI|x64.ActiveCfg = ReleaseAPI|x64
		{86436D41-0BB9-4301-BBBC-D3257BE08264}.ReleaseAPI|x64.Build.0 = ReleaseAPI|x64
		{86436D41-0BB9-4301-BBBC-D3257BE08264}.ReleaseCamAd|Any CPU.ActiveCfg = ReleaseCamAd|Any CPU
		{86436D41-0BB9-4301-BBBC-D3257BE08264}.ReleaseCamAd|Any CPU.Build.0 = ReleaseCamAd|Any CPU
		{86436D41-0BB9-4301-BBBC-D3257BE08264}.ReleaseCamAd|x64.ActiveCfg = ReleaseCamAd|x64
		{86436D41-0BB9-4301-BBBC-D3257BE08264}.ReleaseCamAd|x64.Build.0 = ReleaseCamAd|x64
		{86436D41-0BB9-4301-BBBC-D3257BE08264}.ReleaseCamAdUk|Any CPU.ActiveCfg = ReleaseCamAdUk|Any CPU
		{86436D41-0BB9-4301-BBBC-D3257BE08264}.ReleaseCamAdUk|Any CPU.Build.0 = ReleaseCamAdUk|Any CPU
		{86436D41-0BB9-4301-BBBC-D3257BE08264}.ReleaseCamAdUk|x64.ActiveCfg = ReleaseCamAdUk|x64
		{86436D41-0BB9-4301-BBBC-D3257BE08264}.ReleaseCamAdUk|x64.Build.0 = ReleaseCamAdUk|x64
		{86436D41-0BB9-4301-BBBC-D3257BE08264}.ReleaseCamBiz|Any CPU.ActiveCfg = ReleaseCamBiz|Any CPU
		{86436D41-0BB9-4301-BBBC-D3257BE08264}.ReleaseCamBiz|Any CPU.Build.0 = ReleaseCamBiz|Any CPU
		{86436D41-0BB9-4301-BBBC-D3257BE08264}.ReleaseCamBiz|x64.ActiveCfg = ReleaseCamBiz|x64
		{86436D41-0BB9-4301-BBBC-D3257BE08264}.ReleaseCamBiz|x64.Build.0 = ReleaseCamBiz|x64
		{86436D41-0BB9-4301-BBBC-D3257BE08264}.ReleaseCamFree|Any CPU.ActiveCfg = ReleaseCamFree|Any CPU
		{86436D41-0BB9-4301-BBBC-D3257BE08264}.ReleaseCamFree|Any CPU.Build.0 = ReleaseCamFree|Any CPU
		{86436D41-0BB9-4301-BBBC-D3257BE08264}.ReleaseCamFree|x64.ActiveCfg = ReleaseCamFree|x64
		{86436D41-0BB9-4301-BBBC-D3257BE08264}.ReleaseCamFree|x64.Build.0 = ReleaseCamFree|x64
		{86436D41-0BB9-4301-BBBC-D3257BE08264}.ReleaseCamLte|Any CPU.ActiveCfg = ReleaseCamLte|Any CPU
		{86436D41-0BB9-4301-BBBC-D3257BE08264}.ReleaseCamLte|Any CPU.Build.0 = ReleaseCamLte|Any CPU
		{86436D41-0BB9-4301-BBBC-D3257BE08264}.ReleaseCamLte|x64.ActiveCfg = ReleaseCamLte|x64
		{86436D41-0BB9-4301-BBBC-D3257BE08264}.ReleaseCamLte|x64.Build.0 = ReleaseCamLte|x64
		{86436D41-0BB9-4301-BBBC-D3257BE08264}.ReleaseCamStd|Any CPU.ActiveCfg = ReleaseCamStd|Any CPU
		{86436D41-0BB9-4301-BBBC-D3257BE08264}.ReleaseCamStd|Any CPU.Build.0 = ReleaseCamStd|Any CPU
		{86436D41-0BB9-4301-BBBC-D3257BE08264}.ReleaseCamStd|x64.ActiveCfg = ReleaseCamStd|x64
		{86436D41-0BB9-4301-BBBC-D3257BE08264}.ReleaseCamStd|x64.Build.0 = ReleaseCamStd|x64
		{86436D41-0BB9-4301-BBBC-D3257BE08264}.ReleaseEnterprise|Any CPU.ActiveCfg = ReleaseEnterprise|Any CPU
		{86436D41-0BB9-4301-BBBC-D3257BE08264}.ReleaseEnterprise|Any CPU.Build.0 = ReleaseEnterprise|Any CPU
		{86436D41-0BB9-4301-BBBC-D3257BE08264}.ReleaseEnterprise|x64.ActiveCfg = ReleaseEnterprise|x64
		{86436D41-0BB9-4301-BBBC-D3257BE08264}.ReleaseEnterprise|x64.Build.0 = ReleaseEnterprise|x64
		{B2D55A8D-0BA6-4166-9B59-06B3714CB134}.Debug|Any CPU.ActiveCfg = Debug|Any CPU
		{B2D55A8D-0BA6-4166-9B59-06B3714CB134}.Debug|Any CPU.Build.0 = Debug|Any CPU
		{B2D55A8D-0BA6-4166-9B59-06B3714CB134}.Debug|x64.ActiveCfg = Debug|x64
		{B2D55A8D-0BA6-4166-9B59-06B3714CB134}.Debug|x64.Build.0 = Debug|x64
		{B2D55A8D-0BA6-4166-9B59-06B3714CB134}.Release|Any CPU.ActiveCfg = Release|Any CPU
		{B2D55A8D-0BA6-4166-9B59-06B3714CB134}.Release|Any CPU.Build.0 = Release|Any CPU
		{B2D55A8D-0BA6-4166-9B59-06B3714CB134}.Release|x64.ActiveCfg = Release|x64
		{B2D55A8D-0BA6-4166-9B59-06B3714CB134}.Release|x64.Build.0 = Release|x64
		{B2D55A8D-0BA6-4166-9B59-06B3714CB134}.ReleaseAPI|Any CPU.ActiveCfg = ReleaseAPI|Any CPU
		{B2D55A8D-0BA6-4166-9B59-06B3714CB134}.ReleaseAPI|Any CPU.Build.0 = ReleaseAPI|Any CPU
		{B2D55A8D-0BA6-4166-9B59-06B3714CB134}.ReleaseAPI|x64.ActiveCfg = ReleaseAPI|x64
		{B2D55A8D-0BA6-4166-9B59-06B3714CB134}.ReleaseAPI|x64.Build.0 = ReleaseAPI|x64
		{B2D55A8D-0BA6-4166-9B59-06B3714CB134}.ReleaseCamAd|Any CPU.ActiveCfg = ReleaseCamAd|Any CPU
		{B2D55A8D-0BA6-4166-9B59-06B3714CB134}.ReleaseCamAd|Any CPU.Build.0 = ReleaseCamAd|Any CPU
		{B2D55A8D-0BA6-4166-9B59-06B3714CB134}.ReleaseCamAd|x64.ActiveCfg = ReleaseCamAd|x64
		{B2D55A8D-0BA6-4166-9B59-06B3714CB134}.ReleaseCamAd|x64.Build.0 = ReleaseCamAd|x64
		{B2D55A8D-0BA6-4166-9B59-06B3714CB134}.ReleaseCamAdUk|Any CPU.ActiveCfg = ReleaseCamAdUk|Any CPU
		{B2D55A8D-0BA6-4166-9B59-06B3714CB134}.ReleaseCamAdUk|Any CPU.Build.0 = ReleaseCamAdUk|Any CPU
		{B2D55A8D-0BA6-4166-9B59-06B3714CB134}.ReleaseCamAdUk|x64.ActiveCfg = ReleaseCamAdUk|x64
		{B2D55A8D-0BA6-4166-9B59-06B3714CB134}.ReleaseCamAdUk|x64.Build.0 = ReleaseCamAdUk|x64
		{B2D55A8D-0BA6-4166-9B59-06B3714CB134}.ReleaseCamBiz|Any CPU.ActiveCfg = ReleaseCamBiz|Any CPU
		{B2D55A8D-0BA6-4166-9B59-06B3714CB134}.ReleaseCamBiz|Any CPU.Build.0 = ReleaseCamBiz|Any CPU
		{B2D55A8D-0BA6-4166-9B59-06B3714CB134}.ReleaseCamBiz|x64.ActiveCfg = ReleaseCamBiz|x64
		{B2D55A8D-0BA6-4166-9B59-06B3714CB134}.ReleaseCamBiz|x64.Build.0 = ReleaseCamBiz|x64
		{B2D55A8D-0BA6-4166-9B59-06B3714CB134}.ReleaseCamFree|Any CPU.ActiveCfg = ReleaseCamFree|Any CPU
		{B2D55A8D-0BA6-4166-9B59-06B3714CB134}.ReleaseCamFree|Any CPU.Build.0 = ReleaseCamFree|Any CPU
		{B2D55A8D-0BA6-4166-9B59-06B3714CB134}.ReleaseCamFree|x64.ActiveCfg = ReleaseCamFree|x64
		{B2D55A8D-0BA6-4166-9B59-06B3714CB134}.ReleaseCamFree|x64.Build.0 = ReleaseCamFree|x64
		{B2D55A8D-0BA6-4166-9B59-06B3714CB134}.ReleaseCamLte|Any CPU.ActiveCfg = ReleaseCamLte|Any CPU
		{B2D55A8D-0BA6-4166-9B59-06B3714CB134}.ReleaseCamLte|Any CPU.Build.0 = ReleaseCamLte|Any CPU
		{B2D55A8D-0BA6-4166-9B59-06B3714CB134}.ReleaseCamLte|x64.ActiveCfg = ReleaseCamLte|x64
		{B2D55A8D-0BA6-4166-9B59-06B3714CB134}.ReleaseCamLte|x64.Build.0 = ReleaseCamLte|x64
		{B2D55A8D-0BA6-4166-9B59-06B3714CB134}.ReleaseCamStd|Any CPU.ActiveCfg = ReleaseCamStd|Any CPU
		{B2D55A8D-0BA6-4166-9B59-06B3714CB134}.ReleaseCamStd|Any CPU.Build.0 = ReleaseCamStd|Any CPU
		{B2D55A8D-0BA6-4166-9B59-06B3714CB134}.ReleaseCamStd|x64.ActiveCfg = ReleaseCamStd|x64
		{B2D55A8D-0BA6-4166-9B59-06B3714CB134}.ReleaseCamStd|x64.Build.0 = ReleaseCamStd|x64
		{B2D55A8D-0BA6-4166-9B59-06B3714CB134}.ReleaseEnterprise|Any CPU.ActiveCfg = ReleaseEnterprise|Any CPU
		{B2D55A8D-0BA6-4166-9B59-06B3714CB134}.ReleaseEnterprise|Any CPU.Build.0 = ReleaseEnterprise|Any CPU
		{B2D55A8D-0BA6-4166-9B59-06B3714CB134}.ReleaseEnterprise|x64.ActiveCfg = ReleaseEnterprise|x64
		{B2D55A8D-0BA6-4166-9B59-06B3714CB134}.ReleaseEnterprise|x64.Build.0 = ReleaseEnterprise|x64
		{6DA11D82-F108-4665-AE4B-FC0D133E799C}.Debug|Any CPU.ActiveCfg = Debug|Any CPU
		{6DA11D82-F108-4665-AE4B-FC0D133E799C}.Debug|Any CPU.Build.0 = Debug|Any CPU
		{6DA11D82-F108-4665-AE4B-FC0D133E799C}.Debug|x64.ActiveCfg = Debug|x64
		{6DA11D82-F108-4665-AE4B-FC0D133E799C}.Debug|x64.Build.0 = Debug|x64
		{6DA11D82-F108-4665-AE4B-FC0D133E799C}.Release|Any CPU.ActiveCfg = Release|Any CPU
		{6DA11D82-F108-4665-AE4B-FC0D133E799C}.Release|Any CPU.Build.0 = Release|Any CPU
		{6DA11D82-F108-4665-AE4B-FC0D133E799C}.Release|x64.ActiveCfg = Release|x64
		{6DA11D82-F108-4665-AE4B-FC0D133E799C}.Release|x64.Build.0 = Release|x64
		{6DA11D82-F108-4665-AE4B-FC0D133E799C}.ReleaseAPI|Any CPU.ActiveCfg = ReleaseAPI|Any CPU
		{6DA11D82-F108-4665-AE4B-FC0D133E799C}.ReleaseAPI|Any CPU.Build.0 = ReleaseAPI|Any CPU
		{6DA11D82-F108-4665-AE4B-FC0D133E799C}.ReleaseAPI|x64.ActiveCfg = ReleaseAPI|x64
		{6DA11D82-F108-4665-AE4B-FC0D133E799C}.ReleaseAPI|x64.Build.0 = ReleaseAPI|x64
		{6DA11D82-F108-4665-AE4B-FC0D133E799C}.ReleaseCamAd|Any CPU.ActiveCfg = ReleaseCamAd|Any CPU
		{6DA11D82-F108-4665-AE4B-FC0D133E799C}.ReleaseCamAd|Any CPU.Build.0 = ReleaseCamAd|Any CPU
		{6DA11D82-F108-4665-AE4B-FC0D133E799C}.ReleaseCamAd|x64.ActiveCfg = ReleaseCamAd|x64
		{6DA11D82-F108-4665-AE4B-FC0D133E799C}.ReleaseCamAd|x64.Build.0 = ReleaseCamAd|x64
		{6DA11D82-F108-4665-AE4B-FC0D133E799C}.ReleaseCamAdUk|Any CPU.ActiveCfg = ReleaseCamAdUk|Any CPU
		{6DA11D82-F108-4665-AE4B-FC0D133E799C}.ReleaseCamAdUk|Any CPU.Build.0 = ReleaseCamAdUk|Any CPU
		{6DA11D82-F108-4665-AE4B-FC0D133E799C}.ReleaseCamAdUk|x64.ActiveCfg = ReleaseCamAdUk|x64
		{6DA11D82-F108-4665-AE4B-FC0D133E799C}.ReleaseCamAdUk|x64.Build.0 = ReleaseCamAdUk|x64
		{6DA11D82-F108-4665-AE4B-FC0D133E799C}.ReleaseCamBiz|Any CPU.ActiveCfg = ReleaseCamBiz|Any CPU
		{6DA11D82-F108-4665-AE4B-FC0D133E799C}.ReleaseCamBiz|Any CPU.Build.0 = ReleaseCamBiz|Any CPU
		{6DA11D82-F108-4665-AE4B-FC0D133E799C}.ReleaseCamBiz|x64.ActiveCfg = ReleaseCamBiz|x64
		{6DA11D82-F108-4665-AE4B-FC0D133E799C}.ReleaseCamBiz|x64.Build.0 = ReleaseCamBiz|x64
		{6DA11D82-F108-4665-AE4B-FC0D133E799C}.ReleaseCamFree|Any CPU.ActiveCfg = ReleaseCamFree|Any CPU
		{6DA11D82-F108-4665-AE4B-FC0D133E799C}.ReleaseCamFree|Any CPU.Build.0 = ReleaseCamFree|Any CPU
		{6DA11D82-F108-4665-AE4B-FC0D133E799C}.ReleaseCamFree|x64.ActiveCfg = ReleaseCamFree|x64
		{6DA11D82-F108-4665-AE4B-FC0D133E799C}.ReleaseCamFree|x64.Build.0 = ReleaseCamFree|x64
		{6DA11D82-F108-4665-AE4B-FC0D133E799C}.ReleaseCamLte|Any CPU.ActiveCfg = ReleaseCamLte|Any CPU
		{6DA11D82-F108-4665-AE4B-FC0D133E799C}.ReleaseCamLte|Any CPU.Build.0 = ReleaseCamLte|Any CPU
		{6DA11D82-F108-4665-AE4B-FC0D133E799C}.ReleaseCamLte|x64.ActiveCfg = ReleaseCamLte|x64
		{6DA11D82-F108-4665-AE4B-FC0D133E799C}.ReleaseCamLte|x64.Build.0 = ReleaseCamLte|x64
		{6DA11D82-F108-4665-AE4B-FC0D133E799C}.ReleaseCamStd|Any CPU.ActiveCfg = ReleaseCamStd|Any CPU
		{6DA11D82-F108-4665-AE4B-FC0D133E799C}.ReleaseCamStd|Any CPU.Build.0 = ReleaseCamStd|Any CPU
		{6DA11D82-F108-4665-AE4B-FC0D133E799C}.ReleaseCamStd|x64.ActiveCfg = ReleaseCamStd|x64
		{6DA11D82-F108-4665-AE4B-FC0D133E799C}.ReleaseCamStd|x64.Build.0 = ReleaseCamStd|x64
		{6DA11D82-F108-4665-AE4B-FC0D133E799C}.ReleaseEnterprise|Any CPU.ActiveCfg = ReleaseEnterprise|Any CPU
		{6DA11D82-F108-4665-AE4B-FC0D133E799C}.ReleaseEnterprise|Any CPU.Build.0 = ReleaseEnterprise|Any CPU
		{6DA11D82-F108-4665-AE4B-FC0D133E799C}.ReleaseEnterprise|x64.ActiveCfg = ReleaseEnterprise|x64
		{6DA11D82-F108-4665-AE4B-FC0D133E799C}.ReleaseEnterprise|x64.Build.0 = ReleaseEnterprise|x64
		{76708EC1-3051-45E2-BACC-EC7EFB41BC74}.Debug|Any CPU.ActiveCfg = Debug|Any CPU
		{76708EC1-3051-45E2-BACC-EC7EFB41BC74}.Debug|Any CPU.Build.0 = Debug|Any CPU
		{76708EC1-3051-45E2-BACC-EC7EFB41BC74}.Debug|x64.ActiveCfg = Debug|x64
		{76708EC1-3051-45E2-BACC-EC7EFB41BC74}.Debug|x64.Build.0 = Debug|x64
		{76708EC1-3051-45E2-BACC-EC7EFB41BC74}.Release|Any CPU.ActiveCfg = Release|Any CPU
		{76708EC1-3051-45E2-BACC-EC7EFB41BC74}.Release|Any CPU.Build.0 = Release|Any CPU
		{76708EC1-3051-45E2-BACC-EC7EFB41BC74}.Release|x64.ActiveCfg = Release|x64
		{76708EC1-3051-45E2-BACC-EC7EFB41BC74}.Release|x64.Build.0 = Release|x64
		{76708EC1-3051-45E2-BACC-EC7EFB41BC74}.ReleaseAPI|Any CPU.ActiveCfg = ReleaseAPI|Any CPU
		{76708EC1-3051-45E2-BACC-EC7EFB41BC74}.ReleaseAPI|Any CPU.Build.0 = ReleaseAPI|Any CPU
		{76708EC1-3051-45E2-BACC-EC7EFB41BC74}.ReleaseAPI|x64.ActiveCfg = ReleaseAPI|x64
		{76708EC1-3051-45E2-BACC-EC7EFB41BC74}.ReleaseAPI|x64.Build.0 = ReleaseAPI|x64
		{76708EC1-3051-45E2-BACC-EC7EFB41BC74}.ReleaseCamAd|Any CPU.ActiveCfg = ReleaseCamAd|Any CPU
		{76708EC1-3051-45E2-BACC-EC7EFB41BC74}.ReleaseCamAd|Any CPU.Build.0 = ReleaseCamAd|Any CPU
		{76708EC1-3051-45E2-BACC-EC7EFB41BC74}.ReleaseCamAd|x64.ActiveCfg = ReleaseCamAd|x64
		{76708EC1-3051-45E2-BACC-EC7EFB41BC74}.ReleaseCamAd|x64.Build.0 = ReleaseCamAd|x64
		{76708EC1-3051-45E2-BACC-EC7EFB41BC74}.ReleaseCamAdUk|Any CPU.ActiveCfg = ReleaseCamAdUk|Any CPU
		{76708EC1-3051-45E2-BACC-EC7EFB41BC74}.ReleaseCamAdUk|Any CPU.Build.0 = ReleaseCamAdUk|Any CPU
		{76708EC1-3051-45E2-BACC-EC7EFB41BC74}.ReleaseCamAdUk|x64.ActiveCfg = ReleaseCamAdUk|x64
		{76708EC1-3051-45E2-BACC-EC7EFB41BC74}.ReleaseCamAdUk|x64.Build.0 = ReleaseCamAdUk|x64
		{76708EC1-3051-45E2-BACC-EC7EFB41BC74}.ReleaseCamBiz|Any CPU.ActiveCfg = ReleaseCamBiz|Any CPU
		{76708EC1-3051-45E2-BACC-EC7EFB41BC74}.ReleaseCamBiz|Any CPU.Build.0 = ReleaseCamBiz|Any CPU
		{76708EC1-3051-45E2-BACC-EC7EFB41BC74}.ReleaseCamBiz|x64.ActiveCfg = ReleaseCamBiz|x64
		{76708EC1-3051-45E2-BACC-EC7EFB41BC74}.ReleaseCamBiz|x64.Build.0 = ReleaseCamBiz|x64
		{76708EC1-3051-45E2-BACC-EC7EFB41BC74}.ReleaseCamFree|Any CPU.ActiveCfg = ReleaseCamFree|Any CPU
		{76708EC1-3051-45E2-BACC-EC7EFB41BC74}.ReleaseCamFree|Any CPU.Build.0 = ReleaseCamFree|Any CPU
		{76708EC1-3051-45E2-BACC-EC7EFB41BC74}.ReleaseCamFree|x64.ActiveCfg = ReleaseCamFree|x64
		{76708EC1-3051-45E2-BACC-EC7EFB41BC74}.ReleaseCamFree|x64.Build.0 = ReleaseCamFree|x64
		{76708EC1-3051-45E2-BACC-EC7EFB41BC74}.ReleaseCamLte|Any CPU.ActiveCfg = ReleaseCamLte|Any CPU
		{76708EC1-3051-45E2-BACC-EC7EFB41BC74}.ReleaseCamLte|Any CPU.Build.0 = ReleaseCamLte|Any CPU
		{76708EC1-3051-45E2-BACC-EC7EFB41BC74}.ReleaseCamLte|x64.ActiveCfg = ReleaseCamLte|x64
		{76708EC1-3051-45E2-BACC-EC7EFB41BC74}.ReleaseCamLte|x64.Build.0 = ReleaseCamLte|x64
		{76708EC1-3051-45E2-BACC-EC7EFB41BC74}.ReleaseCamStd|Any CPU.ActiveCfg = ReleaseCamStd|Any CPU
		{76708EC1-3051-45E2-BACC-EC7EFB41BC74}.ReleaseCamStd|Any CPU.Build.0 = ReleaseCamStd|Any CPU
		{76708EC1-3051-45E2-BACC-EC7EFB41BC74}.ReleaseCamStd|x64.ActiveCfg = ReleaseCamStd|x64
		{76708EC1-3051-45E2-BACC-EC7EFB41BC74}.ReleaseCamStd|x64.Build.0 = ReleaseCamStd|x64
		{76708EC1-3051-45E2-BACC-EC7EFB41BC74}.ReleaseEnterprise|Any CPU.ActiveCfg = ReleaseEnterprise|Any CPU
		{76708EC1-3051-45E2-BACC-EC7EFB41BC74}.ReleaseEnterprise|Any CPU.Build.0 = ReleaseEnterprise|Any CPU
		{76708EC1-3051-45E2-BACC-EC7EFB41BC74}.ReleaseEnterprise|x64.ActiveCfg = ReleaseEnterprise|x64
		{76708EC1-3051-45E2-BACC-EC7EFB41BC74}.ReleaseEnterprise|x64.Build.0 = ReleaseEnterprise|x64
	EndGlobalSection
	GlobalSection(SolutionProperties) = preSolution
		HideSolutionNode = FALSE
	EndGlobalSection
	GlobalSection(ExtensibilityGlobals) = postSolution
		SolutionGuid = {01F625A0-E7DE-4DD3-A8A7-DC06AF635E0E}
	EndGlobalSection
EndGlobal
