
Microsoft Visual Studio Solution File, Format Version 12.00
# Visual Studio Version 17
VisualStudioVersion = 17.8.34330.188
MinimumVisualStudioVersion = 10.0.40219.1
Project("{FAE04EC0-301F-11D3-BF4B-00C04F79EFBC}") = "WinPure.CleanAndMatch", "WinPure.CleanAndMatch\WinPure.CleanAndMatch.csproj", "{DC70C50E-6F84-47A4-AF45-6522FBED4E9A}"
EndProject
Project("{2150E333-8FDC-42A3-9474-1A3956D46DE8}") = "src", "src", "{01FF63BC-0895-474C-AD44-0E40F66E1164}"
EndProject
Project("{9A19103F-16F7-4668-BE54-9A1E7A4F7556}") = "WinPure.Common.Standard", "..\src\WinPure.Common.Standard\WinPure.Common.Standard.csproj", "{7A318670-F859-4A93-B705-DF162D634BE8}"
EndProject
Project("{9A19103F-16F7-4668-BE54-9A1E7A4F7556}") = "WinPure.Configuration.Standard", "..\src\WinPure.Configuration.Standard\WinPure.Configuration.Standard.csproj", "{DB4221FE-3CDA-4734-8635-7A548B9E992E}"
EndProject
Project("{9A19103F-16F7-4668-BE54-9A1E7A4F7556}") = "WinPure.Licensing.Standard", "..\src\WinPure.Licensing.Standard\WinPure.Licensing.Standard.csproj", "{3203BEC1-7AC5-480C-8B6A-F440667A27E5}"
	ProjectSection(ProjectDependencies) = postProject
		{7A318670-F859-4A93-B705-DF162D634BE8} = {7A318670-F859-4A93-B705-DF162D634BE8}
	EndProjectSection
EndProject
Project("{9A19103F-16F7-4668-BE54-9A1E7A4F7556}") = "WinPure.Integration.Standard", "..\src\WinPure.Integration.Standard\WinPure.Integration.Standard.csproj", "{E013AF93-253F-42E2-83B1-9EDCBE514567}"
EndProject
Project("{9A19103F-16F7-4668-BE54-9A1E7A4F7556}") = "WinPure.Project.Standard", "..\src\WinPure.Project.Standard\WinPure.Project.Standard.csproj", "{C85DED79-4F2C-4DFA-82C6-683B609C9CAD}"
EndProject
Project("{9A19103F-16F7-4668-BE54-9A1E7A4F7556}") = "WinPure.Matching.Standard", "..\src\WinPure.Matching.Standard\WinPure.Matching.Standard.csproj", "{36161F2B-2FD0-47D7-B70E-50961DE089C3}"
EndProject
Project("{9A19103F-16F7-4668-BE54-9A1E7A4F7556}") = "WinPure.DataService.Standard", "..\src\WinPure.DataService.Standard\WinPure.DataService.Standard.csproj", "{50AC29A4-87AA-4C2E-B9EA-BE16E3AE8107}"
EndProject
Project("{FAE04EC0-301F-11D3-BF4B-00C04F79EFBC}") = "WinPure.Cleansing", "..\src\WinPure.Cleansing\WinPure.Cleansing.csproj", "{D923E5DE-7002-4085-A23A-AF917410BBE0}"
EndProject
Project("{FAE04EC0-301F-11D3-BF4B-00C04F79EFBC}") = "WinPure.AddressVerification", "..\src\WinPure.AddressVerification\WinPure.AddressVerification.csproj", "{3B02B0EA-AFB2-4BB5-8ABE-DECE91D7D3DF}"
EndProject
Project("{FAE04EC0-301F-11D3-BF4B-00C04F79EFBC}") = "WinPure.Automation", "..\src\WinPure.Automation\WinPure.Automation.csproj", "{9F601EDC-1077-489A-BE2C-D2AC7E161942}"
EndProject
Global
	GlobalSection(SolutionConfigurationPlatforms) = preSolution
		Debug|Any CPU = Debug|Any CPU
		Release|Any CPU = Release|Any CPU
		ReleaseCamAd|Any CPU = ReleaseCamAd|Any CPU
		ReleaseCamBiz|Any CPU = ReleaseCamBiz|Any CPU
		ReleaseCamEntLite|Any CPU = ReleaseCamEntLite|Any CPU
		ReleaseCamFree|Any CPU = ReleaseCamFree|Any CPU
		ReleaseCamLte|Any CPU = ReleaseCamLte|Any CPU
		ReleaseEnterprise|Any CPU = ReleaseEnterprise|Any CPU
		ReleaseSingle|Any CPU = ReleaseSingle|Any CPU
	EndGlobalSection
	GlobalSection(ProjectConfigurationPlatforms) = postSolution
		{DC70C50E-6F84-47A4-AF45-6522FBED4E9A}.Debug|Any CPU.ActiveCfg = Debug|Any CPU
		{DC70C50E-6F84-47A4-AF45-6522FBED4E9A}.Debug|Any CPU.Build.0 = Debug|Any CPU
		{DC70C50E-6F84-47A4-AF45-6522FBED4E9A}.Release|Any CPU.ActiveCfg = Release|Any CPU
		{DC70C50E-6F84-47A4-AF45-6522FBED4E9A}.Release|Any CPU.Build.0 = Release|Any CPU
		{DC70C50E-6F84-47A4-AF45-6522FBED4E9A}.ReleaseCamAd|Any CPU.ActiveCfg = ReleaseCamAd|Any CPU
		{DC70C50E-6F84-47A4-AF45-6522FBED4E9A}.ReleaseCamAd|Any CPU.Build.0 = ReleaseCamAd|Any CPU
		{DC70C50E-6F84-47A4-AF45-6522FBED4E9A}.ReleaseCamBiz|Any CPU.ActiveCfg = ReleaseCamBiz|Any CPU
		{DC70C50E-6F84-47A4-AF45-6522FBED4E9A}.ReleaseCamBiz|Any CPU.Build.0 = ReleaseCamBiz|Any CPU
		{DC70C50E-6F84-47A4-AF45-6522FBED4E9A}.ReleaseCamEntLite|Any CPU.ActiveCfg = ReleaseCamEntLite|Any CPU
		{DC70C50E-6F84-47A4-AF45-6522FBED4E9A}.ReleaseCamEntLite|Any CPU.Build.0 = ReleaseCamEntLite|Any CPU
		{DC70C50E-6F84-47A4-AF45-6522FBED4E9A}.ReleaseCamFree|Any CPU.ActiveCfg = ReleaseCamFree|Any CPU
		{DC70C50E-6F84-47A4-AF45-6522FBED4E9A}.ReleaseCamFree|Any CPU.Build.0 = ReleaseCamFree|Any CPU
		{DC70C50E-6F84-47A4-AF45-6522FBED4E9A}.ReleaseCamLte|Any CPU.ActiveCfg = ReleaseCamLte|Any CPU
		{DC70C50E-6F84-47A4-AF45-6522FBED4E9A}.ReleaseCamLte|Any CPU.Build.0 = ReleaseCamLte|Any CPU
		{DC70C50E-6F84-47A4-AF45-6522FBED4E9A}.ReleaseEnterprise|Any CPU.ActiveCfg = ReleaseEnterprise|Any CPU
		{DC70C50E-6F84-47A4-AF45-6522FBED4E9A}.ReleaseEnterprise|Any CPU.Build.0 = ReleaseEnterprise|Any CPU
		{DC70C50E-6F84-47A4-AF45-6522FBED4E9A}.ReleaseSingle|Any CPU.ActiveCfg = ReleaseSingle|Any CPU
		{DC70C50E-6F84-47A4-AF45-6522FBED4E9A}.ReleaseSingle|Any CPU.Build.0 = ReleaseSingle|Any CPU
		{7A318670-F859-4A93-B705-DF162D634BE8}.Debug|Any CPU.ActiveCfg = Debug|Any CPU
		{7A318670-F859-4A93-B705-DF162D634BE8}.Debug|Any CPU.Build.0 = Debug|Any CPU
		{7A318670-F859-4A93-B705-DF162D634BE8}.Release|Any CPU.ActiveCfg = Release|Any CPU
		{7A318670-F859-4A93-B705-DF162D634BE8}.Release|Any CPU.Build.0 = Release|Any CPU
		{7A318670-F859-4A93-B705-DF162D634BE8}.ReleaseCamAd|Any CPU.ActiveCfg = ReleaseCamAd|Any CPU
		{7A318670-F859-4A93-B705-DF162D634BE8}.ReleaseCamAd|Any CPU.Build.0 = ReleaseCamAd|Any CPU
		{7A318670-F859-4A93-B705-DF162D634BE8}.ReleaseCamBiz|Any CPU.ActiveCfg = ReleaseCamBiz|Any CPU
		{7A318670-F859-4A93-B705-DF162D634BE8}.ReleaseCamBiz|Any CPU.Build.0 = ReleaseCamBiz|Any CPU
		{7A318670-F859-4A93-B705-DF162D634BE8}.ReleaseCamEntLite|Any CPU.ActiveCfg = ReleaseEnterprise|Any CPU
		{7A318670-F859-4A93-B705-DF162D634BE8}.ReleaseCamEntLite|Any CPU.Build.0 = ReleaseEnterprise|Any CPU
		{7A318670-F859-4A93-B705-DF162D634BE8}.ReleaseCamFree|Any CPU.ActiveCfg = ReleaseCamFree|Any CPU
		{7A318670-F859-4A93-B705-DF162D634BE8}.ReleaseCamFree|Any CPU.Build.0 = ReleaseCamFree|Any CPU
		{7A318670-F859-4A93-B705-DF162D634BE8}.ReleaseCamLte|Any CPU.ActiveCfg = ReleaseCamLte|Any CPU
		{7A318670-F859-4A93-B705-DF162D634BE8}.ReleaseCamLte|Any CPU.Build.0 = ReleaseCamLte|Any CPU
		{7A318670-F859-4A93-B705-DF162D634BE8}.ReleaseEnterprise|Any CPU.ActiveCfg = ReleaseEnterprise|Any CPU
		{7A318670-F859-4A93-B705-DF162D634BE8}.ReleaseEnterprise|Any CPU.Build.0 = ReleaseEnterprise|Any CPU
		{7A318670-F859-4A93-B705-DF162D634BE8}.ReleaseSingle|Any CPU.ActiveCfg = ReleaseSingle|Any CPU
		{7A318670-F859-4A93-B705-DF162D634BE8}.ReleaseSingle|Any CPU.Build.0 = ReleaseSingle|Any CPU
		{DB4221FE-3CDA-4734-8635-7A548B9E992E}.Debug|Any CPU.ActiveCfg = Debug|Any CPU
		{DB4221FE-3CDA-4734-8635-7A548B9E992E}.Debug|Any CPU.Build.0 = Debug|Any CPU
		{DB4221FE-3CDA-4734-8635-7A548B9E992E}.Release|Any CPU.ActiveCfg = Release|Any CPU
		{DB4221FE-3CDA-4734-8635-7A548B9E992E}.Release|Any CPU.Build.0 = Release|Any CPU
		{DB4221FE-3CDA-4734-8635-7A548B9E992E}.ReleaseCamAd|Any CPU.ActiveCfg = ReleaseCamAd|Any CPU
		{DB4221FE-3CDA-4734-8635-7A548B9E992E}.ReleaseCamAd|Any CPU.Build.0 = ReleaseCamAd|Any CPU
		{DB4221FE-3CDA-4734-8635-7A548B9E992E}.ReleaseCamBiz|Any CPU.ActiveCfg = ReleaseCamBiz|Any CPU
		{DB4221FE-3CDA-4734-8635-7A548B9E992E}.ReleaseCamBiz|Any CPU.Build.0 = ReleaseCamBiz|Any CPU
		{DB4221FE-3CDA-4734-8635-7A548B9E992E}.ReleaseCamEntLite|Any CPU.ActiveCfg = ReleaseEnterprise|Any CPU
		{DB4221FE-3CDA-4734-8635-7A548B9E992E}.ReleaseCamEntLite|Any CPU.Build.0 = ReleaseEnterprise|Any CPU
		{DB4221FE-3CDA-4734-8635-7A548B9E992E}.ReleaseCamFree|Any CPU.ActiveCfg = ReleaseCamFree|Any CPU
		{DB4221FE-3CDA-4734-8635-7A548B9E992E}.ReleaseCamFree|Any CPU.Build.0 = ReleaseCamFree|Any CPU
		{DB4221FE-3CDA-4734-8635-7A548B9E992E}.ReleaseCamLte|Any CPU.ActiveCfg = ReleaseCamLte|Any CPU
		{DB4221FE-3CDA-4734-8635-7A548B9E992E}.ReleaseCamLte|Any CPU.Build.0 = ReleaseCamLte|Any CPU
		{DB4221FE-3CDA-4734-8635-7A548B9E992E}.ReleaseEnterprise|Any CPU.ActiveCfg = ReleaseEnterprise|Any CPU
		{DB4221FE-3CDA-4734-8635-7A548B9E992E}.ReleaseEnterprise|Any CPU.Build.0 = ReleaseEnterprise|Any CPU
		{DB4221FE-3CDA-4734-8635-7A548B9E992E}.ReleaseSingle|Any CPU.ActiveCfg = ReleaseSingle|Any CPU
		{DB4221FE-3CDA-4734-8635-7A548B9E992E}.ReleaseSingle|Any CPU.Build.0 = ReleaseSingle|Any CPU
		{3203BEC1-7AC5-480C-8B6A-F440667A27E5}.Debug|Any CPU.ActiveCfg = Debug|Any CPU
		{3203BEC1-7AC5-480C-8B6A-F440667A27E5}.Debug|Any CPU.Build.0 = Debug|Any CPU
		{3203BEC1-7AC5-480C-8B6A-F440667A27E5}.Release|Any CPU.ActiveCfg = Release|Any CPU
		{3203BEC1-7AC5-480C-8B6A-F440667A27E5}.Release|Any CPU.Build.0 = Release|Any CPU
		{3203BEC1-7AC5-480C-8B6A-F440667A27E5}.ReleaseCamAd|Any CPU.ActiveCfg = ReleaseCamAd|Any CPU
		{3203BEC1-7AC5-480C-8B6A-F440667A27E5}.ReleaseCamAd|Any CPU.Build.0 = ReleaseCamAd|Any CPU
		{3203BEC1-7AC5-480C-8B6A-F440667A27E5}.ReleaseCamBiz|Any CPU.ActiveCfg = ReleaseCamBiz|Any CPU
		{3203BEC1-7AC5-480C-8B6A-F440667A27E5}.ReleaseCamBiz|Any CPU.Build.0 = ReleaseCamBiz|Any CPU
		{3203BEC1-7AC5-480C-8B6A-F440667A27E5}.ReleaseCamEntLite|Any CPU.ActiveCfg = ReleaseEnterprise|Any CPU
		{3203BEC1-7AC5-480C-8B6A-F440667A27E5}.ReleaseCamEntLite|Any CPU.Build.0 = ReleaseEnterprise|Any CPU
		{3203BEC1-7AC5-480C-8B6A-F440667A27E5}.ReleaseCamFree|Any CPU.ActiveCfg = ReleaseCamFree|Any CPU
		{3203BEC1-7AC5-480C-8B6A-F440667A27E5}.ReleaseCamFree|Any CPU.Build.0 = ReleaseCamFree|Any CPU
		{3203BEC1-7AC5-480C-8B6A-F440667A27E5}.ReleaseCamLte|Any CPU.ActiveCfg = ReleaseCamLte|Any CPU
		{3203BEC1-7AC5-480C-8B6A-F440667A27E5}.ReleaseCamLte|Any CPU.Build.0 = ReleaseCamLte|Any CPU
		{3203BEC1-7AC5-480C-8B6A-F440667A27E5}.ReleaseEnterprise|Any CPU.ActiveCfg = ReleaseEnterprise|Any CPU
		{3203BEC1-7AC5-480C-8B6A-F440667A27E5}.ReleaseEnterprise|Any CPU.Build.0 = ReleaseEnterprise|Any CPU
		{3203BEC1-7AC5-480C-8B6A-F440667A27E5}.ReleaseSingle|Any CPU.ActiveCfg = ReleaseSingle|Any CPU
		{3203BEC1-7AC5-480C-8B6A-F440667A27E5}.ReleaseSingle|Any CPU.Build.0 = ReleaseSingle|Any CPU
		{E013AF93-253F-42E2-83B1-9EDCBE514567}.Debug|Any CPU.ActiveCfg = Debug|Any CPU
		{E013AF93-253F-42E2-83B1-9EDCBE514567}.Debug|Any CPU.Build.0 = Debug|Any CPU
		{E013AF93-253F-42E2-83B1-9EDCBE514567}.Release|Any CPU.ActiveCfg = Release|Any CPU
		{E013AF93-253F-42E2-83B1-9EDCBE514567}.Release|Any CPU.Build.0 = Release|Any CPU
		{E013AF93-253F-42E2-83B1-9EDCBE514567}.ReleaseCamAd|Any CPU.ActiveCfg = ReleaseCamAd|Any CPU
		{E013AF93-253F-42E2-83B1-9EDCBE514567}.ReleaseCamAd|Any CPU.Build.0 = ReleaseCamAd|Any CPU
		{E013AF93-253F-42E2-83B1-9EDCBE514567}.ReleaseCamBiz|Any CPU.ActiveCfg = ReleaseCamBiz|Any CPU
		{E013AF93-253F-42E2-83B1-9EDCBE514567}.ReleaseCamBiz|Any CPU.Build.0 = ReleaseCamBiz|Any CPU
		{E013AF93-253F-42E2-83B1-9EDCBE514567}.ReleaseCamEntLite|Any CPU.ActiveCfg = ReleaseEnterprise|Any CPU
		{E013AF93-253F-42E2-83B1-9EDCBE514567}.ReleaseCamEntLite|Any CPU.Build.0 = ReleaseEnterprise|Any CPU
		{E013AF93-253F-42E2-83B1-9EDCBE514567}.ReleaseCamFree|Any CPU.ActiveCfg = ReleaseCamFree|Any CPU
		{E013AF93-253F-42E2-83B1-9EDCBE514567}.ReleaseCamFree|Any CPU.Build.0 = ReleaseCamFree|Any CPU
		{E013AF93-253F-42E2-83B1-9EDCBE514567}.ReleaseCamLte|Any CPU.ActiveCfg = ReleaseCamLte|Any CPU
		{E013AF93-253F-42E2-83B1-9EDCBE514567}.ReleaseCamLte|Any CPU.Build.0 = ReleaseCamLte|Any CPU
		{E013AF93-253F-42E2-83B1-9EDCBE514567}.ReleaseEnterprise|Any CPU.ActiveCfg = ReleaseEnterprise|Any CPU
		{E013AF93-253F-42E2-83B1-9EDCBE514567}.ReleaseEnterprise|Any CPU.Build.0 = ReleaseEnterprise|Any CPU
		{E013AF93-253F-42E2-83B1-9EDCBE514567}.ReleaseSingle|Any CPU.ActiveCfg = ReleaseSingle|Any CPU
		{E013AF93-253F-42E2-83B1-9EDCBE514567}.ReleaseSingle|Any CPU.Build.0 = ReleaseSingle|Any CPU
		{C85DED79-4F2C-4DFA-82C6-683B609C9CAD}.Debug|Any CPU.ActiveCfg = Debug|Any CPU
		{C85DED79-4F2C-4DFA-82C6-683B609C9CAD}.Debug|Any CPU.Build.0 = Debug|Any CPU
		{C85DED79-4F2C-4DFA-82C6-683B609C9CAD}.Release|Any CPU.ActiveCfg = Release|Any CPU
		{C85DED79-4F2C-4DFA-82C6-683B609C9CAD}.Release|Any CPU.Build.0 = Release|Any CPU
		{C85DED79-4F2C-4DFA-82C6-683B609C9CAD}.ReleaseCamAd|Any CPU.ActiveCfg = ReleaseCamAd|Any CPU
		{C85DED79-4F2C-4DFA-82C6-683B609C9CAD}.ReleaseCamAd|Any CPU.Build.0 = ReleaseCamAd|Any CPU
		{C85DED79-4F2C-4DFA-82C6-683B609C9CAD}.ReleaseCamBiz|Any CPU.ActiveCfg = ReleaseCamBiz|Any CPU
		{C85DED79-4F2C-4DFA-82C6-683B609C9CAD}.ReleaseCamBiz|Any CPU.Build.0 = ReleaseCamBiz|Any CPU
		{C85DED79-4F2C-4DFA-82C6-683B609C9CAD}.ReleaseCamEntLite|Any CPU.ActiveCfg = ReleaseEnterprise|Any CPU
		{C85DED79-4F2C-4DFA-82C6-683B609C9CAD}.ReleaseCamEntLite|Any CPU.Build.0 = ReleaseEnterprise|Any CPU
		{C85DED79-4F2C-4DFA-82C6-683B609C9CAD}.ReleaseCamFree|Any CPU.ActiveCfg = ReleaseCamFree|Any CPU
		{C85DED79-4F2C-4DFA-82C6-683B609C9CAD}.ReleaseCamFree|Any CPU.Build.0 = ReleaseCamFree|Any CPU
		{C85DED79-4F2C-4DFA-82C6-683B609C9CAD}.ReleaseCamLte|Any CPU.ActiveCfg = ReleaseCamLte|Any CPU
		{C85DED79-4F2C-4DFA-82C6-683B609C9CAD}.ReleaseCamLte|Any CPU.Build.0 = ReleaseCamLte|Any CPU
		{C85DED79-4F2C-4DFA-82C6-683B609C9CAD}.ReleaseEnterprise|Any CPU.ActiveCfg = ReleaseEnterprise|Any CPU
		{C85DED79-4F2C-4DFA-82C6-683B609C9CAD}.ReleaseEnterprise|Any CPU.Build.0 = ReleaseEnterprise|Any CPU
		{C85DED79-4F2C-4DFA-82C6-683B609C9CAD}.ReleaseSingle|Any CPU.ActiveCfg = ReleaseSingle|Any CPU
		{C85DED79-4F2C-4DFA-82C6-683B609C9CAD}.ReleaseSingle|Any CPU.Build.0 = ReleaseSingle|Any CPU
		{36161F2B-2FD0-47D7-B70E-50961DE089C3}.Debug|Any CPU.ActiveCfg = Debug|Any CPU
		{36161F2B-2FD0-47D7-B70E-50961DE089C3}.Debug|Any CPU.Build.0 = Debug|Any CPU
		{36161F2B-2FD0-47D7-B70E-50961DE089C3}.Release|Any CPU.ActiveCfg = Release|Any CPU
		{36161F2B-2FD0-47D7-B70E-50961DE089C3}.Release|Any CPU.Build.0 = Release|Any CPU
		{36161F2B-2FD0-47D7-B70E-50961DE089C3}.ReleaseCamAd|Any CPU.ActiveCfg = ReleaseCamAd|Any CPU
		{36161F2B-2FD0-47D7-B70E-50961DE089C3}.ReleaseCamAd|Any CPU.Build.0 = ReleaseCamAd|Any CPU
		{36161F2B-2FD0-47D7-B70E-50961DE089C3}.ReleaseCamBiz|Any CPU.ActiveCfg = ReleaseCamBiz|Any CPU
		{36161F2B-2FD0-47D7-B70E-50961DE089C3}.ReleaseCamBiz|Any CPU.Build.0 = ReleaseCamBiz|Any CPU
		{36161F2B-2FD0-47D7-B70E-50961DE089C3}.ReleaseCamEntLite|Any CPU.ActiveCfg = ReleaseEnterprise|Any CPU
		{36161F2B-2FD0-47D7-B70E-50961DE089C3}.ReleaseCamEntLite|Any CPU.Build.0 = ReleaseEnterprise|Any CPU
		{36161F2B-2FD0-47D7-B70E-50961DE089C3}.ReleaseCamFree|Any CPU.ActiveCfg = ReleaseCamFree|Any CPU
		{36161F2B-2FD0-47D7-B70E-50961DE089C3}.ReleaseCamFree|Any CPU.Build.0 = ReleaseCamFree|Any CPU
		{36161F2B-2FD0-47D7-B70E-50961DE089C3}.ReleaseCamLte|Any CPU.ActiveCfg = ReleaseCamLte|Any CPU
		{36161F2B-2FD0-47D7-B70E-50961DE089C3}.ReleaseCamLte|Any CPU.Build.0 = ReleaseCamLte|Any CPU
		{36161F2B-2FD0-47D7-B70E-50961DE089C3}.ReleaseEnterprise|Any CPU.ActiveCfg = ReleaseEnterprise|Any CPU
		{36161F2B-2FD0-47D7-B70E-50961DE089C3}.ReleaseEnterprise|Any CPU.Build.0 = ReleaseEnterprise|Any CPU
		{36161F2B-2FD0-47D7-B70E-50961DE089C3}.ReleaseSingle|Any CPU.ActiveCfg = ReleaseSingle|Any CPU
		{36161F2B-2FD0-47D7-B70E-50961DE089C3}.ReleaseSingle|Any CPU.Build.0 = ReleaseSingle|Any CPU
		{50AC29A4-87AA-4C2E-B9EA-BE16E3AE8107}.Debug|Any CPU.ActiveCfg = Debug|Any CPU
		{50AC29A4-87AA-4C2E-B9EA-BE16E3AE8107}.Debug|Any CPU.Build.0 = Debug|Any CPU
		{50AC29A4-87AA-4C2E-B9EA-BE16E3AE8107}.Release|Any CPU.ActiveCfg = Release|Any CPU
		{50AC29A4-87AA-4C2E-B9EA-BE16E3AE8107}.Release|Any CPU.Build.0 = Release|Any CPU
		{50AC29A4-87AA-4C2E-B9EA-BE16E3AE8107}.ReleaseCamAd|Any CPU.ActiveCfg = ReleaseCamAd|Any CPU
		{50AC29A4-87AA-4C2E-B9EA-BE16E3AE8107}.ReleaseCamAd|Any CPU.Build.0 = ReleaseCamAd|Any CPU
		{50AC29A4-87AA-4C2E-B9EA-BE16E3AE8107}.ReleaseCamBiz|Any CPU.ActiveCfg = ReleaseCamBiz|Any CPU
		{50AC29A4-87AA-4C2E-B9EA-BE16E3AE8107}.ReleaseCamBiz|Any CPU.Build.0 = ReleaseCamBiz|Any CPU
		{50AC29A4-87AA-4C2E-B9EA-BE16E3AE8107}.ReleaseCamEntLite|Any CPU.ActiveCfg = ReleaseEnterprise|Any CPU
		{50AC29A4-87AA-4C2E-B9EA-BE16E3AE8107}.ReleaseCamEntLite|Any CPU.Build.0 = ReleaseEnterprise|Any CPU
		{50AC29A4-87AA-4C2E-B9EA-BE16E3AE8107}.ReleaseCamFree|Any CPU.ActiveCfg = ReleaseCamFree|Any CPU
		{50AC29A4-87AA-4C2E-B9EA-BE16E3AE8107}.ReleaseCamFree|Any CPU.Build.0 = ReleaseCamFree|Any CPU
		{50AC29A4-87AA-4C2E-B9EA-BE16E3AE8107}.ReleaseCamLte|Any CPU.ActiveCfg = ReleaseCamLte|Any CPU
		{50AC29A4-87AA-4C2E-B9EA-BE16E3AE8107}.ReleaseCamLte|Any CPU.Build.0 = ReleaseCamLte|Any CPU
		{50AC29A4-87AA-4C2E-B9EA-BE16E3AE8107}.ReleaseEnterprise|Any CPU.ActiveCfg = ReleaseEnterprise|Any CPU
		{50AC29A4-87AA-4C2E-B9EA-BE16E3AE8107}.ReleaseEnterprise|Any CPU.Build.0 = ReleaseEnterprise|Any CPU
		{50AC29A4-87AA-4C2E-B9EA-BE16E3AE8107}.ReleaseSingle|Any CPU.ActiveCfg = ReleaseSingle|Any CPU
		{50AC29A4-87AA-4C2E-B9EA-BE16E3AE8107}.ReleaseSingle|Any CPU.Build.0 = ReleaseSingle|Any CPU
		{D923E5DE-7002-4085-A23A-AF917410BBE0}.Debug|Any CPU.ActiveCfg = Debug|Any CPU
		{D923E5DE-7002-4085-A23A-AF917410BBE0}.Debug|Any CPU.Build.0 = Debug|Any CPU
		{D923E5DE-7002-4085-A23A-AF917410BBE0}.Release|Any CPU.ActiveCfg = Release|Any CPU
		{D923E5DE-7002-4085-A23A-AF917410BBE0}.Release|Any CPU.Build.0 = Release|Any CPU
		{D923E5DE-7002-4085-A23A-AF917410BBE0}.ReleaseCamAd|Any CPU.ActiveCfg = ReleaseCamAd|Any CPU
		{D923E5DE-7002-4085-A23A-AF917410BBE0}.ReleaseCamAd|Any CPU.Build.0 = ReleaseCamAd|Any CPU
		{D923E5DE-7002-4085-A23A-AF917410BBE0}.ReleaseCamBiz|Any CPU.ActiveCfg = ReleaseCamBiz|Any CPU
		{D923E5DE-7002-4085-A23A-AF917410BBE0}.ReleaseCamBiz|Any CPU.Build.0 = ReleaseCamBiz|Any CPU
		{D923E5DE-7002-4085-A23A-AF917410BBE0}.ReleaseCamEntLite|Any CPU.ActiveCfg = ReleaseCamEntLite|Any CPU
		{D923E5DE-7002-4085-A23A-AF917410BBE0}.ReleaseCamEntLite|Any CPU.Build.0 = ReleaseCamEntLite|Any CPU
		{D923E5DE-7002-4085-A23A-AF917410BBE0}.ReleaseCamFree|Any CPU.ActiveCfg = ReleaseCamFree|Any CPU
		{D923E5DE-7002-4085-A23A-AF917410BBE0}.ReleaseCamFree|Any CPU.Build.0 = ReleaseCamFree|Any CPU
		{D923E5DE-7002-4085-A23A-AF917410BBE0}.ReleaseCamLte|Any CPU.ActiveCfg = ReleaseCamLte|Any CPU
		{D923E5DE-7002-4085-A23A-AF917410BBE0}.ReleaseCamLte|Any CPU.Build.0 = ReleaseCamLte|Any CPU
		{D923E5DE-7002-4085-A23A-AF917410BBE0}.ReleaseEnterprise|Any CPU.ActiveCfg = ReleaseEnterprise|Any CPU
		{D923E5DE-7002-4085-A23A-AF917410BBE0}.ReleaseEnterprise|Any CPU.Build.0 = ReleaseEnterprise|Any CPU
		{D923E5DE-7002-4085-A23A-AF917410BBE0}.ReleaseSingle|Any CPU.ActiveCfg = ReleaseSingle|Any CPU
		{D923E5DE-7002-4085-A23A-AF917410BBE0}.ReleaseSingle|Any CPU.Build.0 = ReleaseSingle|Any CPU
		{3B02B0EA-AFB2-4BB5-8ABE-DECE91D7D3DF}.Debug|Any CPU.ActiveCfg = Debug|Any CPU
		{3B02B0EA-AFB2-4BB5-8ABE-DECE91D7D3DF}.Debug|Any CPU.Build.0 = Debug|Any CPU
		{3B02B0EA-AFB2-4BB5-8ABE-DECE91D7D3DF}.Release|Any CPU.ActiveCfg = Release|Any CPU
		{3B02B0EA-AFB2-4BB5-8ABE-DECE91D7D3DF}.Release|Any CPU.Build.0 = Release|Any CPU
		{3B02B0EA-AFB2-4BB5-8ABE-DECE91D7D3DF}.ReleaseCamAd|Any CPU.ActiveCfg = ReleaseCamAd|Any CPU
		{3B02B0EA-AFB2-4BB5-8ABE-DECE91D7D3DF}.ReleaseCamAd|Any CPU.Build.0 = ReleaseCamAd|Any CPU
		{3B02B0EA-AFB2-4BB5-8ABE-DECE91D7D3DF}.ReleaseCamBiz|Any CPU.ActiveCfg = ReleaseCamBiz|Any CPU
		{3B02B0EA-AFB2-4BB5-8ABE-DECE91D7D3DF}.ReleaseCamBiz|Any CPU.Build.0 = ReleaseCamBiz|Any CPU
		{3B02B0EA-AFB2-4BB5-8ABE-DECE91D7D3DF}.ReleaseCamEntLite|Any CPU.ActiveCfg = ReleaseCamEntLite|Any CPU
		{3B02B0EA-AFB2-4BB5-8ABE-DECE91D7D3DF}.ReleaseCamEntLite|Any CPU.Build.0 = ReleaseCamEntLite|Any CPU
		{3B02B0EA-AFB2-4BB5-8ABE-DECE91D7D3DF}.ReleaseCamFree|Any CPU.ActiveCfg = ReleaseCamFree|Any CPU
		{3B02B0EA-AFB2-4BB5-8ABE-DECE91D7D3DF}.ReleaseCamFree|Any CPU.Build.0 = ReleaseCamFree|Any CPU
		{3B02B0EA-AFB2-4BB5-8ABE-DECE91D7D3DF}.ReleaseCamLte|Any CPU.ActiveCfg = ReleaseCamLte|Any CPU
		{3B02B0EA-AFB2-4BB5-8ABE-DECE91D7D3DF}.ReleaseCamLte|Any CPU.Build.0 = ReleaseCamLte|Any CPU
		{3B02B0EA-AFB2-4BB5-8ABE-DECE91D7D3DF}.ReleaseEnterprise|Any CPU.ActiveCfg = ReleaseEnterprise|Any CPU
		{3B02B0EA-AFB2-4BB5-8ABE-DECE91D7D3DF}.ReleaseEnterprise|Any CPU.Build.0 = ReleaseEnterprise|Any CPU
		{3B02B0EA-AFB2-4BB5-8ABE-DECE91D7D3DF}.ReleaseSingle|Any CPU.ActiveCfg = ReleaseSingle|Any CPU
		{3B02B0EA-AFB2-4BB5-8ABE-DECE91D7D3DF}.ReleaseSingle|Any CPU.Build.0 = ReleaseSingle|Any CPU
		{9F601EDC-1077-489A-BE2C-D2AC7E161942}.Debug|Any CPU.ActiveCfg = Debug|Any CPU
		{9F601EDC-1077-489A-BE2C-D2AC7E161942}.Debug|Any CPU.Build.0 = Debug|Any CPU
		{9F601EDC-1077-489A-BE2C-D2AC7E161942}.Release|Any CPU.ActiveCfg = Release|Any CPU
		{9F601EDC-1077-489A-BE2C-D2AC7E161942}.Release|Any CPU.Build.0 = Release|Any CPU
		{9F601EDC-1077-489A-BE2C-D2AC7E161942}.ReleaseCamAd|Any CPU.ActiveCfg = ReleaseCamAd|Any CPU
		{9F601EDC-1077-489A-BE2C-D2AC7E161942}.ReleaseCamAd|Any CPU.Build.0 = ReleaseCamAd|Any CPU
		{9F601EDC-1077-489A-BE2C-D2AC7E161942}.ReleaseCamBiz|Any CPU.ActiveCfg = ReleaseCamBiz|Any CPU
		{9F601EDC-1077-489A-BE2C-D2AC7E161942}.ReleaseCamBiz|Any CPU.Build.0 = ReleaseCamBiz|Any CPU
		{9F601EDC-1077-489A-BE2C-D2AC7E161942}.ReleaseCamEntLite|Any CPU.ActiveCfg = ReleaseCamEntLite|Any CPU
		{9F601EDC-1077-489A-BE2C-D2AC7E161942}.ReleaseCamEntLite|Any CPU.Build.0 = ReleaseCamEntLite|Any CPU
		{9F601EDC-1077-489A-BE2C-D2AC7E161942}.ReleaseCamFree|Any CPU.ActiveCfg = ReleaseCamFree|Any CPU
		{9F601EDC-1077-489A-BE2C-D2AC7E161942}.ReleaseCamFree|Any CPU.Build.0 = ReleaseCamFree|Any CPU
		{9F601EDC-1077-489A-BE2C-D2AC7E161942}.ReleaseCamLte|Any CPU.ActiveCfg = ReleaseCamLte|Any CPU
		{9F601EDC-1077-489A-BE2C-D2AC7E161942}.ReleaseCamLte|Any CPU.Build.0 = ReleaseCamLte|Any CPU
		{9F601EDC-1077-489A-BE2C-D2AC7E161942}.ReleaseEnterprise|Any CPU.ActiveCfg = ReleaseEnterprise|Any CPU
		{9F601EDC-1077-489A-BE2C-D2AC7E161942}.ReleaseEnterprise|Any CPU.Build.0 = ReleaseEnterprise|Any CPU
		{9F601EDC-1077-489A-BE2C-D2AC7E161942}.ReleaseSingle|Any CPU.ActiveCfg = ReleaseSingle|Any CPU
		{9F601EDC-1077-489A-BE2C-D2AC7E161942}.ReleaseSingle|Any CPU.Build.0 = ReleaseSingle|Any CPU
	EndGlobalSection
	GlobalSection(SolutionProperties) = preSolution
		HideSolutionNode = FALSE
	EndGlobalSection
	GlobalSection(NestedProjects) = preSolution
		{7A318670-F859-4A93-B705-DF162D634BE8} = {01FF63BC-0895-474C-AD44-0E40F66E1164}
		{DB4221FE-3CDA-4734-8635-7A548B9E992E} = {01FF63BC-0895-474C-AD44-0E40F66E1164}
		{3203BEC1-7AC5-480C-8B6A-F440667A27E5} = {01FF63BC-0895-474C-AD44-0E40F66E1164}
		{E013AF93-253F-42E2-83B1-9EDCBE514567} = {01FF63BC-0895-474C-AD44-0E40F66E1164}
		{C85DED79-4F2C-4DFA-82C6-683B609C9CAD} = {01FF63BC-0895-474C-AD44-0E40F66E1164}
		{36161F2B-2FD0-47D7-B70E-50961DE089C3} = {01FF63BC-0895-474C-AD44-0E40F66E1164}
		{50AC29A4-87AA-4C2E-B9EA-BE16E3AE8107} = {01FF63BC-0895-474C-AD44-0E40F66E1164}
		{D923E5DE-7002-4085-A23A-AF917410BBE0} = {01FF63BC-0895-474C-AD44-0E40F66E1164}
		{3B02B0EA-AFB2-4BB5-8ABE-DECE91D7D3DF} = {01FF63BC-0895-474C-AD44-0E40F66E1164}
		{9F601EDC-1077-489A-BE2C-D2AC7E161942} = {01FF63BC-0895-474C-AD44-0E40F66E1164}
	EndGlobalSection
	GlobalSection(ExtensibilityGlobals) = postSolution
		SolutionGuid = {F50D4E5E-5352-45F2-83EC-53E2B8C06706}
	EndGlobalSection
EndGlobal
