
Microsoft Visual Studio Solution File, Format Version 12.00
# Visual Studio Version 16
VisualStudioVersion = 16.0.30204.135
MinimumVisualStudioVersion = 10.0.40219.1
Project("{9A19103F-16F7-4668-BE54-9A1E7A4F7556}") = "WinPure.TestApiConsole", "WinPure.ConsoleTestCore\WinPure.TestApiConsole.csproj", "{808E0A92-3886-40F2-8768-B0DC792E950D}"
EndProject
Global
	GlobalSection(SolutionConfigurationPlatforms) = preSolution
		Debug|Any CPU = Debug|Any CPU
		Debug|x64 = Debug|x64
		Release|Any CPU = Release|Any CPU
		Release|x64 = Release|x64
		ReleaseAPI|Any CPU = ReleaseAPI|Any CPU
		ReleaseAPI|x64 = ReleaseAPI|x64
	EndGlobalSection
	GlobalSection(ProjectConfigurationPlatforms) = postSolution
		{808E0A92-3886-40F2-8768-B0DC792E950D}.Debug|Any CPU.ActiveCfg = Debug|Any CPU
		{808E0A92-3886-40F2-8768-B0DC792E950D}.Debug|Any CPU.Build.0 = Debug|Any CPU
		{808E0A92-3886-40F2-8768-B0DC792E950D}.Debug|x64.ActiveCfg = Debug|Any CPU
		{808E0A92-3886-40F2-8768-B0DC792E950D}.Debug|x64.Build.0 = Debug|Any CPU
		{808E0A92-3886-40F2-8768-B0DC792E950D}.Release|Any CPU.ActiveCfg = Release|Any CPU
		{808E0A92-3886-40F2-8768-B0DC792E950D}.Release|Any CPU.Build.0 = Release|Any CPU
		{808E0A92-3886-40F2-8768-B0DC792E950D}.Release|x64.ActiveCfg = Release|Any CPU
		{808E0A92-3886-40F2-8768-B0DC792E950D}.Release|x64.Build.0 = Release|Any CPU
		{808E0A92-3886-40F2-8768-B0DC792E950D}.ReleaseAPI|Any CPU.ActiveCfg = Release|Any CPU
		{808E0A92-3886-40F2-8768-B0DC792E950D}.ReleaseAPI|Any CPU.Build.0 = Release|Any CPU
		{808E0A92-3886-40F2-8768-B0DC792E950D}.ReleaseAPI|x64.ActiveCfg = Release|Any CPU
		{808E0A92-3886-40F2-8768-B0DC792E950D}.ReleaseAPI|x64.Build.0 = Release|Any CPU
	EndGlobalSection
	GlobalSection(SolutionProperties) = preSolution
		HideSolutionNode = FALSE
	EndGlobalSection
	GlobalSection(ExtensibilityGlobals) = postSolution
		SolutionGuid = {89FAE414-DC1D-4DFE-800C-23408D62CC21}
	EndGlobalSection
EndGlobal
