
Microsoft Visual Studio Solution File, Format Version 12.00
# Visual Studio Version 16
VisualStudioVersion = 16.0.30204.135
MinimumVisualStudioVersion = 10.0.40219.1
Project("{2150E333-8FDC-42A3-9474-1A3956D46DE8}") = "src", "src", "{4AFF96A2-9A53-48DA-8BC5-6C3A465703CF}"
EndProject
Project("{9A19103F-16F7-4668-BE54-9A1E7A4F7556}") = "WinPure.Common.Standard", "..\src\WinPure.Common.Standard\WinPure.Common.Standard.csproj", "{DC6EDB10-5B7C-49DB-AE57-C6A239967A8B}"
EndProject
Project("{9A19103F-16F7-4668-BE54-9A1E7A4F7556}") = "WinPure.Configuration.Standard", "..\src\WinPure.Configuration.Standard\WinPure.Configuration.Standard.csproj", "{58A3C7C7-FF44-4AC6-94E0-D3C0B41F8B4A}"
EndProject
Project("{9A19103F-16F7-4668-BE54-9A1E7A4F7556}") = "WinPure.Licensing.Standard", "..\src\WinPure.Licensing.Standard\WinPure.Licensing.Standard.csproj", "{6051BA6F-1737-4405-A9C4-9882DEC175F6}"
EndProject
Project("{9A19103F-16F7-4668-BE54-9A1E7A4F7556}") = "WinPure.Matching.Standard", "..\src\WinPure.Matching.Standard\WinPure.Matching.Standard.csproj", "{6E154C52-8475-4343-A517-223C7A060881}"
EndProject
Project("{FAE04EC0-301F-11D3-BF4B-00C04F79EFBC}") = "WinPure.AddressVerification", "..\src\WinPure.AddressVerification\WinPure.AddressVerification.csproj", "{3B02B0EA-AFB2-4BB5-8ABE-DECE91D7D3DF}"
EndProject
Project("{FAE04EC0-301F-11D3-BF4B-00C04F79EFBC}") = "WinPure.Cleansing", "..\src\WinPure.Cleansing\WinPure.Cleansing.csproj", "{D923E5DE-7002-4085-A23A-AF917410BBE0}"
EndProject
Project("{FAE04EC0-301F-11D3-BF4B-00C04F79EFBC}") = "WinPure.API", "WinPure.API\WinPure.API.csproj", "{F43858E1-E478-4E4D-BD2A-13BC35241F4B}"
EndProject
Global
	GlobalSection(SolutionConfigurationPlatforms) = preSolution
		Debug|Any CPU = Debug|Any CPU
		Release|Any CPU = Release|Any CPU
		ReleaseAPI|Any CPU = ReleaseAPI|Any CPU
	EndGlobalSection
	GlobalSection(ProjectConfigurationPlatforms) = postSolution
		{DC6EDB10-5B7C-49DB-AE57-C6A239967A8B}.Debug|Any CPU.ActiveCfg = Debug|Any CPU
		{DC6EDB10-5B7C-49DB-AE57-C6A239967A8B}.Debug|Any CPU.Build.0 = Debug|Any CPU
		{DC6EDB10-5B7C-49DB-AE57-C6A239967A8B}.Release|Any CPU.ActiveCfg = Release|Any CPU
		{DC6EDB10-5B7C-49DB-AE57-C6A239967A8B}.Release|Any CPU.Build.0 = Release|Any CPU
		{DC6EDB10-5B7C-49DB-AE57-C6A239967A8B}.ReleaseAPI|Any CPU.ActiveCfg = ReleaseAPI|Any CPU
		{DC6EDB10-5B7C-49DB-AE57-C6A239967A8B}.ReleaseAPI|Any CPU.Build.0 = ReleaseAPI|Any CPU
		{58A3C7C7-FF44-4AC6-94E0-D3C0B41F8B4A}.Debug|Any CPU.ActiveCfg = Debug|Any CPU
		{58A3C7C7-FF44-4AC6-94E0-D3C0B41F8B4A}.Debug|Any CPU.Build.0 = Debug|Any CPU
		{58A3C7C7-FF44-4AC6-94E0-D3C0B41F8B4A}.Release|Any CPU.ActiveCfg = Release|Any CPU
		{58A3C7C7-FF44-4AC6-94E0-D3C0B41F8B4A}.Release|Any CPU.Build.0 = Release|Any CPU
		{58A3C7C7-FF44-4AC6-94E0-D3C0B41F8B4A}.ReleaseAPI|Any CPU.ActiveCfg = ReleaseAPI|Any CPU
		{58A3C7C7-FF44-4AC6-94E0-D3C0B41F8B4A}.ReleaseAPI|Any CPU.Build.0 = ReleaseAPI|Any CPU
		{6051BA6F-1737-4405-A9C4-9882DEC175F6}.Debug|Any CPU.ActiveCfg = Debug|Any CPU
		{6051BA6F-1737-4405-A9C4-9882DEC175F6}.Debug|Any CPU.Build.0 = Debug|Any CPU
		{6051BA6F-1737-4405-A9C4-9882DEC175F6}.Release|Any CPU.ActiveCfg = Release|Any CPU
		{6051BA6F-1737-4405-A9C4-9882DEC175F6}.Release|Any CPU.Build.0 = Release|Any CPU
		{6051BA6F-1737-4405-A9C4-9882DEC175F6}.ReleaseAPI|Any CPU.ActiveCfg = ReleaseAPI|Any CPU
		{6051BA6F-1737-4405-A9C4-9882DEC175F6}.ReleaseAPI|Any CPU.Build.0 = ReleaseAPI|Any CPU
		{6E154C52-8475-4343-A517-223C7A060881}.Debug|Any CPU.ActiveCfg = Debug|Any CPU
		{6E154C52-8475-4343-A517-223C7A060881}.Debug|Any CPU.Build.0 = Debug|Any CPU
		{6E154C52-8475-4343-A517-223C7A060881}.Release|Any CPU.ActiveCfg = Release|Any CPU
		{6E154C52-8475-4343-A517-223C7A060881}.Release|Any CPU.Build.0 = Release|Any CPU
		{6E154C52-8475-4343-A517-223C7A060881}.ReleaseAPI|Any CPU.ActiveCfg = ReleaseAPI|Any CPU
		{6E154C52-8475-4343-A517-223C7A060881}.ReleaseAPI|Any CPU.Build.0 = ReleaseAPI|Any CPU
		{3B02B0EA-AFB2-4BB5-8ABE-DECE91D7D3DF}.Debug|Any CPU.ActiveCfg = Debug|Any CPU
		{3B02B0EA-AFB2-4BB5-8ABE-DECE91D7D3DF}.Debug|Any CPU.Build.0 = Debug|Any CPU
		{3B02B0EA-AFB2-4BB5-8ABE-DECE91D7D3DF}.Release|Any CPU.ActiveCfg = Release|Any CPU
		{3B02B0EA-AFB2-4BB5-8ABE-DECE91D7D3DF}.Release|Any CPU.Build.0 = Release|Any CPU
		{3B02B0EA-AFB2-4BB5-8ABE-DECE91D7D3DF}.ReleaseAPI|Any CPU.ActiveCfg = ReleaseAPI|Any CPU
		{3B02B0EA-AFB2-4BB5-8ABE-DECE91D7D3DF}.ReleaseAPI|Any CPU.Build.0 = ReleaseAPI|Any CPU
		{D923E5DE-7002-4085-A23A-AF917410BBE0}.Debug|Any CPU.ActiveCfg = Debug|Any CPU
		{D923E5DE-7002-4085-A23A-AF917410BBE0}.Debug|Any CPU.Build.0 = Debug|Any CPU
		{D923E5DE-7002-4085-A23A-AF917410BBE0}.Release|Any CPU.ActiveCfg = Release|Any CPU
		{D923E5DE-7002-4085-A23A-AF917410BBE0}.Release|Any CPU.Build.0 = Release|Any CPU
		{D923E5DE-7002-4085-A23A-AF917410BBE0}.ReleaseAPI|Any CPU.ActiveCfg = ReleaseAPI|Any CPU
		{D923E5DE-7002-4085-A23A-AF917410BBE0}.ReleaseAPI|Any CPU.Build.0 = ReleaseAPI|Any CPU
		{F43858E1-E478-4E4D-BD2A-13BC35241F4B}.Debug|Any CPU.ActiveCfg = Debug|Any CPU
		{F43858E1-E478-4E4D-BD2A-13BC35241F4B}.Debug|Any CPU.Build.0 = Debug|Any CPU
		{F43858E1-E478-4E4D-BD2A-13BC35241F4B}.Release|Any CPU.ActiveCfg = Release|Any CPU
		{F43858E1-E478-4E4D-BD2A-13BC35241F4B}.Release|Any CPU.Build.0 = Release|Any CPU
		{F43858E1-E478-4E4D-BD2A-13BC35241F4B}.ReleaseAPI|Any CPU.ActiveCfg = Release|Any CPU
		{F43858E1-E478-4E4D-BD2A-13BC35241F4B}.ReleaseAPI|Any CPU.Build.0 = Release|Any CPU
	EndGlobalSection
	GlobalSection(SolutionProperties) = preSolution
		HideSolutionNode = FALSE
	EndGlobalSection
	GlobalSection(NestedProjects) = preSolution
		{DC6EDB10-5B7C-49DB-AE57-C6A239967A8B} = {4AFF96A2-9A53-48DA-8BC5-6C3A465703CF}
		{58A3C7C7-FF44-4AC6-94E0-D3C0B41F8B4A} = {4AFF96A2-9A53-48DA-8BC5-6C3A465703CF}
		{6051BA6F-1737-4405-A9C4-9882DEC175F6} = {4AFF96A2-9A53-48DA-8BC5-6C3A465703CF}
		{6E154C52-8475-4343-A517-223C7A060881} = {4AFF96A2-9A53-48DA-8BC5-6C3A465703CF}
		{3B02B0EA-AFB2-4BB5-8ABE-DECE91D7D3DF} = {4AFF96A2-9A53-48DA-8BC5-6C3A465703CF}
		{D923E5DE-7002-4085-A23A-AF917410BBE0} = {4AFF96A2-9A53-48DA-8BC5-6C3A465703CF}
	EndGlobalSection
	GlobalSection(ExtensibilityGlobals) = postSolution
		SolutionGuid = {0F8D1FA2-DE09-49A2-961A-2C02E7B78CAE}
	EndGlobalSection
EndGlobal
