
Microsoft Visual Studio Solution File, Format Version 12.00
# Visual Studio Version 17
VisualStudioVersion = 17.10.35122.118
MinimumVisualStudioVersion = 10.0.40219.1
Project("{FAE04EC0-301F-11D3-BF4B-00C04F79EFBC}") = "Winpure.AutomationService", "Winpure.AutomationService\Winpure.AutomationService.csproj", "{F338F3CF-D613-4044-9E25-FD44B9257EAA}"
EndProject
Project("{9A19103F-16F7-4668-BE54-9A1E7A4F7556}") = "WinPure.Common.Standard", "..\src\WinPure.Common.Standard\WinPure.Common.Standard.csproj", "{33D55B11-2395-4D64-8CBB-1C5F18156328}"
EndProject
Project("{2150E333-8FDC-42A3-9474-1A3956D46DE8}") = "src", "src", "{15A85A4C-F90C-4A27-AE81-2D5B8B33DA48}"
EndProject
Project("{9A19103F-16F7-4668-BE54-9A1E7A4F7556}") = "WinPure.Licensing.Standard", "..\src\WinPure.Licensing.Standard\WinPure.Licensing.Standard.csproj", "{BFCB2BF3-09AD-49FC-B345-EB7672A34952}"
EndProject
Project("{9A19103F-16F7-4668-BE54-9A1E7A4F7556}") = "WinPure.Configuration.Standard", "..\src\WinPure.Configuration.Standard\WinPure.Configuration.Standard.csproj", "{E0588A52-A266-4CDF-BFA2-3E72A75E0129}"
EndProject
Project("{FAE04EC0-301F-11D3-BF4B-00C04F79EFBC}") = "WinPure.Cleansing", "..\src\WinPure.Cleansing\WinPure.Cleansing.csproj", "{D923E5DE-7002-4085-A23A-AF917410BBE0}"
EndProject
Project("{9A19103F-16F7-4668-BE54-9A1E7A4F7556}") = "WinPure.Matching.Standard", "..\src\WinPure.Matching.Standard\WinPure.Matching.Standard.csproj", "{F7B762C0-2BFC-4027-A973-4C9FA18385BA}"
EndProject
Project("{FAE04EC0-301F-11D3-BF4B-00C04F79EFBC}") = "WinPure.Automation", "..\src\WinPure.Automation\WinPure.Automation.csproj", "{9F601EDC-1077-489A-BE2C-D2AC7E161942}"
EndProject
Project("{9A19103F-16F7-4668-BE54-9A1E7A4F7556}") = "WinPure.Project.Standard", "..\src\WinPure.Project.Standard\WinPure.Project.Standard.csproj", "{06A917A1-E06E-4F78-8C60-C919FF2A2ECF}"
EndProject
Project("{9A19103F-16F7-4668-BE54-9A1E7A4F7556}") = "WinPure.DataService.Standard", "..\src\WinPure.DataService.Standard\WinPure.DataService.Standard.csproj", "{A484E976-B974-4569-BF8C-1B8FDCD674F0}"
EndProject
Project("{9A19103F-16F7-4668-BE54-9A1E7A4F7556}") = "WinPure.Integration.Standard", "..\src\WinPure.Integration.Standard\WinPure.Integration.Standard.csproj", "{8A5DB430-FB4A-4094-AFC2-91277C6617B1}"
EndProject
Project("{FAE04EC0-301F-11D3-BF4B-00C04F79EFBC}") = "WinPure.AddressVerification", "..\src\WinPure.AddressVerification\WinPure.AddressVerification.csproj", "{3B02B0EA-AFB2-4BB5-8ABE-DECE91D7D3DF}"
EndProject
Project("{FAE04EC0-301F-11D3-BF4B-00C04F79EFBC}") = "Winpure.AutomationService.UnitTest", "Winpure.AutomationService.UnitTest\Winpure.AutomationService.UnitTest.csproj", "{1365FC92-8369-4DA5-B0BA-4C929E528D63}"
EndProject
Global
	GlobalSection(SolutionConfigurationPlatforms) = preSolution
		Debug|Any CPU = Debug|Any CPU
		Debug|x64 = Debug|x64
		Debug|x86 = Debug|x86
		Release|Any CPU = Release|Any CPU
		Release|x64 = Release|x64
		Release|x86 = Release|x86
		ReleaseAPI|Any CPU = ReleaseAPI|Any CPU
		ReleaseAPI|x64 = ReleaseAPI|x64
		ReleaseAPI|x86 = ReleaseAPI|x86
		ReleaseAutomation|Any CPU = ReleaseAutomation|Any CPU
		ReleaseAutomation|x64 = ReleaseAutomation|x64
		ReleaseAutomation|x86 = ReleaseAutomation|x86
		ReleaseCamAd|Any CPU = ReleaseCamAd|Any CPU
		ReleaseCamAd|x64 = ReleaseCamAd|x64
		ReleaseCamAd|x86 = ReleaseCamAd|x86
		ReleaseCamAdUk|Any CPU = ReleaseCamAdUk|Any CPU
		ReleaseCamAdUk|x64 = ReleaseCamAdUk|x64
		ReleaseCamAdUk|x86 = ReleaseCamAdUk|x86
		ReleaseCamBiz|Any CPU = ReleaseCamBiz|Any CPU
		ReleaseCamBiz|x64 = ReleaseCamBiz|x64
		ReleaseCamBiz|x86 = ReleaseCamBiz|x86
		ReleaseCamFree|Any CPU = ReleaseCamFree|Any CPU
		ReleaseCamFree|x64 = ReleaseCamFree|x64
		ReleaseCamFree|x86 = ReleaseCamFree|x86
		ReleaseCamLte|Any CPU = ReleaseCamLte|Any CPU
		ReleaseCamLte|x64 = ReleaseCamLte|x64
		ReleaseCamLte|x86 = ReleaseCamLte|x86
		ReleaseCamStd|Any CPU = ReleaseCamStd|Any CPU
		ReleaseCamStd|x64 = ReleaseCamStd|x64
		ReleaseCamStd|x86 = ReleaseCamStd|x86
		ReleaseEnterprise|Any CPU = ReleaseEnterprise|Any CPU
		ReleaseEnterprise|x64 = ReleaseEnterprise|x64
		ReleaseEnterprise|x86 = ReleaseEnterprise|x86
	EndGlobalSection
	GlobalSection(ProjectConfigurationPlatforms) = postSolution
		{F338F3CF-D613-4044-9E25-FD44B9257EAA}.Debug|Any CPU.ActiveCfg = Debug|Any CPU
		{F338F3CF-D613-4044-9E25-FD44B9257EAA}.Debug|Any CPU.Build.0 = Debug|Any CPU
		{F338F3CF-D613-4044-9E25-FD44B9257EAA}.Debug|x64.ActiveCfg = Debug|Any CPU
		{F338F3CF-D613-4044-9E25-FD44B9257EAA}.Debug|x64.Build.0 = Debug|Any CPU
		{F338F3CF-D613-4044-9E25-FD44B9257EAA}.Debug|x86.ActiveCfg = Debug|x86
		{F338F3CF-D613-4044-9E25-FD44B9257EAA}.Debug|x86.Build.0 = Debug|x86
		{F338F3CF-D613-4044-9E25-FD44B9257EAA}.Release|Any CPU.ActiveCfg = Release|Any CPU
		{F338F3CF-D613-4044-9E25-FD44B9257EAA}.Release|Any CPU.Build.0 = Release|Any CPU
		{F338F3CF-D613-4044-9E25-FD44B9257EAA}.Release|x64.ActiveCfg = Release|x64
		{F338F3CF-D613-4044-9E25-FD44B9257EAA}.Release|x64.Build.0 = Release|x64
		{F338F3CF-D613-4044-9E25-FD44B9257EAA}.Release|x86.ActiveCfg = Release|x86
		{F338F3CF-D613-4044-9E25-FD44B9257EAA}.Release|x86.Build.0 = Release|x86
		{F338F3CF-D613-4044-9E25-FD44B9257EAA}.ReleaseAPI|Any CPU.ActiveCfg = Release|Any CPU
		{F338F3CF-D613-4044-9E25-FD44B9257EAA}.ReleaseAPI|Any CPU.Build.0 = Release|Any CPU
		{F338F3CF-D613-4044-9E25-FD44B9257EAA}.ReleaseAPI|x64.ActiveCfg = Release|x64
		{F338F3CF-D613-4044-9E25-FD44B9257EAA}.ReleaseAPI|x64.Build.0 = Release|x64
		{F338F3CF-D613-4044-9E25-FD44B9257EAA}.ReleaseAPI|x86.ActiveCfg = Release|x86
		{F338F3CF-D613-4044-9E25-FD44B9257EAA}.ReleaseAPI|x86.Build.0 = Release|x86
		{F338F3CF-D613-4044-9E25-FD44B9257EAA}.ReleaseAutomation|Any CPU.ActiveCfg = ReleaseAutomation|Any CPU
		{F338F3CF-D613-4044-9E25-FD44B9257EAA}.ReleaseAutomation|Any CPU.Build.0 = ReleaseAutomation|Any CPU
		{F338F3CF-D613-4044-9E25-FD44B9257EAA}.ReleaseAutomation|x64.ActiveCfg = ReleaseAutomation|x64
		{F338F3CF-D613-4044-9E25-FD44B9257EAA}.ReleaseAutomation|x64.Build.0 = ReleaseAutomation|x64
		{F338F3CF-D613-4044-9E25-FD44B9257EAA}.ReleaseAutomation|x86.ActiveCfg = ReleaseAutomation|x86
		{F338F3CF-D613-4044-9E25-FD44B9257EAA}.ReleaseAutomation|x86.Build.0 = ReleaseAutomation|x86
		{F338F3CF-D613-4044-9E25-FD44B9257EAA}.ReleaseCamAd|Any CPU.ActiveCfg = ReleaseCamAd|Any CPU
		{F338F3CF-D613-4044-9E25-FD44B9257EAA}.ReleaseCamAd|Any CPU.Build.0 = ReleaseCamAd|Any CPU
		{F338F3CF-D613-4044-9E25-FD44B9257EAA}.ReleaseCamAd|x64.ActiveCfg = ReleaseCamAd|x64
		{F338F3CF-D613-4044-9E25-FD44B9257EAA}.ReleaseCamAd|x64.Build.0 = ReleaseCamAd|x64
		{F338F3CF-D613-4044-9E25-FD44B9257EAA}.ReleaseCamAd|x86.ActiveCfg = ReleaseCamAd|x86
		{F338F3CF-D613-4044-9E25-FD44B9257EAA}.ReleaseCamAd|x86.Build.0 = ReleaseCamAd|x86
		{F338F3CF-D613-4044-9E25-FD44B9257EAA}.ReleaseCamAdUk|Any CPU.ActiveCfg = ReleaseCamAdUk|Any CPU
		{F338F3CF-D613-4044-9E25-FD44B9257EAA}.ReleaseCamAdUk|Any CPU.Build.0 = ReleaseCamAdUk|Any CPU
		{F338F3CF-D613-4044-9E25-FD44B9257EAA}.ReleaseCamAdUk|x64.ActiveCfg = ReleaseCamAdUk|x64
		{F338F3CF-D613-4044-9E25-FD44B9257EAA}.ReleaseCamAdUk|x64.Build.0 = ReleaseCamAdUk|x64
		{F338F3CF-D613-4044-9E25-FD44B9257EAA}.ReleaseCamAdUk|x86.ActiveCfg = ReleaseCamAdUk|x86
		{F338F3CF-D613-4044-9E25-FD44B9257EAA}.ReleaseCamAdUk|x86.Build.0 = ReleaseCamAdUk|x86
		{F338F3CF-D613-4044-9E25-FD44B9257EAA}.ReleaseCamBiz|Any CPU.ActiveCfg = ReleaseCamBiz|Any CPU
		{F338F3CF-D613-4044-9E25-FD44B9257EAA}.ReleaseCamBiz|Any CPU.Build.0 = ReleaseCamBiz|Any CPU
		{F338F3CF-D613-4044-9E25-FD44B9257EAA}.ReleaseCamBiz|x64.ActiveCfg = ReleaseCamBiz|x64
		{F338F3CF-D613-4044-9E25-FD44B9257EAA}.ReleaseCamBiz|x64.Build.0 = ReleaseCamBiz|x64
		{F338F3CF-D613-4044-9E25-FD44B9257EAA}.ReleaseCamBiz|x86.ActiveCfg = ReleaseCamBiz|x86
		{F338F3CF-D613-4044-9E25-FD44B9257EAA}.ReleaseCamBiz|x86.Build.0 = ReleaseCamBiz|x86
		{F338F3CF-D613-4044-9E25-FD44B9257EAA}.ReleaseCamFree|Any CPU.ActiveCfg = ReleaseCamBiz|Any CPU
		{F338F3CF-D613-4044-9E25-FD44B9257EAA}.ReleaseCamFree|Any CPU.Build.0 = ReleaseCamBiz|Any CPU
		{F338F3CF-D613-4044-9E25-FD44B9257EAA}.ReleaseCamFree|x64.ActiveCfg = ReleaseCamBiz|x64
		{F338F3CF-D613-4044-9E25-FD44B9257EAA}.ReleaseCamFree|x64.Build.0 = ReleaseCamBiz|x64
		{F338F3CF-D613-4044-9E25-FD44B9257EAA}.ReleaseCamFree|x86.ActiveCfg = ReleaseCamBiz|x86
		{F338F3CF-D613-4044-9E25-FD44B9257EAA}.ReleaseCamFree|x86.Build.0 = ReleaseCamBiz|x86
		{F338F3CF-D613-4044-9E25-FD44B9257EAA}.ReleaseCamLte|Any CPU.ActiveCfg = ReleaseCamBiz|Any CPU
		{F338F3CF-D613-4044-9E25-FD44B9257EAA}.ReleaseCamLte|Any CPU.Build.0 = ReleaseCamBiz|Any CPU
		{F338F3CF-D613-4044-9E25-FD44B9257EAA}.ReleaseCamLte|x64.ActiveCfg = ReleaseCamBiz|x64
		{F338F3CF-D613-4044-9E25-FD44B9257EAA}.ReleaseCamLte|x64.Build.0 = ReleaseCamBiz|x64
		{F338F3CF-D613-4044-9E25-FD44B9257EAA}.ReleaseCamLte|x86.ActiveCfg = ReleaseCamBiz|x86
		{F338F3CF-D613-4044-9E25-FD44B9257EAA}.ReleaseCamLte|x86.Build.0 = ReleaseCamBiz|x86
		{F338F3CF-D613-4044-9E25-FD44B9257EAA}.ReleaseCamStd|Any CPU.ActiveCfg = ReleaseCamBiz|Any CPU
		{F338F3CF-D613-4044-9E25-FD44B9257EAA}.ReleaseCamStd|Any CPU.Build.0 = ReleaseCamBiz|Any CPU
		{F338F3CF-D613-4044-9E25-FD44B9257EAA}.ReleaseCamStd|x64.ActiveCfg = ReleaseCamBiz|x64
		{F338F3CF-D613-4044-9E25-FD44B9257EAA}.ReleaseCamStd|x64.Build.0 = ReleaseCamBiz|x64
		{F338F3CF-D613-4044-9E25-FD44B9257EAA}.ReleaseCamStd|x86.ActiveCfg = ReleaseCamBiz|x86
		{F338F3CF-D613-4044-9E25-FD44B9257EAA}.ReleaseCamStd|x86.Build.0 = ReleaseCamBiz|x86
		{F338F3CF-D613-4044-9E25-FD44B9257EAA}.ReleaseEnterprise|Any CPU.ActiveCfg = ReleaseEnterprise|Any CPU
		{F338F3CF-D613-4044-9E25-FD44B9257EAA}.ReleaseEnterprise|Any CPU.Build.0 = ReleaseEnterprise|Any CPU
		{F338F3CF-D613-4044-9E25-FD44B9257EAA}.ReleaseEnterprise|x64.ActiveCfg = ReleaseEnterprise|x64
		{F338F3CF-D613-4044-9E25-FD44B9257EAA}.ReleaseEnterprise|x64.Build.0 = ReleaseEnterprise|x64
		{F338F3CF-D613-4044-9E25-FD44B9257EAA}.ReleaseEnterprise|x86.ActiveCfg = ReleaseEnterprise|x86
		{F338F3CF-D613-4044-9E25-FD44B9257EAA}.ReleaseEnterprise|x86.Build.0 = ReleaseEnterprise|x86
		{33D55B11-2395-4D64-8CBB-1C5F18156328}.Debug|Any CPU.ActiveCfg = Debug|Any CPU
		{33D55B11-2395-4D64-8CBB-1C5F18156328}.Debug|Any CPU.Build.0 = Debug|Any CPU
		{33D55B11-2395-4D64-8CBB-1C5F18156328}.Debug|x64.ActiveCfg = Debug|x64
		{33D55B11-2395-4D64-8CBB-1C5F18156328}.Debug|x64.Build.0 = Debug|x64
		{33D55B11-2395-4D64-8CBB-1C5F18156328}.Debug|x86.ActiveCfg = Debug|Any CPU
		{33D55B11-2395-4D64-8CBB-1C5F18156328}.Debug|x86.Build.0 = Debug|Any CPU
		{33D55B11-2395-4D64-8CBB-1C5F18156328}.Release|Any CPU.ActiveCfg = Release|Any CPU
		{33D55B11-2395-4D64-8CBB-1C5F18156328}.Release|Any CPU.Build.0 = Release|Any CPU
		{33D55B11-2395-4D64-8CBB-1C5F18156328}.Release|x64.ActiveCfg = Release|x64
		{33D55B11-2395-4D64-8CBB-1C5F18156328}.Release|x64.Build.0 = Release|x64
		{33D55B11-2395-4D64-8CBB-1C5F18156328}.Release|x86.ActiveCfg = Release|Any CPU
		{33D55B11-2395-4D64-8CBB-1C5F18156328}.Release|x86.Build.0 = Release|Any CPU
		{33D55B11-2395-4D64-8CBB-1C5F18156328}.ReleaseAPI|Any CPU.ActiveCfg = ReleaseAPI|Any CPU
		{33D55B11-2395-4D64-8CBB-1C5F18156328}.ReleaseAPI|Any CPU.Build.0 = ReleaseAPI|Any CPU
		{33D55B11-2395-4D64-8CBB-1C5F18156328}.ReleaseAPI|x64.ActiveCfg = ReleaseAPI|x64
		{33D55B11-2395-4D64-8CBB-1C5F18156328}.ReleaseAPI|x64.Build.0 = ReleaseAPI|x64
		{33D55B11-2395-4D64-8CBB-1C5F18156328}.ReleaseAPI|x86.ActiveCfg = ReleaseAPI|Any CPU
		{33D55B11-2395-4D64-8CBB-1C5F18156328}.ReleaseAPI|x86.Build.0 = ReleaseAPI|Any CPU
		{33D55B11-2395-4D64-8CBB-1C5F18156328}.ReleaseAutomation|Any CPU.ActiveCfg = ReleaseAutomation|Any CPU
		{33D55B11-2395-4D64-8CBB-1C5F18156328}.ReleaseAutomation|Any CPU.Build.0 = ReleaseAutomation|Any CPU
		{33D55B11-2395-4D64-8CBB-1C5F18156328}.ReleaseAutomation|x64.ActiveCfg = ReleaseAutomation|x64
		{33D55B11-2395-4D64-8CBB-1C5F18156328}.ReleaseAutomation|x64.Build.0 = ReleaseAutomation|x64
		{33D55B11-2395-4D64-8CBB-1C5F18156328}.ReleaseAutomation|x86.ActiveCfg = ReleaseAutomation|Any CPU
		{33D55B11-2395-4D64-8CBB-1C5F18156328}.ReleaseAutomation|x86.Build.0 = ReleaseAutomation|Any CPU
		{33D55B11-2395-4D64-8CBB-1C5F18156328}.ReleaseCamAd|Any CPU.ActiveCfg = ReleaseCamAd|Any CPU
		{33D55B11-2395-4D64-8CBB-1C5F18156328}.ReleaseCamAd|Any CPU.Build.0 = ReleaseCamAd|Any CPU
		{33D55B11-2395-4D64-8CBB-1C5F18156328}.ReleaseCamAd|x64.ActiveCfg = ReleaseCamAd|x64
		{33D55B11-2395-4D64-8CBB-1C5F18156328}.ReleaseCamAd|x64.Build.0 = ReleaseCamAd|x64
		{33D55B11-2395-4D64-8CBB-1C5F18156328}.ReleaseCamAd|x86.ActiveCfg = ReleaseCamAd|Any CPU
		{33D55B11-2395-4D64-8CBB-1C5F18156328}.ReleaseCamAd|x86.Build.0 = ReleaseCamAd|Any CPU
		{33D55B11-2395-4D64-8CBB-1C5F18156328}.ReleaseCamAdUk|Any CPU.ActiveCfg = ReleaseCamAdUk|Any CPU
		{33D55B11-2395-4D64-8CBB-1C5F18156328}.ReleaseCamAdUk|Any CPU.Build.0 = ReleaseCamAdUk|Any CPU
		{33D55B11-2395-4D64-8CBB-1C5F18156328}.ReleaseCamAdUk|x64.ActiveCfg = ReleaseCamAdUk|x64
		{33D55B11-2395-4D64-8CBB-1C5F18156328}.ReleaseCamAdUk|x64.Build.0 = ReleaseCamAdUk|x64
		{33D55B11-2395-4D64-8CBB-1C5F18156328}.ReleaseCamAdUk|x86.ActiveCfg = ReleaseCamAdUk|Any CPU
		{33D55B11-2395-4D64-8CBB-1C5F18156328}.ReleaseCamAdUk|x86.Build.0 = ReleaseCamAdUk|Any CPU
		{33D55B11-2395-4D64-8CBB-1C5F18156328}.ReleaseCamBiz|Any CPU.ActiveCfg = ReleaseCamBiz|Any CPU
		{33D55B11-2395-4D64-8CBB-1C5F18156328}.ReleaseCamBiz|Any CPU.Build.0 = ReleaseCamBiz|Any CPU
		{33D55B11-2395-4D64-8CBB-1C5F18156328}.ReleaseCamBiz|x64.ActiveCfg = ReleaseCamBiz|x64
		{33D55B11-2395-4D64-8CBB-1C5F18156328}.ReleaseCamBiz|x64.Build.0 = ReleaseCamBiz|x64
		{33D55B11-2395-4D64-8CBB-1C5F18156328}.ReleaseCamBiz|x86.ActiveCfg = ReleaseCamBiz|Any CPU
		{33D55B11-2395-4D64-8CBB-1C5F18156328}.ReleaseCamBiz|x86.Build.0 = ReleaseCamBiz|Any CPU
		{33D55B11-2395-4D64-8CBB-1C5F18156328}.ReleaseCamFree|Any CPU.ActiveCfg = ReleaseCamFree|Any CPU
		{33D55B11-2395-4D64-8CBB-1C5F18156328}.ReleaseCamFree|Any CPU.Build.0 = ReleaseCamFree|Any CPU
		{33D55B11-2395-4D64-8CBB-1C5F18156328}.ReleaseCamFree|x64.ActiveCfg = ReleaseCamFree|x64
		{33D55B11-2395-4D64-8CBB-1C5F18156328}.ReleaseCamFree|x64.Build.0 = ReleaseCamFree|x64
		{33D55B11-2395-4D64-8CBB-1C5F18156328}.ReleaseCamFree|x86.ActiveCfg = ReleaseCamFree|Any CPU
		{33D55B11-2395-4D64-8CBB-1C5F18156328}.ReleaseCamFree|x86.Build.0 = ReleaseCamFree|Any CPU
		{33D55B11-2395-4D64-8CBB-1C5F18156328}.ReleaseCamLte|Any CPU.ActiveCfg = ReleaseCamLte|Any CPU
		{33D55B11-2395-4D64-8CBB-1C5F18156328}.ReleaseCamLte|Any CPU.Build.0 = ReleaseCamLte|Any CPU
		{33D55B11-2395-4D64-8CBB-1C5F18156328}.ReleaseCamLte|x64.ActiveCfg = ReleaseCamLte|x64
		{33D55B11-2395-4D64-8CBB-1C5F18156328}.ReleaseCamLte|x64.Build.0 = ReleaseCamLte|x64
		{33D55B11-2395-4D64-8CBB-1C5F18156328}.ReleaseCamLte|x86.ActiveCfg = ReleaseCamLte|Any CPU
		{33D55B11-2395-4D64-8CBB-1C5F18156328}.ReleaseCamLte|x86.Build.0 = ReleaseCamLte|Any CPU
		{33D55B11-2395-4D64-8CBB-1C5F18156328}.ReleaseCamStd|Any CPU.ActiveCfg = ReleaseCamStd|Any CPU
		{33D55B11-2395-4D64-8CBB-1C5F18156328}.ReleaseCamStd|Any CPU.Build.0 = ReleaseCamStd|Any CPU
		{33D55B11-2395-4D64-8CBB-1C5F18156328}.ReleaseCamStd|x64.ActiveCfg = ReleaseCamStd|x64
		{33D55B11-2395-4D64-8CBB-1C5F18156328}.ReleaseCamStd|x64.Build.0 = ReleaseCamStd|x64
		{33D55B11-2395-4D64-8CBB-1C5F18156328}.ReleaseCamStd|x86.ActiveCfg = ReleaseCamStd|Any CPU
		{33D55B11-2395-4D64-8CBB-1C5F18156328}.ReleaseCamStd|x86.Build.0 = ReleaseCamStd|Any CPU
		{33D55B11-2395-4D64-8CBB-1C5F18156328}.ReleaseEnterprise|Any CPU.ActiveCfg = ReleaseEnterprise|Any CPU
		{33D55B11-2395-4D64-8CBB-1C5F18156328}.ReleaseEnterprise|Any CPU.Build.0 = ReleaseEnterprise|Any CPU
		{33D55B11-2395-4D64-8CBB-1C5F18156328}.ReleaseEnterprise|x64.ActiveCfg = ReleaseEnterprise|x64
		{33D55B11-2395-4D64-8CBB-1C5F18156328}.ReleaseEnterprise|x64.Build.0 = ReleaseEnterprise|x64
		{33D55B11-2395-4D64-8CBB-1C5F18156328}.ReleaseEnterprise|x86.ActiveCfg = ReleaseEnterprise|Any CPU
		{33D55B11-2395-4D64-8CBB-1C5F18156328}.ReleaseEnterprise|x86.Build.0 = ReleaseEnterprise|Any CPU
		{BFCB2BF3-09AD-49FC-B345-EB7672A34952}.Debug|Any CPU.ActiveCfg = Debug|Any CPU
		{BFCB2BF3-09AD-49FC-B345-EB7672A34952}.Debug|Any CPU.Build.0 = Debug|Any CPU
		{BFCB2BF3-09AD-49FC-B345-EB7672A34952}.Debug|x64.ActiveCfg = Debug|x64
		{BFCB2BF3-09AD-49FC-B345-EB7672A34952}.Debug|x64.Build.0 = Debug|x64
		{BFCB2BF3-09AD-49FC-B345-EB7672A34952}.Debug|x86.ActiveCfg = Debug|Any CPU
		{BFCB2BF3-09AD-49FC-B345-EB7672A34952}.Debug|x86.Build.0 = Debug|Any CPU
		{BFCB2BF3-09AD-49FC-B345-EB7672A34952}.Release|Any CPU.ActiveCfg = Release|Any CPU
		{BFCB2BF3-09AD-49FC-B345-EB7672A34952}.Release|Any CPU.Build.0 = Release|Any CPU
		{BFCB2BF3-09AD-49FC-B345-EB7672A34952}.Release|x64.ActiveCfg = Release|x64
		{BFCB2BF3-09AD-49FC-B345-EB7672A34952}.Release|x64.Build.0 = Release|x64
		{BFCB2BF3-09AD-49FC-B345-EB7672A34952}.Release|x86.ActiveCfg = Release|Any CPU
		{BFCB2BF3-09AD-49FC-B345-EB7672A34952}.Release|x86.Build.0 = Release|Any CPU
		{BFCB2BF3-09AD-49FC-B345-EB7672A34952}.ReleaseAPI|Any CPU.ActiveCfg = ReleaseAPI|Any CPU
		{BFCB2BF3-09AD-49FC-B345-EB7672A34952}.ReleaseAPI|Any CPU.Build.0 = ReleaseAPI|Any CPU
		{BFCB2BF3-09AD-49FC-B345-EB7672A34952}.ReleaseAPI|x64.ActiveCfg = ReleaseAPI|x64
		{BFCB2BF3-09AD-49FC-B345-EB7672A34952}.ReleaseAPI|x64.Build.0 = ReleaseAPI|x64
		{BFCB2BF3-09AD-49FC-B345-EB7672A34952}.ReleaseAPI|x86.ActiveCfg = ReleaseAPI|Any CPU
		{BFCB2BF3-09AD-49FC-B345-EB7672A34952}.ReleaseAPI|x86.Build.0 = ReleaseAPI|Any CPU
		{BFCB2BF3-09AD-49FC-B345-EB7672A34952}.ReleaseAutomation|Any CPU.ActiveCfg = ReleaseAutomation|Any CPU
		{BFCB2BF3-09AD-49FC-B345-EB7672A34952}.ReleaseAutomation|Any CPU.Build.0 = ReleaseAutomation|Any CPU
		{BFCB2BF3-09AD-49FC-B345-EB7672A34952}.ReleaseAutomation|x64.ActiveCfg = ReleaseAutomation|x64
		{BFCB2BF3-09AD-49FC-B345-EB7672A34952}.ReleaseAutomation|x64.Build.0 = ReleaseAutomation|x64
		{BFCB2BF3-09AD-49FC-B345-EB7672A34952}.ReleaseAutomation|x86.ActiveCfg = ReleaseAutomation|Any CPU
		{BFCB2BF3-09AD-49FC-B345-EB7672A34952}.ReleaseAutomation|x86.Build.0 = ReleaseAutomation|Any CPU
		{BFCB2BF3-09AD-49FC-B345-EB7672A34952}.ReleaseCamAd|Any CPU.ActiveCfg = ReleaseCamAd|Any CPU
		{BFCB2BF3-09AD-49FC-B345-EB7672A34952}.ReleaseCamAd|Any CPU.Build.0 = ReleaseCamAd|Any CPU
		{BFCB2BF3-09AD-49FC-B345-EB7672A34952}.ReleaseCamAd|x64.ActiveCfg = ReleaseCamAd|x64
		{BFCB2BF3-09AD-49FC-B345-EB7672A34952}.ReleaseCamAd|x64.Build.0 = ReleaseCamAd|x64
		{BFCB2BF3-09AD-49FC-B345-EB7672A34952}.ReleaseCamAd|x86.ActiveCfg = ReleaseCamAd|Any CPU
		{BFCB2BF3-09AD-49FC-B345-EB7672A34952}.ReleaseCamAd|x86.Build.0 = ReleaseCamAd|Any CPU
		{BFCB2BF3-09AD-49FC-B345-EB7672A34952}.ReleaseCamAdUk|Any CPU.ActiveCfg = ReleaseCamAdUk|Any CPU
		{BFCB2BF3-09AD-49FC-B345-EB7672A34952}.ReleaseCamAdUk|Any CPU.Build.0 = ReleaseCamAdUk|Any CPU
		{BFCB2BF3-09AD-49FC-B345-EB7672A34952}.ReleaseCamAdUk|x64.ActiveCfg = ReleaseCamAdUk|x64
		{BFCB2BF3-09AD-49FC-B345-EB7672A34952}.ReleaseCamAdUk|x64.Build.0 = ReleaseCamAdUk|x64
		{BFCB2BF3-09AD-49FC-B345-EB7672A34952}.ReleaseCamAdUk|x86.ActiveCfg = ReleaseCamAdUk|Any CPU
		{BFCB2BF3-09AD-49FC-B345-EB7672A34952}.ReleaseCamAdUk|x86.Build.0 = ReleaseCamAdUk|Any CPU
		{BFCB2BF3-09AD-49FC-B345-EB7672A34952}.ReleaseCamBiz|Any CPU.ActiveCfg = ReleaseCamBiz|Any CPU
		{BFCB2BF3-09AD-49FC-B345-EB7672A34952}.ReleaseCamBiz|Any CPU.Build.0 = ReleaseCamBiz|Any CPU
		{BFCB2BF3-09AD-49FC-B345-EB7672A34952}.ReleaseCamBiz|x64.ActiveCfg = ReleaseCamBiz|x64
		{BFCB2BF3-09AD-49FC-B345-EB7672A34952}.ReleaseCamBiz|x64.Build.0 = ReleaseCamBiz|x64
		{BFCB2BF3-09AD-49FC-B345-EB7672A34952}.ReleaseCamBiz|x86.ActiveCfg = ReleaseCamBiz|Any CPU
		{BFCB2BF3-09AD-49FC-B345-EB7672A34952}.ReleaseCamBiz|x86.Build.0 = ReleaseCamBiz|Any CPU
		{BFCB2BF3-09AD-49FC-B345-EB7672A34952}.ReleaseCamFree|Any CPU.ActiveCfg = ReleaseCamFree|Any CPU
		{BFCB2BF3-09AD-49FC-B345-EB7672A34952}.ReleaseCamFree|Any CPU.Build.0 = ReleaseCamFree|Any CPU
		{BFCB2BF3-09AD-49FC-B345-EB7672A34952}.ReleaseCamFree|x64.ActiveCfg = ReleaseCamFree|x64
		{BFCB2BF3-09AD-49FC-B345-EB7672A34952}.ReleaseCamFree|x64.Build.0 = ReleaseCamFree|x64
		{BFCB2BF3-09AD-49FC-B345-EB7672A34952}.ReleaseCamFree|x86.ActiveCfg = ReleaseCamFree|Any CPU
		{BFCB2BF3-09AD-49FC-B345-EB7672A34952}.ReleaseCamFree|x86.Build.0 = ReleaseCamFree|Any CPU
		{BFCB2BF3-09AD-49FC-B345-EB7672A34952}.ReleaseCamLte|Any CPU.ActiveCfg = ReleaseCamLte|Any CPU
		{BFCB2BF3-09AD-49FC-B345-EB7672A34952}.ReleaseCamLte|Any CPU.Build.0 = ReleaseCamLte|Any CPU
		{BFCB2BF3-09AD-49FC-B345-EB7672A34952}.ReleaseCamLte|x64.ActiveCfg = ReleaseCamLte|x64
		{BFCB2BF3-09AD-49FC-B345-EB7672A34952}.ReleaseCamLte|x64.Build.0 = ReleaseCamLte|x64
		{BFCB2BF3-09AD-49FC-B345-EB7672A34952}.ReleaseCamLte|x86.ActiveCfg = ReleaseCamLte|Any CPU
		{BFCB2BF3-09AD-49FC-B345-EB7672A34952}.ReleaseCamLte|x86.Build.0 = ReleaseCamLte|Any CPU
		{BFCB2BF3-09AD-49FC-B345-EB7672A34952}.ReleaseCamStd|Any CPU.ActiveCfg = ReleaseCamStd|Any CPU
		{BFCB2BF3-09AD-49FC-B345-EB7672A34952}.ReleaseCamStd|Any CPU.Build.0 = ReleaseCamStd|Any CPU
		{BFCB2BF3-09AD-49FC-B345-EB7672A34952}.ReleaseCamStd|x64.ActiveCfg = ReleaseCamStd|x64
		{BFCB2BF3-09AD-49FC-B345-EB7672A34952}.ReleaseCamStd|x64.Build.0 = ReleaseCamStd|x64
		{BFCB2BF3-09AD-49FC-B345-EB7672A34952}.ReleaseCamStd|x86.ActiveCfg = ReleaseCamStd|Any CPU
		{BFCB2BF3-09AD-49FC-B345-EB7672A34952}.ReleaseCamStd|x86.Build.0 = ReleaseCamStd|Any CPU
		{BFCB2BF3-09AD-49FC-B345-EB7672A34952}.ReleaseEnterprise|Any CPU.ActiveCfg = ReleaseEnterprise|Any CPU
		{BFCB2BF3-09AD-49FC-B345-EB7672A34952}.ReleaseEnterprise|Any CPU.Build.0 = ReleaseEnterprise|Any CPU
		{BFCB2BF3-09AD-49FC-B345-EB7672A34952}.ReleaseEnterprise|x64.ActiveCfg = ReleaseEnterprise|x64
		{BFCB2BF3-09AD-49FC-B345-EB7672A34952}.ReleaseEnterprise|x64.Build.0 = ReleaseEnterprise|x64
		{BFCB2BF3-09AD-49FC-B345-EB7672A34952}.ReleaseEnterprise|x86.ActiveCfg = ReleaseEnterprise|Any CPU
		{BFCB2BF3-09AD-49FC-B345-EB7672A34952}.ReleaseEnterprise|x86.Build.0 = ReleaseEnterprise|Any CPU
		{E0588A52-A266-4CDF-BFA2-3E72A75E0129}.Debug|Any CPU.ActiveCfg = Debug|Any CPU
		{E0588A52-A266-4CDF-BFA2-3E72A75E0129}.Debug|Any CPU.Build.0 = Debug|Any CPU
		{E0588A52-A266-4CDF-BFA2-3E72A75E0129}.Debug|x64.ActiveCfg = Debug|x64
		{E0588A52-A266-4CDF-BFA2-3E72A75E0129}.Debug|x64.Build.0 = Debug|x64
		{E0588A52-A266-4CDF-BFA2-3E72A75E0129}.Debug|x86.ActiveCfg = Debug|Any CPU
		{E0588A52-A266-4CDF-BFA2-3E72A75E0129}.Debug|x86.Build.0 = Debug|Any CPU
		{E0588A52-A266-4CDF-BFA2-3E72A75E0129}.Release|Any CPU.ActiveCfg = Release|Any CPU
		{E0588A52-A266-4CDF-BFA2-3E72A75E0129}.Release|Any CPU.Build.0 = Release|Any CPU
		{E0588A52-A266-4CDF-BFA2-3E72A75E0129}.Release|x64.ActiveCfg = Release|x64
		{E0588A52-A266-4CDF-BFA2-3E72A75E0129}.Release|x64.Build.0 = Release|x64
		{E0588A52-A266-4CDF-BFA2-3E72A75E0129}.Release|x86.ActiveCfg = Release|Any CPU
		{E0588A52-A266-4CDF-BFA2-3E72A75E0129}.Release|x86.Build.0 = Release|Any CPU
		{E0588A52-A266-4CDF-BFA2-3E72A75E0129}.ReleaseAPI|Any CPU.ActiveCfg = ReleaseAPI|Any CPU
		{E0588A52-A266-4CDF-BFA2-3E72A75E0129}.ReleaseAPI|Any CPU.Build.0 = ReleaseAPI|Any CPU
		{E0588A52-A266-4CDF-BFA2-3E72A75E0129}.ReleaseAPI|x64.ActiveCfg = ReleaseAPI|x64
		{E0588A52-A266-4CDF-BFA2-3E72A75E0129}.ReleaseAPI|x64.Build.0 = ReleaseAPI|x64
		{E0588A52-A266-4CDF-BFA2-3E72A75E0129}.ReleaseAPI|x86.ActiveCfg = ReleaseAPI|Any CPU
		{E0588A52-A266-4CDF-BFA2-3E72A75E0129}.ReleaseAPI|x86.Build.0 = ReleaseAPI|Any CPU
		{E0588A52-A266-4CDF-BFA2-3E72A75E0129}.ReleaseAutomation|Any CPU.ActiveCfg = ReleaseAutomation|Any CPU
		{E0588A52-A266-4CDF-BFA2-3E72A75E0129}.ReleaseAutomation|Any CPU.Build.0 = ReleaseAutomation|Any CPU
		{E0588A52-A266-4CDF-BFA2-3E72A75E0129}.ReleaseAutomation|x64.ActiveCfg = ReleaseAutomation|x64
		{E0588A52-A266-4CDF-BFA2-3E72A75E0129}.ReleaseAutomation|x64.Build.0 = ReleaseAutomation|x64
		{E0588A52-A266-4CDF-BFA2-3E72A75E0129}.ReleaseAutomation|x86.ActiveCfg = ReleaseAutomation|Any CPU
		{E0588A52-A266-4CDF-BFA2-3E72A75E0129}.ReleaseAutomation|x86.Build.0 = ReleaseAutomation|Any CPU
		{E0588A52-A266-4CDF-BFA2-3E72A75E0129}.ReleaseCamAd|Any CPU.ActiveCfg = ReleaseCamAd|Any CPU
		{E0588A52-A266-4CDF-BFA2-3E72A75E0129}.ReleaseCamAd|Any CPU.Build.0 = ReleaseCamAd|Any CPU
		{E0588A52-A266-4CDF-BFA2-3E72A75E0129}.ReleaseCamAd|x64.ActiveCfg = ReleaseCamAd|x64
		{E0588A52-A266-4CDF-BFA2-3E72A75E0129}.ReleaseCamAd|x64.Build.0 = ReleaseCamAd|x64
		{E0588A52-A266-4CDF-BFA2-3E72A75E0129}.ReleaseCamAd|x86.ActiveCfg = ReleaseCamAd|Any CPU
		{E0588A52-A266-4CDF-BFA2-3E72A75E0129}.ReleaseCamAd|x86.Build.0 = ReleaseCamAd|Any CPU
		{E0588A52-A266-4CDF-BFA2-3E72A75E0129}.ReleaseCamAdUk|Any CPU.ActiveCfg = ReleaseCamAdUk|Any CPU
		{E0588A52-A266-4CDF-BFA2-3E72A75E0129}.ReleaseCamAdUk|Any CPU.Build.0 = ReleaseCamAdUk|Any CPU
		{E0588A52-A266-4CDF-BFA2-3E72A75E0129}.ReleaseCamAdUk|x64.ActiveCfg = ReleaseCamAdUk|x64
		{E0588A52-A266-4CDF-BFA2-3E72A75E0129}.ReleaseCamAdUk|x64.Build.0 = ReleaseCamAdUk|x64
		{E0588A52-A266-4CDF-BFA2-3E72A75E0129}.ReleaseCamAdUk|x86.ActiveCfg = ReleaseCamAdUk|Any CPU
		{E0588A52-A266-4CDF-BFA2-3E72A75E0129}.ReleaseCamAdUk|x86.Build.0 = ReleaseCamAdUk|Any CPU
		{E0588A52-A266-4CDF-BFA2-3E72A75E0129}.ReleaseCamBiz|Any CPU.ActiveCfg = ReleaseCamBiz|Any CPU
		{E0588A52-A266-4CDF-BFA2-3E72A75E0129}.ReleaseCamBiz|Any CPU.Build.0 = ReleaseCamBiz|Any CPU
		{E0588A52-A266-4CDF-BFA2-3E72A75E0129}.ReleaseCamBiz|x64.ActiveCfg = ReleaseCamBiz|x64
		{E0588A52-A266-4CDF-BFA2-3E72A75E0129}.ReleaseCamBiz|x64.Build.0 = ReleaseCamBiz|x64
		{E0588A52-A266-4CDF-BFA2-3E72A75E0129}.ReleaseCamBiz|x86.ActiveCfg = ReleaseCamBiz|Any CPU
		{E0588A52-A266-4CDF-BFA2-3E72A75E0129}.ReleaseCamBiz|x86.Build.0 = ReleaseCamBiz|Any CPU
		{E0588A52-A266-4CDF-BFA2-3E72A75E0129}.ReleaseCamFree|Any CPU.ActiveCfg = ReleaseCamFree|Any CPU
		{E0588A52-A266-4CDF-BFA2-3E72A75E0129}.ReleaseCamFree|Any CPU.Build.0 = ReleaseCamFree|Any CPU
		{E0588A52-A266-4CDF-BFA2-3E72A75E0129}.ReleaseCamFree|x64.ActiveCfg = ReleaseCamFree|x64
		{E0588A52-A266-4CDF-BFA2-3E72A75E0129}.ReleaseCamFree|x64.Build.0 = ReleaseCamFree|x64
		{E0588A52-A266-4CDF-BFA2-3E72A75E0129}.ReleaseCamFree|x86.ActiveCfg = ReleaseCamFree|Any CPU
		{E0588A52-A266-4CDF-BFA2-3E72A75E0129}.ReleaseCamFree|x86.Build.0 = ReleaseCamFree|Any CPU
		{E0588A52-A266-4CDF-BFA2-3E72A75E0129}.ReleaseCamLte|Any CPU.ActiveCfg = ReleaseCamLte|Any CPU
		{E0588A52-A266-4CDF-BFA2-3E72A75E0129}.ReleaseCamLte|Any CPU.Build.0 = ReleaseCamLte|Any CPU
		{E0588A52-A266-4CDF-BFA2-3E72A75E0129}.ReleaseCamLte|x64.ActiveCfg = ReleaseCamLte|x64
		{E0588A52-A266-4CDF-BFA2-3E72A75E0129}.ReleaseCamLte|x64.Build.0 = ReleaseCamLte|x64
		{E0588A52-A266-4CDF-BFA2-3E72A75E0129}.ReleaseCamLte|x86.ActiveCfg = ReleaseCamLte|Any CPU
		{E0588A52-A266-4CDF-BFA2-3E72A75E0129}.ReleaseCamLte|x86.Build.0 = ReleaseCamLte|Any CPU
		{E0588A52-A266-4CDF-BFA2-3E72A75E0129}.ReleaseCamStd|Any CPU.ActiveCfg = ReleaseCamStd|Any CPU
		{E0588A52-A266-4CDF-BFA2-3E72A75E0129}.ReleaseCamStd|Any CPU.Build.0 = ReleaseCamStd|Any CPU
		{E0588A52-A266-4CDF-BFA2-3E72A75E0129}.ReleaseCamStd|x64.ActiveCfg = ReleaseCamStd|x64
		{E0588A52-A266-4CDF-BFA2-3E72A75E0129}.ReleaseCamStd|x64.Build.0 = ReleaseCamStd|x64
		{E0588A52-A266-4CDF-BFA2-3E72A75E0129}.ReleaseCamStd|x86.ActiveCfg = ReleaseCamStd|Any CPU
		{E0588A52-A266-4CDF-BFA2-3E72A75E0129}.ReleaseCamStd|x86.Build.0 = ReleaseCamStd|Any CPU
		{E0588A52-A266-4CDF-BFA2-3E72A75E0129}.ReleaseEnterprise|Any CPU.ActiveCfg = ReleaseEnterprise|Any CPU
		{E0588A52-A266-4CDF-BFA2-3E72A75E0129}.ReleaseEnterprise|Any CPU.Build.0 = ReleaseEnterprise|Any CPU
		{E0588A52-A266-4CDF-BFA2-3E72A75E0129}.ReleaseEnterprise|x64.ActiveCfg = ReleaseEnterprise|x64
		{E0588A52-A266-4CDF-BFA2-3E72A75E0129}.ReleaseEnterprise|x64.Build.0 = ReleaseEnterprise|x64
		{E0588A52-A266-4CDF-BFA2-3E72A75E0129}.ReleaseEnterprise|x86.ActiveCfg = ReleaseEnterprise|Any CPU
		{E0588A52-A266-4CDF-BFA2-3E72A75E0129}.ReleaseEnterprise|x86.Build.0 = ReleaseEnterprise|Any CPU
		{D923E5DE-7002-4085-A23A-AF917410BBE0}.Debug|Any CPU.ActiveCfg = Debug|Any CPU
		{D923E5DE-7002-4085-A23A-AF917410BBE0}.Debug|Any CPU.Build.0 = Debug|Any CPU
		{D923E5DE-7002-4085-A23A-AF917410BBE0}.Debug|x64.ActiveCfg = Debug|Any CPU
		{D923E5DE-7002-4085-A23A-AF917410BBE0}.Debug|x64.Build.0 = Debug|Any CPU
		{D923E5DE-7002-4085-A23A-AF917410BBE0}.Debug|x86.ActiveCfg = Debug|Any CPU
		{D923E5DE-7002-4085-A23A-AF917410BBE0}.Debug|x86.Build.0 = Debug|Any CPU
		{D923E5DE-7002-4085-A23A-AF917410BBE0}.Release|Any CPU.ActiveCfg = Release|Any CPU
		{D923E5DE-7002-4085-A23A-AF917410BBE0}.Release|Any CPU.Build.0 = Release|Any CPU
		{D923E5DE-7002-4085-A23A-AF917410BBE0}.Release|x64.ActiveCfg = Release|Any CPU
		{D923E5DE-7002-4085-A23A-AF917410BBE0}.Release|x64.Build.0 = Release|Any CPU
		{D923E5DE-7002-4085-A23A-AF917410BBE0}.Release|x86.ActiveCfg = Release|Any CPU
		{D923E5DE-7002-4085-A23A-AF917410BBE0}.Release|x86.Build.0 = Release|Any CPU
		{D923E5DE-7002-4085-A23A-AF917410BBE0}.ReleaseAPI|Any CPU.ActiveCfg = ReleaseAPI|Any CPU
		{D923E5DE-7002-4085-A23A-AF917410BBE0}.ReleaseAPI|Any CPU.Build.0 = ReleaseAPI|Any CPU
		{D923E5DE-7002-4085-A23A-AF917410BBE0}.ReleaseAPI|x64.ActiveCfg = ReleaseAPI|Any CPU
		{D923E5DE-7002-4085-A23A-AF917410BBE0}.ReleaseAPI|x64.Build.0 = ReleaseAPI|Any CPU
		{D923E5DE-7002-4085-A23A-AF917410BBE0}.ReleaseAPI|x86.ActiveCfg = ReleaseAPI|Any CPU
		{D923E5DE-7002-4085-A23A-AF917410BBE0}.ReleaseAPI|x86.Build.0 = ReleaseAPI|Any CPU
		{D923E5DE-7002-4085-A23A-AF917410BBE0}.ReleaseAutomation|Any CPU.ActiveCfg = ReleaseAutomation|Any CPU
		{D923E5DE-7002-4085-A23A-AF917410BBE0}.ReleaseAutomation|Any CPU.Build.0 = ReleaseAutomation|Any CPU
		{D923E5DE-7002-4085-A23A-AF917410BBE0}.ReleaseAutomation|x64.ActiveCfg = ReleaseAutomation|x64
		{D923E5DE-7002-4085-A23A-AF917410BBE0}.ReleaseAutomation|x64.Build.0 = ReleaseAutomation|x64
		{D923E5DE-7002-4085-A23A-AF917410BBE0}.ReleaseAutomation|x86.ActiveCfg = ReleaseAutomation|Any CPU
		{D923E5DE-7002-4085-A23A-AF917410BBE0}.ReleaseAutomation|x86.Build.0 = ReleaseAutomation|Any CPU
		{D923E5DE-7002-4085-A23A-AF917410BBE0}.ReleaseCamAd|Any CPU.ActiveCfg = ReleaseCamAd|Any CPU
		{D923E5DE-7002-4085-A23A-AF917410BBE0}.ReleaseCamAd|Any CPU.Build.0 = ReleaseCamAd|Any CPU
		{D923E5DE-7002-4085-A23A-AF917410BBE0}.ReleaseCamAd|x64.ActiveCfg = ReleaseCamAd|Any CPU
		{D923E5DE-7002-4085-A23A-AF917410BBE0}.ReleaseCamAd|x64.Build.0 = ReleaseCamAd|Any CPU
		{D923E5DE-7002-4085-A23A-AF917410BBE0}.ReleaseCamAd|x86.ActiveCfg = ReleaseCamAd|Any CPU
		{D923E5DE-7002-4085-A23A-AF917410BBE0}.ReleaseCamAd|x86.Build.0 = ReleaseCamAd|Any CPU
		{D923E5DE-7002-4085-A23A-AF917410BBE0}.ReleaseCamAdUk|Any CPU.ActiveCfg = ReleaseCamAdUk|Any CPU
		{D923E5DE-7002-4085-A23A-AF917410BBE0}.ReleaseCamAdUk|Any CPU.Build.0 = ReleaseCamAdUk|Any CPU
		{D923E5DE-7002-4085-A23A-AF917410BBE0}.ReleaseCamAdUk|x64.ActiveCfg = ReleaseCamAdUk|Any CPU
		{D923E5DE-7002-4085-A23A-AF917410BBE0}.ReleaseCamAdUk|x64.Build.0 = ReleaseCamAdUk|Any CPU
		{D923E5DE-7002-4085-A23A-AF917410BBE0}.ReleaseCamAdUk|x86.ActiveCfg = ReleaseCamAdUk|Any CPU
		{D923E5DE-7002-4085-A23A-AF917410BBE0}.ReleaseCamAdUk|x86.Build.0 = ReleaseCamAdUk|Any CPU
		{D923E5DE-7002-4085-A23A-AF917410BBE0}.ReleaseCamBiz|Any CPU.ActiveCfg = ReleaseCamBiz|Any CPU
		{D923E5DE-7002-4085-A23A-AF917410BBE0}.ReleaseCamBiz|Any CPU.Build.0 = ReleaseCamBiz|Any CPU
		{D923E5DE-7002-4085-A23A-AF917410BBE0}.ReleaseCamBiz|x64.ActiveCfg = ReleaseCamBiz|Any CPU
		{D923E5DE-7002-4085-A23A-AF917410BBE0}.ReleaseCamBiz|x64.Build.0 = ReleaseCamBiz|Any CPU
		{D923E5DE-7002-4085-A23A-AF917410BBE0}.ReleaseCamBiz|x86.ActiveCfg = ReleaseCamBiz|Any CPU
		{D923E5DE-7002-4085-A23A-AF917410BBE0}.ReleaseCamBiz|x86.Build.0 = ReleaseCamBiz|Any CPU
		{D923E5DE-7002-4085-A23A-AF917410BBE0}.ReleaseCamFree|Any CPU.ActiveCfg = ReleaseCamFree|Any CPU
		{D923E5DE-7002-4085-A23A-AF917410BBE0}.ReleaseCamFree|Any CPU.Build.0 = ReleaseCamFree|Any CPU
		{D923E5DE-7002-4085-A23A-AF917410BBE0}.ReleaseCamFree|x64.ActiveCfg = ReleaseCamFree|Any CPU
		{D923E5DE-7002-4085-A23A-AF917410BBE0}.ReleaseCamFree|x64.Build.0 = ReleaseCamFree|Any CPU
		{D923E5DE-7002-4085-A23A-AF917410BBE0}.ReleaseCamFree|x86.ActiveCfg = ReleaseCamFree|Any CPU
		{D923E5DE-7002-4085-A23A-AF917410BBE0}.ReleaseCamFree|x86.Build.0 = ReleaseCamFree|Any CPU
		{D923E5DE-7002-4085-A23A-AF917410BBE0}.ReleaseCamLte|Any CPU.ActiveCfg = ReleaseCamLte|Any CPU
		{D923E5DE-7002-4085-A23A-AF917410BBE0}.ReleaseCamLte|Any CPU.Build.0 = ReleaseCamLte|Any CPU
		{D923E5DE-7002-4085-A23A-AF917410BBE0}.ReleaseCamLte|x64.ActiveCfg = ReleaseCamLte|Any CPU
		{D923E5DE-7002-4085-A23A-AF917410BBE0}.ReleaseCamLte|x64.Build.0 = ReleaseCamLte|Any CPU
		{D923E5DE-7002-4085-A23A-AF917410BBE0}.ReleaseCamLte|x86.ActiveCfg = ReleaseCamLte|Any CPU
		{D923E5DE-7002-4085-A23A-AF917410BBE0}.ReleaseCamLte|x86.Build.0 = ReleaseCamLte|Any CPU
		{D923E5DE-7002-4085-A23A-AF917410BBE0}.ReleaseCamStd|Any CPU.ActiveCfg = ReleaseCamStd|Any CPU
		{D923E5DE-7002-4085-A23A-AF917410BBE0}.ReleaseCamStd|Any CPU.Build.0 = ReleaseCamStd|Any CPU
		{D923E5DE-7002-4085-A23A-AF917410BBE0}.ReleaseCamStd|x64.ActiveCfg = ReleaseCamStd|Any CPU
		{D923E5DE-7002-4085-A23A-AF917410BBE0}.ReleaseCamStd|x64.Build.0 = ReleaseCamStd|Any CPU
		{D923E5DE-7002-4085-A23A-AF917410BBE0}.ReleaseCamStd|x86.ActiveCfg = ReleaseCamStd|Any CPU
		{D923E5DE-7002-4085-A23A-AF917410BBE0}.ReleaseCamStd|x86.Build.0 = ReleaseCamStd|Any CPU
		{D923E5DE-7002-4085-A23A-AF917410BBE0}.ReleaseEnterprise|Any CPU.ActiveCfg = ReleaseEnterprise|Any CPU
		{D923E5DE-7002-4085-A23A-AF917410BBE0}.ReleaseEnterprise|Any CPU.Build.0 = ReleaseEnterprise|Any CPU
		{D923E5DE-7002-4085-A23A-AF917410BBE0}.ReleaseEnterprise|x64.ActiveCfg = ReleaseEnterprise|Any CPU
		{D923E5DE-7002-4085-A23A-AF917410BBE0}.ReleaseEnterprise|x64.Build.0 = ReleaseEnterprise|Any CPU
		{D923E5DE-7002-4085-A23A-AF917410BBE0}.ReleaseEnterprise|x86.ActiveCfg = ReleaseEnterprise|Any CPU
		{D923E5DE-7002-4085-A23A-AF917410BBE0}.ReleaseEnterprise|x86.Build.0 = ReleaseEnterprise|Any CPU
		{F7B762C0-2BFC-4027-A973-4C9FA18385BA}.Debug|Any CPU.ActiveCfg = Debug|Any CPU
		{F7B762C0-2BFC-4027-A973-4C9FA18385BA}.Debug|Any CPU.Build.0 = Debug|Any CPU
		{F7B762C0-2BFC-4027-A973-4C9FA18385BA}.Debug|x64.ActiveCfg = Debug|x64
		{F7B762C0-2BFC-4027-A973-4C9FA18385BA}.Debug|x64.Build.0 = Debug|x64
		{F7B762C0-2BFC-4027-A973-4C9FA18385BA}.Debug|x86.ActiveCfg = Debug|Any CPU
		{F7B762C0-2BFC-4027-A973-4C9FA18385BA}.Debug|x86.Build.0 = Debug|Any CPU
		{F7B762C0-2BFC-4027-A973-4C9FA18385BA}.Release|Any CPU.ActiveCfg = Release|Any CPU
		{F7B762C0-2BFC-4027-A973-4C9FA18385BA}.Release|Any CPU.Build.0 = Release|Any CPU
		{F7B762C0-2BFC-4027-A973-4C9FA18385BA}.Release|x64.ActiveCfg = Release|x64
		{F7B762C0-2BFC-4027-A973-4C9FA18385BA}.Release|x64.Build.0 = Release|x64
		{F7B762C0-2BFC-4027-A973-4C9FA18385BA}.Release|x86.ActiveCfg = Release|Any CPU
		{F7B762C0-2BFC-4027-A973-4C9FA18385BA}.Release|x86.Build.0 = Release|Any CPU
		{F7B762C0-2BFC-4027-A973-4C9FA18385BA}.ReleaseAPI|Any CPU.ActiveCfg = ReleaseAPI|Any CPU
		{F7B762C0-2BFC-4027-A973-4C9FA18385BA}.ReleaseAPI|Any CPU.Build.0 = ReleaseAPI|Any CPU
		{F7B762C0-2BFC-4027-A973-4C9FA18385BA}.ReleaseAPI|x64.ActiveCfg = ReleaseAPI|x64
		{F7B762C0-2BFC-4027-A973-4C9FA18385BA}.ReleaseAPI|x64.Build.0 = ReleaseAPI|x64
		{F7B762C0-2BFC-4027-A973-4C9FA18385BA}.ReleaseAPI|x86.ActiveCfg = ReleaseAPI|Any CPU
		{F7B762C0-2BFC-4027-A973-4C9FA18385BA}.ReleaseAPI|x86.Build.0 = ReleaseAPI|Any CPU
		{F7B762C0-2BFC-4027-A973-4C9FA18385BA}.ReleaseAutomation|Any CPU.ActiveCfg = ReleaseAutomation|Any CPU
		{F7B762C0-2BFC-4027-A973-4C9FA18385BA}.ReleaseAutomation|Any CPU.Build.0 = ReleaseAutomation|Any CPU
		{F7B762C0-2BFC-4027-A973-4C9FA18385BA}.ReleaseAutomation|x64.ActiveCfg = ReleaseAutomation|x64
		{F7B762C0-2BFC-4027-A973-4C9FA18385BA}.ReleaseAutomation|x64.Build.0 = ReleaseAutomation|x64
		{F7B762C0-2BFC-4027-A973-4C9FA18385BA}.ReleaseAutomation|x86.ActiveCfg = ReleaseAutomation|Any CPU
		{F7B762C0-2BFC-4027-A973-4C9FA18385BA}.ReleaseAutomation|x86.Build.0 = ReleaseAutomation|Any CPU
		{F7B762C0-2BFC-4027-A973-4C9FA18385BA}.ReleaseCamAd|Any CPU.ActiveCfg = ReleaseCamAd|Any CPU
		{F7B762C0-2BFC-4027-A973-4C9FA18385BA}.ReleaseCamAd|Any CPU.Build.0 = ReleaseCamAd|Any CPU
		{F7B762C0-2BFC-4027-A973-4C9FA18385BA}.ReleaseCamAd|x64.ActiveCfg = ReleaseCamAd|x64
		{F7B762C0-2BFC-4027-A973-4C9FA18385BA}.ReleaseCamAd|x64.Build.0 = ReleaseCamAd|x64
		{F7B762C0-2BFC-4027-A973-4C9FA18385BA}.ReleaseCamAd|x86.ActiveCfg = ReleaseCamAd|Any CPU
		{F7B762C0-2BFC-4027-A973-4C9FA18385BA}.ReleaseCamAd|x86.Build.0 = ReleaseCamAd|Any CPU
		{F7B762C0-2BFC-4027-A973-4C9FA18385BA}.ReleaseCamAdUk|Any CPU.ActiveCfg = ReleaseCamAdUk|Any CPU
		{F7B762C0-2BFC-4027-A973-4C9FA18385BA}.ReleaseCamAdUk|Any CPU.Build.0 = ReleaseCamAdUk|Any CPU
		{F7B762C0-2BFC-4027-A973-4C9FA18385BA}.ReleaseCamAdUk|x64.ActiveCfg = ReleaseCamAdUk|x64
		{F7B762C0-2BFC-4027-A973-4C9FA18385BA}.ReleaseCamAdUk|x64.Build.0 = ReleaseCamAdUk|x64
		{F7B762C0-2BFC-4027-A973-4C9FA18385BA}.ReleaseCamAdUk|x86.ActiveCfg = ReleaseCamAdUk|Any CPU
		{F7B762C0-2BFC-4027-A973-4C9FA18385BA}.ReleaseCamAdUk|x86.Build.0 = ReleaseCamAdUk|Any CPU
		{F7B762C0-2BFC-4027-A973-4C9FA18385BA}.ReleaseCamBiz|Any CPU.ActiveCfg = ReleaseCamBiz|Any CPU
		{F7B762C0-2BFC-4027-A973-4C9FA18385BA}.ReleaseCamBiz|Any CPU.Build.0 = ReleaseCamBiz|Any CPU
		{F7B762C0-2BFC-4027-A973-4C9FA18385BA}.ReleaseCamBiz|x64.ActiveCfg = ReleaseCamBiz|x64
		{F7B762C0-2BFC-4027-A973-4C9FA18385BA}.ReleaseCamBiz|x64.Build.0 = ReleaseCamBiz|x64
		{F7B762C0-2BFC-4027-A973-4C9FA18385BA}.ReleaseCamBiz|x86.ActiveCfg = ReleaseCamBiz|Any CPU
		{F7B762C0-2BFC-4027-A973-4C9FA18385BA}.ReleaseCamBiz|x86.Build.0 = ReleaseCamBiz|Any CPU
		{F7B762C0-2BFC-4027-A973-4C9FA18385BA}.ReleaseCamFree|Any CPU.ActiveCfg = ReleaseCamFree|Any CPU
		{F7B762C0-2BFC-4027-A973-4C9FA18385BA}.ReleaseCamFree|Any CPU.Build.0 = ReleaseCamFree|Any CPU
		{F7B762C0-2BFC-4027-A973-4C9FA18385BA}.ReleaseCamFree|x64.ActiveCfg = ReleaseCamFree|x64
		{F7B762C0-2BFC-4027-A973-4C9FA18385BA}.ReleaseCamFree|x64.Build.0 = ReleaseCamFree|x64
		{F7B762C0-2BFC-4027-A973-4C9FA18385BA}.ReleaseCamFree|x86.ActiveCfg = ReleaseCamFree|Any CPU
		{F7B762C0-2BFC-4027-A973-4C9FA18385BA}.ReleaseCamFree|x86.Build.0 = ReleaseCamFree|Any CPU
		{F7B762C0-2BFC-4027-A973-4C9FA18385BA}.ReleaseCamLte|Any CPU.ActiveCfg = ReleaseCamLte|Any CPU
		{F7B762C0-2BFC-4027-A973-4C9FA18385BA}.ReleaseCamLte|Any CPU.Build.0 = ReleaseCamLte|Any CPU
		{F7B762C0-2BFC-4027-A973-4C9FA18385BA}.ReleaseCamLte|x64.ActiveCfg = ReleaseCamLte|x64
		{F7B762C0-2BFC-4027-A973-4C9FA18385BA}.ReleaseCamLte|x64.Build.0 = ReleaseCamLte|x64
		{F7B762C0-2BFC-4027-A973-4C9FA18385BA}.ReleaseCamLte|x86.ActiveCfg = ReleaseCamLte|Any CPU
		{F7B762C0-2BFC-4027-A973-4C9FA18385BA}.ReleaseCamLte|x86.Build.0 = ReleaseCamLte|Any CPU
		{F7B762C0-2BFC-4027-A973-4C9FA18385BA}.ReleaseCamStd|Any CPU.ActiveCfg = ReleaseCamStd|Any CPU
		{F7B762C0-2BFC-4027-A973-4C9FA18385BA}.ReleaseCamStd|Any CPU.Build.0 = ReleaseCamStd|Any CPU
		{F7B762C0-2BFC-4027-A973-4C9FA18385BA}.ReleaseCamStd|x64.ActiveCfg = ReleaseCamStd|x64
		{F7B762C0-2BFC-4027-A973-4C9FA18385BA}.ReleaseCamStd|x64.Build.0 = ReleaseCamStd|x64
		{F7B762C0-2BFC-4027-A973-4C9FA18385BA}.ReleaseCamStd|x86.ActiveCfg = ReleaseCamStd|Any CPU
		{F7B762C0-2BFC-4027-A973-4C9FA18385BA}.ReleaseCamStd|x86.Build.0 = ReleaseCamStd|Any CPU
		{F7B762C0-2BFC-4027-A973-4C9FA18385BA}.ReleaseEnterprise|Any CPU.ActiveCfg = ReleaseEnterprise|Any CPU
		{F7B762C0-2BFC-4027-A973-4C9FA18385BA}.ReleaseEnterprise|Any CPU.Build.0 = ReleaseEnterprise|Any CPU
		{F7B762C0-2BFC-4027-A973-4C9FA18385BA}.ReleaseEnterprise|x64.ActiveCfg = ReleaseEnterprise|x64
		{F7B762C0-2BFC-4027-A973-4C9FA18385BA}.ReleaseEnterprise|x64.Build.0 = ReleaseEnterprise|x64
		{F7B762C0-2BFC-4027-A973-4C9FA18385BA}.ReleaseEnterprise|x86.ActiveCfg = ReleaseEnterprise|Any CPU
		{F7B762C0-2BFC-4027-A973-4C9FA18385BA}.ReleaseEnterprise|x86.Build.0 = ReleaseEnterprise|Any CPU
		{9F601EDC-1077-489A-BE2C-D2AC7E161942}.Debug|Any CPU.ActiveCfg = Debug|Any CPU
		{9F601EDC-1077-489A-BE2C-D2AC7E161942}.Debug|Any CPU.Build.0 = Debug|Any CPU
		{9F601EDC-1077-489A-BE2C-D2AC7E161942}.Debug|x64.ActiveCfg = Debug|Any CPU
		{9F601EDC-1077-489A-BE2C-D2AC7E161942}.Debug|x64.Build.0 = Debug|Any CPU
		{9F601EDC-1077-489A-BE2C-D2AC7E161942}.Debug|x86.ActiveCfg = Debug|Any CPU
		{9F601EDC-1077-489A-BE2C-D2AC7E161942}.Debug|x86.Build.0 = Debug|Any CPU
		{9F601EDC-1077-489A-BE2C-D2AC7E161942}.Release|Any CPU.ActiveCfg = Release|Any CPU
		{9F601EDC-1077-489A-BE2C-D2AC7E161942}.Release|Any CPU.Build.0 = Release|Any CPU
		{9F601EDC-1077-489A-BE2C-D2AC7E161942}.Release|x64.ActiveCfg = Release|Any CPU
		{9F601EDC-1077-489A-BE2C-D2AC7E161942}.Release|x64.Build.0 = Release|Any CPU
		{9F601EDC-1077-489A-BE2C-D2AC7E161942}.Release|x86.ActiveCfg = Release|Any CPU
		{9F601EDC-1077-489A-BE2C-D2AC7E161942}.Release|x86.Build.0 = Release|Any CPU
		{9F601EDC-1077-489A-BE2C-D2AC7E161942}.ReleaseAPI|Any CPU.ActiveCfg = ReleaseCamAdUk|Any CPU
		{9F601EDC-1077-489A-BE2C-D2AC7E161942}.ReleaseAPI|Any CPU.Build.0 = ReleaseCamAdUk|Any CPU
		{9F601EDC-1077-489A-BE2C-D2AC7E161942}.ReleaseAPI|x64.ActiveCfg = ReleaseCamAdUk|Any CPU
		{9F601EDC-1077-489A-BE2C-D2AC7E161942}.ReleaseAPI|x64.Build.0 = ReleaseCamAdUk|Any CPU
		{9F601EDC-1077-489A-BE2C-D2AC7E161942}.ReleaseAPI|x86.ActiveCfg = ReleaseCamAdUk|Any CPU
		{9F601EDC-1077-489A-BE2C-D2AC7E161942}.ReleaseAPI|x86.Build.0 = ReleaseCamAdUk|Any CPU
		{9F601EDC-1077-489A-BE2C-D2AC7E161942}.ReleaseAutomation|Any CPU.ActiveCfg = ReleaseAutomation|Any CPU
		{9F601EDC-1077-489A-BE2C-D2AC7E161942}.ReleaseAutomation|Any CPU.Build.0 = ReleaseAutomation|Any CPU
		{9F601EDC-1077-489A-BE2C-D2AC7E161942}.ReleaseAutomation|x64.ActiveCfg = ReleaseAutomation|x64
		{9F601EDC-1077-489A-BE2C-D2AC7E161942}.ReleaseAutomation|x64.Build.0 = ReleaseAutomation|x64
		{9F601EDC-1077-489A-BE2C-D2AC7E161942}.ReleaseAutomation|x86.ActiveCfg = ReleaseAutomation|Any CPU
		{9F601EDC-1077-489A-BE2C-D2AC7E161942}.ReleaseAutomation|x86.Build.0 = ReleaseAutomation|Any CPU
		{9F601EDC-1077-489A-BE2C-D2AC7E161942}.ReleaseCamAd|Any CPU.ActiveCfg = ReleaseCamAd|Any CPU
		{9F601EDC-1077-489A-BE2C-D2AC7E161942}.ReleaseCamAd|Any CPU.Build.0 = ReleaseCamAd|Any CPU
		{9F601EDC-1077-489A-BE2C-D2AC7E161942}.ReleaseCamAd|x64.ActiveCfg = ReleaseCamAd|Any CPU
		{9F601EDC-1077-489A-BE2C-D2AC7E161942}.ReleaseCamAd|x64.Build.0 = ReleaseCamAd|Any CPU
		{9F601EDC-1077-489A-BE2C-D2AC7E161942}.ReleaseCamAd|x86.ActiveCfg = ReleaseCamAd|Any CPU
		{9F601EDC-1077-489A-BE2C-D2AC7E161942}.ReleaseCamAd|x86.Build.0 = ReleaseCamAd|Any CPU
		{9F601EDC-1077-489A-BE2C-D2AC7E161942}.ReleaseCamAdUk|Any CPU.ActiveCfg = ReleaseCamAdUk|Any CPU
		{9F601EDC-1077-489A-BE2C-D2AC7E161942}.ReleaseCamAdUk|Any CPU.Build.0 = ReleaseCamAdUk|Any CPU
		{9F601EDC-1077-489A-BE2C-D2AC7E161942}.ReleaseCamAdUk|x64.ActiveCfg = ReleaseCamAdUk|Any CPU
		{9F601EDC-1077-489A-BE2C-D2AC7E161942}.ReleaseCamAdUk|x64.Build.0 = ReleaseCamAdUk|Any CPU
		{9F601EDC-1077-489A-BE2C-D2AC7E161942}.ReleaseCamAdUk|x86.ActiveCfg = ReleaseCamAdUk|Any CPU
		{9F601EDC-1077-489A-BE2C-D2AC7E161942}.ReleaseCamAdUk|x86.Build.0 = ReleaseCamAdUk|Any CPU
		{9F601EDC-1077-489A-BE2C-D2AC7E161942}.ReleaseCamBiz|Any CPU.ActiveCfg = ReleaseCamBiz|Any CPU
		{9F601EDC-1077-489A-BE2C-D2AC7E161942}.ReleaseCamBiz|Any CPU.Build.0 = ReleaseCamBiz|Any CPU
		{9F601EDC-1077-489A-BE2C-D2AC7E161942}.ReleaseCamBiz|x64.ActiveCfg = ReleaseCamBiz|Any CPU
		{9F601EDC-1077-489A-BE2C-D2AC7E161942}.ReleaseCamBiz|x64.Build.0 = ReleaseCamBiz|Any CPU
		{9F601EDC-1077-489A-BE2C-D2AC7E161942}.ReleaseCamBiz|x86.ActiveCfg = ReleaseCamBiz|Any CPU
		{9F601EDC-1077-489A-BE2C-D2AC7E161942}.ReleaseCamBiz|x86.Build.0 = ReleaseCamBiz|Any CPU
		{9F601EDC-1077-489A-BE2C-D2AC7E161942}.ReleaseCamFree|Any CPU.ActiveCfg = ReleaseCamFree|Any CPU
		{9F601EDC-1077-489A-BE2C-D2AC7E161942}.ReleaseCamFree|Any CPU.Build.0 = ReleaseCamFree|Any CPU
		{9F601EDC-1077-489A-BE2C-D2AC7E161942}.ReleaseCamFree|x64.ActiveCfg = ReleaseCamFree|Any CPU
		{9F601EDC-1077-489A-BE2C-D2AC7E161942}.ReleaseCamFree|x64.Build.0 = ReleaseCamFree|Any CPU
		{9F601EDC-1077-489A-BE2C-D2AC7E161942}.ReleaseCamFree|x86.ActiveCfg = ReleaseCamFree|Any CPU
		{9F601EDC-1077-489A-BE2C-D2AC7E161942}.ReleaseCamFree|x86.Build.0 = ReleaseCamFree|Any CPU
		{9F601EDC-1077-489A-BE2C-D2AC7E161942}.ReleaseCamLte|Any CPU.ActiveCfg = ReleaseCamLte|Any CPU
		{9F601EDC-1077-489A-BE2C-D2AC7E161942}.ReleaseCamLte|Any CPU.Build.0 = ReleaseCamLte|Any CPU
		{9F601EDC-1077-489A-BE2C-D2AC7E161942}.ReleaseCamLte|x64.ActiveCfg = ReleaseCamLte|Any CPU
		{9F601EDC-1077-489A-BE2C-D2AC7E161942}.ReleaseCamLte|x64.Build.0 = ReleaseCamLte|Any CPU
		{9F601EDC-1077-489A-BE2C-D2AC7E161942}.ReleaseCamLte|x86.ActiveCfg = ReleaseCamLte|Any CPU
		{9F601EDC-1077-489A-BE2C-D2AC7E161942}.ReleaseCamLte|x86.Build.0 = ReleaseCamLte|Any CPU
		{9F601EDC-1077-489A-BE2C-D2AC7E161942}.ReleaseCamStd|Any CPU.ActiveCfg = ReleaseCamStd|Any CPU
		{9F601EDC-1077-489A-BE2C-D2AC7E161942}.ReleaseCamStd|Any CPU.Build.0 = ReleaseCamStd|Any CPU
		{9F601EDC-1077-489A-BE2C-D2AC7E161942}.ReleaseCamStd|x64.ActiveCfg = ReleaseCamStd|Any CPU
		{9F601EDC-1077-489A-BE2C-D2AC7E161942}.ReleaseCamStd|x64.Build.0 = ReleaseCamStd|Any CPU
		{9F601EDC-1077-489A-BE2C-D2AC7E161942}.ReleaseCamStd|x86.ActiveCfg = ReleaseCamStd|Any CPU
		{9F601EDC-1077-489A-BE2C-D2AC7E161942}.ReleaseCamStd|x86.Build.0 = ReleaseCamStd|Any CPU
		{9F601EDC-1077-489A-BE2C-D2AC7E161942}.ReleaseEnterprise|Any CPU.ActiveCfg = ReleaseEnterprise|Any CPU
		{9F601EDC-1077-489A-BE2C-D2AC7E161942}.ReleaseEnterprise|Any CPU.Build.0 = ReleaseEnterprise|Any CPU
		{9F601EDC-1077-489A-BE2C-D2AC7E161942}.ReleaseEnterprise|x64.ActiveCfg = ReleaseEnterprise|Any CPU
		{9F601EDC-1077-489A-BE2C-D2AC7E161942}.ReleaseEnterprise|x64.Build.0 = ReleaseEnterprise|Any CPU
		{9F601EDC-1077-489A-BE2C-D2AC7E161942}.ReleaseEnterprise|x86.ActiveCfg = ReleaseEnterprise|Any CPU
		{9F601EDC-1077-489A-BE2C-D2AC7E161942}.ReleaseEnterprise|x86.Build.0 = ReleaseEnterprise|Any CPU
		{06A917A1-E06E-4F78-8C60-C919FF2A2ECF}.Debug|Any CPU.ActiveCfg = Debug|Any CPU
		{06A917A1-E06E-4F78-8C60-C919FF2A2ECF}.Debug|Any CPU.Build.0 = Debug|Any CPU
		{06A917A1-E06E-4F78-8C60-C919FF2A2ECF}.Debug|x64.ActiveCfg = Debug|Any CPU
		{06A917A1-E06E-4F78-8C60-C919FF2A2ECF}.Debug|x64.Build.0 = Debug|Any CPU
		{06A917A1-E06E-4F78-8C60-C919FF2A2ECF}.Debug|x86.ActiveCfg = Debug|Any CPU
		{06A917A1-E06E-4F78-8C60-C919FF2A2ECF}.Debug|x86.Build.0 = Debug|Any CPU
		{06A917A1-E06E-4F78-8C60-C919FF2A2ECF}.Release|Any CPU.ActiveCfg = Release|Any CPU
		{06A917A1-E06E-4F78-8C60-C919FF2A2ECF}.Release|Any CPU.Build.0 = Release|Any CPU
		{06A917A1-E06E-4F78-8C60-C919FF2A2ECF}.Release|x64.ActiveCfg = Release|Any CPU
		{06A917A1-E06E-4F78-8C60-C919FF2A2ECF}.Release|x64.Build.0 = Release|Any CPU
		{06A917A1-E06E-4F78-8C60-C919FF2A2ECF}.Release|x86.ActiveCfg = Release|Any CPU
		{06A917A1-E06E-4F78-8C60-C919FF2A2ECF}.Release|x86.Build.0 = Release|Any CPU
		{06A917A1-E06E-4F78-8C60-C919FF2A2ECF}.ReleaseAPI|Any CPU.ActiveCfg = ReleaseCamAd|Any CPU
		{06A917A1-E06E-4F78-8C60-C919FF2A2ECF}.ReleaseAPI|Any CPU.Build.0 = ReleaseCamAd|Any CPU
		{06A917A1-E06E-4F78-8C60-C919FF2A2ECF}.ReleaseAPI|x64.ActiveCfg = ReleaseCamAd|Any CPU
		{06A917A1-E06E-4F78-8C60-C919FF2A2ECF}.ReleaseAPI|x64.Build.0 = ReleaseCamAd|Any CPU
		{06A917A1-E06E-4F78-8C60-C919FF2A2ECF}.ReleaseAPI|x86.ActiveCfg = ReleaseCamAd|Any CPU
		{06A917A1-E06E-4F78-8C60-C919FF2A2ECF}.ReleaseAPI|x86.Build.0 = ReleaseCamAd|Any CPU
		{06A917A1-E06E-4F78-8C60-C919FF2A2ECF}.ReleaseAutomation|Any CPU.ActiveCfg = ReleaseAutomation|Any CPU
		{06A917A1-E06E-4F78-8C60-C919FF2A2ECF}.ReleaseAutomation|Any CPU.Build.0 = ReleaseAutomation|Any CPU
		{06A917A1-E06E-4F78-8C60-C919FF2A2ECF}.ReleaseAutomation|x64.ActiveCfg = ReleaseAutomation|Any CPU
		{06A917A1-E06E-4F78-8C60-C919FF2A2ECF}.ReleaseAutomation|x64.Build.0 = ReleaseAutomation|Any CPU
		{06A917A1-E06E-4F78-8C60-C919FF2A2ECF}.ReleaseAutomation|x86.ActiveCfg = ReleaseAutomation|Any CPU
		{06A917A1-E06E-4F78-8C60-C919FF2A2ECF}.ReleaseAutomation|x86.Build.0 = ReleaseAutomation|Any CPU
		{06A917A1-E06E-4F78-8C60-C919FF2A2ECF}.ReleaseCamAd|Any CPU.ActiveCfg = ReleaseCamAd|Any CPU
		{06A917A1-E06E-4F78-8C60-C919FF2A2ECF}.ReleaseCamAd|Any CPU.Build.0 = ReleaseCamAd|Any CPU
		{06A917A1-E06E-4F78-8C60-C919FF2A2ECF}.ReleaseCamAd|x64.ActiveCfg = ReleaseCamAd|Any CPU
		{06A917A1-E06E-4F78-8C60-C919FF2A2ECF}.ReleaseCamAd|x64.Build.0 = ReleaseCamAd|Any CPU
		{06A917A1-E06E-4F78-8C60-C919FF2A2ECF}.ReleaseCamAd|x86.ActiveCfg = ReleaseCamAd|Any CPU
		{06A917A1-E06E-4F78-8C60-C919FF2A2ECF}.ReleaseCamAd|x86.Build.0 = ReleaseCamAd|Any CPU
		{06A917A1-E06E-4F78-8C60-C919FF2A2ECF}.ReleaseCamAdUk|Any CPU.ActiveCfg = ReleaseCamAdUk|Any CPU
		{06A917A1-E06E-4F78-8C60-C919FF2A2ECF}.ReleaseCamAdUk|Any CPU.Build.0 = ReleaseCamAdUk|Any CPU
		{06A917A1-E06E-4F78-8C60-C919FF2A2ECF}.ReleaseCamAdUk|x64.ActiveCfg = ReleaseCamAdUk|Any CPU
		{06A917A1-E06E-4F78-8C60-C919FF2A2ECF}.ReleaseCamAdUk|x64.Build.0 = ReleaseCamAdUk|Any CPU
		{06A917A1-E06E-4F78-8C60-C919FF2A2ECF}.ReleaseCamAdUk|x86.ActiveCfg = ReleaseCamAdUk|Any CPU
		{06A917A1-E06E-4F78-8C60-C919FF2A2ECF}.ReleaseCamAdUk|x86.Build.0 = ReleaseCamAdUk|Any CPU
		{06A917A1-E06E-4F78-8C60-C919FF2A2ECF}.ReleaseCamBiz|Any CPU.ActiveCfg = ReleaseCamBiz|Any CPU
		{06A917A1-E06E-4F78-8C60-C919FF2A2ECF}.ReleaseCamBiz|Any CPU.Build.0 = ReleaseCamBiz|Any CPU
		{06A917A1-E06E-4F78-8C60-C919FF2A2ECF}.ReleaseCamBiz|x64.ActiveCfg = ReleaseCamBiz|Any CPU
		{06A917A1-E06E-4F78-8C60-C919FF2A2ECF}.ReleaseCamBiz|x64.Build.0 = ReleaseCamBiz|Any CPU
		{06A917A1-E06E-4F78-8C60-C919FF2A2ECF}.ReleaseCamBiz|x86.ActiveCfg = ReleaseCamBiz|Any CPU
		{06A917A1-E06E-4F78-8C60-C919FF2A2ECF}.ReleaseCamBiz|x86.Build.0 = ReleaseCamBiz|Any CPU
		{06A917A1-E06E-4F78-8C60-C919FF2A2ECF}.ReleaseCamFree|Any CPU.ActiveCfg = ReleaseCamFree|Any CPU
		{06A917A1-E06E-4F78-8C60-C919FF2A2ECF}.ReleaseCamFree|Any CPU.Build.0 = ReleaseCamFree|Any CPU
		{06A917A1-E06E-4F78-8C60-C919FF2A2ECF}.ReleaseCamFree|x64.ActiveCfg = ReleaseCamFree|Any CPU
		{06A917A1-E06E-4F78-8C60-C919FF2A2ECF}.ReleaseCamFree|x64.Build.0 = ReleaseCamFree|Any CPU
		{06A917A1-E06E-4F78-8C60-C919FF2A2ECF}.ReleaseCamFree|x86.ActiveCfg = ReleaseCamFree|Any CPU
		{06A917A1-E06E-4F78-8C60-C919FF2A2ECF}.ReleaseCamFree|x86.Build.0 = ReleaseCamFree|Any CPU
		{06A917A1-E06E-4F78-8C60-C919FF2A2ECF}.ReleaseCamLte|Any CPU.ActiveCfg = ReleaseCamLte|Any CPU
		{06A917A1-E06E-4F78-8C60-C919FF2A2ECF}.ReleaseCamLte|Any CPU.Build.0 = ReleaseCamLte|Any CPU
		{06A917A1-E06E-4F78-8C60-C919FF2A2ECF}.ReleaseCamLte|x64.ActiveCfg = ReleaseCamLte|Any CPU
		{06A917A1-E06E-4F78-8C60-C919FF2A2ECF}.ReleaseCamLte|x64.Build.0 = ReleaseCamLte|Any CPU
		{06A917A1-E06E-4F78-8C60-C919FF2A2ECF}.ReleaseCamLte|x86.ActiveCfg = ReleaseCamLte|Any CPU
		{06A917A1-E06E-4F78-8C60-C919FF2A2ECF}.ReleaseCamLte|x86.Build.0 = ReleaseCamLte|Any CPU
		{06A917A1-E06E-4F78-8C60-C919FF2A2ECF}.ReleaseCamStd|Any CPU.ActiveCfg = ReleaseCamStd|Any CPU
		{06A917A1-E06E-4F78-8C60-C919FF2A2ECF}.ReleaseCamStd|Any CPU.Build.0 = ReleaseCamStd|Any CPU
		{06A917A1-E06E-4F78-8C60-C919FF2A2ECF}.ReleaseCamStd|x64.ActiveCfg = ReleaseCamStd|Any CPU
		{06A917A1-E06E-4F78-8C60-C919FF2A2ECF}.ReleaseCamStd|x64.Build.0 = ReleaseCamStd|Any CPU
		{06A917A1-E06E-4F78-8C60-C919FF2A2ECF}.ReleaseCamStd|x86.ActiveCfg = ReleaseCamStd|Any CPU
		{06A917A1-E06E-4F78-8C60-C919FF2A2ECF}.ReleaseCamStd|x86.Build.0 = ReleaseCamStd|Any CPU
		{06A917A1-E06E-4F78-8C60-C919FF2A2ECF}.ReleaseEnterprise|Any CPU.ActiveCfg = ReleaseEnterprise|Any CPU
		{06A917A1-E06E-4F78-8C60-C919FF2A2ECF}.ReleaseEnterprise|Any CPU.Build.0 = ReleaseEnterprise|Any CPU
		{06A917A1-E06E-4F78-8C60-C919FF2A2ECF}.ReleaseEnterprise|x64.ActiveCfg = ReleaseEnterprise|Any CPU
		{06A917A1-E06E-4F78-8C60-C919FF2A2ECF}.ReleaseEnterprise|x64.Build.0 = ReleaseEnterprise|Any CPU
		{06A917A1-E06E-4F78-8C60-C919FF2A2ECF}.ReleaseEnterprise|x86.ActiveCfg = ReleaseEnterprise|Any CPU
		{06A917A1-E06E-4F78-8C60-C919FF2A2ECF}.ReleaseEnterprise|x86.Build.0 = ReleaseEnterprise|Any CPU
		{A484E976-B974-4569-BF8C-1B8FDCD674F0}.Debug|Any CPU.ActiveCfg = Debug|Any CPU
		{A484E976-B974-4569-BF8C-1B8FDCD674F0}.Debug|Any CPU.Build.0 = Debug|Any CPU
		{A484E976-B974-4569-BF8C-1B8FDCD674F0}.Debug|x64.ActiveCfg = Debug|Any CPU
		{A484E976-B974-4569-BF8C-1B8FDCD674F0}.Debug|x64.Build.0 = Debug|Any CPU
		{A484E976-B974-4569-BF8C-1B8FDCD674F0}.Debug|x86.ActiveCfg = Debug|Any CPU
		{A484E976-B974-4569-BF8C-1B8FDCD674F0}.Debug|x86.Build.0 = Debug|Any CPU
		{A484E976-B974-4569-BF8C-1B8FDCD674F0}.Release|Any CPU.ActiveCfg = Release|Any CPU
		{A484E976-B974-4569-BF8C-1B8FDCD674F0}.Release|Any CPU.Build.0 = Release|Any CPU
		{A484E976-B974-4569-BF8C-1B8FDCD674F0}.Release|x64.ActiveCfg = Release|Any CPU
		{A484E976-B974-4569-BF8C-1B8FDCD674F0}.Release|x64.Build.0 = Release|Any CPU
		{A484E976-B974-4569-BF8C-1B8FDCD674F0}.Release|x86.ActiveCfg = Release|Any CPU
		{A484E976-B974-4569-BF8C-1B8FDCD674F0}.Release|x86.Build.0 = Release|Any CPU
		{A484E976-B974-4569-BF8C-1B8FDCD674F0}.ReleaseAPI|Any CPU.ActiveCfg = ReleaseCamAd|Any CPU
		{A484E976-B974-4569-BF8C-1B8FDCD674F0}.ReleaseAPI|Any CPU.Build.0 = ReleaseCamAd|Any CPU
		{A484E976-B974-4569-BF8C-1B8FDCD674F0}.ReleaseAPI|x64.ActiveCfg = ReleaseCamAd|Any CPU
		{A484E976-B974-4569-BF8C-1B8FDCD674F0}.ReleaseAPI|x64.Build.0 = ReleaseCamAd|Any CPU
		{A484E976-B974-4569-BF8C-1B8FDCD674F0}.ReleaseAPI|x86.ActiveCfg = ReleaseCamAd|Any CPU
		{A484E976-B974-4569-BF8C-1B8FDCD674F0}.ReleaseAPI|x86.Build.0 = ReleaseCamAd|Any CPU
		{A484E976-B974-4569-BF8C-1B8FDCD674F0}.ReleaseAutomation|Any CPU.ActiveCfg = ReleaseAutomation|Any CPU
		{A484E976-B974-4569-BF8C-1B8FDCD674F0}.ReleaseAutomation|Any CPU.Build.0 = ReleaseAutomation|Any CPU
		{A484E976-B974-4569-BF8C-1B8FDCD674F0}.ReleaseAutomation|x64.ActiveCfg = ReleaseAutomation|Any CPU
		{A484E976-B974-4569-BF8C-1B8FDCD674F0}.ReleaseAutomation|x64.Build.0 = ReleaseAutomation|Any CPU
		{A484E976-B974-4569-BF8C-1B8FDCD674F0}.ReleaseAutomation|x86.ActiveCfg = ReleaseAutomation|Any CPU
		{A484E976-B974-4569-BF8C-1B8FDCD674F0}.ReleaseAutomation|x86.Build.0 = ReleaseAutomation|Any CPU
		{A484E976-B974-4569-BF8C-1B8FDCD674F0}.ReleaseCamAd|Any CPU.ActiveCfg = ReleaseCamAd|Any CPU
		{A484E976-B974-4569-BF8C-1B8FDCD674F0}.ReleaseCamAd|Any CPU.Build.0 = ReleaseCamAd|Any CPU
		{A484E976-B974-4569-BF8C-1B8FDCD674F0}.ReleaseCamAd|x64.ActiveCfg = ReleaseCamAd|Any CPU
		{A484E976-B974-4569-BF8C-1B8FDCD674F0}.ReleaseCamAd|x64.Build.0 = ReleaseCamAd|Any CPU
		{A484E976-B974-4569-BF8C-1B8FDCD674F0}.ReleaseCamAd|x86.ActiveCfg = ReleaseCamAd|Any CPU
		{A484E976-B974-4569-BF8C-1B8FDCD674F0}.ReleaseCamAd|x86.Build.0 = ReleaseCamAd|Any CPU
		{A484E976-B974-4569-BF8C-1B8FDCD674F0}.ReleaseCamAdUk|Any CPU.ActiveCfg = ReleaseCamAdUk|Any CPU
		{A484E976-B974-4569-BF8C-1B8FDCD674F0}.ReleaseCamAdUk|Any CPU.Build.0 = ReleaseCamAdUk|Any CPU
		{A484E976-B974-4569-BF8C-1B8FDCD674F0}.ReleaseCamAdUk|x64.ActiveCfg = ReleaseCamAdUk|Any CPU
		{A484E976-B974-4569-BF8C-1B8FDCD674F0}.ReleaseCamAdUk|x64.Build.0 = ReleaseCamAdUk|Any CPU
		{A484E976-B974-4569-BF8C-1B8FDCD674F0}.ReleaseCamAdUk|x86.ActiveCfg = ReleaseCamAdUk|Any CPU
		{A484E976-B974-4569-BF8C-1B8FDCD674F0}.ReleaseCamAdUk|x86.Build.0 = ReleaseCamAdUk|Any CPU
		{A484E976-B974-4569-BF8C-1B8FDCD674F0}.ReleaseCamBiz|Any CPU.ActiveCfg = ReleaseCamBiz|Any CPU
		{A484E976-B974-4569-BF8C-1B8FDCD674F0}.ReleaseCamBiz|Any CPU.Build.0 = ReleaseCamBiz|Any CPU
		{A484E976-B974-4569-BF8C-1B8FDCD674F0}.ReleaseCamBiz|x64.ActiveCfg = ReleaseCamBiz|Any CPU
		{A484E976-B974-4569-BF8C-1B8FDCD674F0}.ReleaseCamBiz|x64.Build.0 = ReleaseCamBiz|Any CPU
		{A484E976-B974-4569-BF8C-1B8FDCD674F0}.ReleaseCamBiz|x86.ActiveCfg = ReleaseCamBiz|Any CPU
		{A484E976-B974-4569-BF8C-1B8FDCD674F0}.ReleaseCamBiz|x86.Build.0 = ReleaseCamBiz|Any CPU
		{A484E976-B974-4569-BF8C-1B8FDCD674F0}.ReleaseCamFree|Any CPU.ActiveCfg = ReleaseCamFree|Any CPU
		{A484E976-B974-4569-BF8C-1B8FDCD674F0}.ReleaseCamFree|Any CPU.Build.0 = ReleaseCamFree|Any CPU
		{A484E976-B974-4569-BF8C-1B8FDCD674F0}.ReleaseCamFree|x64.ActiveCfg = ReleaseCamFree|Any CPU
		{A484E976-B974-4569-BF8C-1B8FDCD674F0}.ReleaseCamFree|x64.Build.0 = ReleaseCamFree|Any CPU
		{A484E976-B974-4569-BF8C-1B8FDCD674F0}.ReleaseCamFree|x86.ActiveCfg = ReleaseCamFree|Any CPU
		{A484E976-B974-4569-BF8C-1B8FDCD674F0}.ReleaseCamFree|x86.Build.0 = ReleaseCamFree|Any CPU
		{A484E976-B974-4569-BF8C-1B8FDCD674F0}.ReleaseCamLte|Any CPU.ActiveCfg = ReleaseCamLte|Any CPU
		{A484E976-B974-4569-BF8C-1B8FDCD674F0}.ReleaseCamLte|Any CPU.Build.0 = ReleaseCamLte|Any CPU
		{A484E976-B974-4569-BF8C-1B8FDCD674F0}.ReleaseCamLte|x64.ActiveCfg = ReleaseCamLte|Any CPU
		{A484E976-B974-4569-BF8C-1B8FDCD674F0}.ReleaseCamLte|x64.Build.0 = ReleaseCamLte|Any CPU
		{A484E976-B974-4569-BF8C-1B8FDCD674F0}.ReleaseCamLte|x86.ActiveCfg = ReleaseCamLte|Any CPU
		{A484E976-B974-4569-BF8C-1B8FDCD674F0}.ReleaseCamLte|x86.Build.0 = ReleaseCamLte|Any CPU
		{A484E976-B974-4569-BF8C-1B8FDCD674F0}.ReleaseCamStd|Any CPU.ActiveCfg = ReleaseCamStd|Any CPU
		{A484E976-B974-4569-BF8C-1B8FDCD674F0}.ReleaseCamStd|Any CPU.Build.0 = ReleaseCamStd|Any CPU
		{A484E976-B974-4569-BF8C-1B8FDCD674F0}.ReleaseCamStd|x64.ActiveCfg = ReleaseCamStd|Any CPU
		{A484E976-B974-4569-BF8C-1B8FDCD674F0}.ReleaseCamStd|x64.Build.0 = ReleaseCamStd|Any CPU
		{A484E976-B974-4569-BF8C-1B8FDCD674F0}.ReleaseCamStd|x86.ActiveCfg = ReleaseCamStd|Any CPU
		{A484E976-B974-4569-BF8C-1B8FDCD674F0}.ReleaseCamStd|x86.Build.0 = ReleaseCamStd|Any CPU
		{A484E976-B974-4569-BF8C-1B8FDCD674F0}.ReleaseEnterprise|Any CPU.ActiveCfg = ReleaseEnterprise|Any CPU
		{A484E976-B974-4569-BF8C-1B8FDCD674F0}.ReleaseEnterprise|Any CPU.Build.0 = ReleaseEnterprise|Any CPU
		{A484E976-B974-4569-BF8C-1B8FDCD674F0}.ReleaseEnterprise|x64.ActiveCfg = ReleaseEnterprise|Any CPU
		{A484E976-B974-4569-BF8C-1B8FDCD674F0}.ReleaseEnterprise|x64.Build.0 = ReleaseEnterprise|Any CPU
		{A484E976-B974-4569-BF8C-1B8FDCD674F0}.ReleaseEnterprise|x86.ActiveCfg = ReleaseEnterprise|Any CPU
		{A484E976-B974-4569-BF8C-1B8FDCD674F0}.ReleaseEnterprise|x86.Build.0 = ReleaseEnterprise|Any CPU
		{8A5DB430-FB4A-4094-AFC2-91277C6617B1}.Debug|Any CPU.ActiveCfg = Debug|Any CPU
		{8A5DB430-FB4A-4094-AFC2-91277C6617B1}.Debug|Any CPU.Build.0 = Debug|Any CPU
		{8A5DB430-FB4A-4094-AFC2-91277C6617B1}.Debug|x64.ActiveCfg = Debug|Any CPU
		{8A5DB430-FB4A-4094-AFC2-91277C6617B1}.Debug|x64.Build.0 = Debug|Any CPU
		{8A5DB430-FB4A-4094-AFC2-91277C6617B1}.Debug|x86.ActiveCfg = Debug|Any CPU
		{8A5DB430-FB4A-4094-AFC2-91277C6617B1}.Debug|x86.Build.0 = Debug|Any CPU
		{8A5DB430-FB4A-4094-AFC2-91277C6617B1}.Release|Any CPU.ActiveCfg = Release|Any CPU
		{8A5DB430-FB4A-4094-AFC2-91277C6617B1}.Release|Any CPU.Build.0 = Release|Any CPU
		{8A5DB430-FB4A-4094-AFC2-91277C6617B1}.Release|x64.ActiveCfg = Release|Any CPU
		{8A5DB430-FB4A-4094-AFC2-91277C6617B1}.Release|x64.Build.0 = Release|Any CPU
		{8A5DB430-FB4A-4094-AFC2-91277C6617B1}.Release|x86.ActiveCfg = Release|Any CPU
		{8A5DB430-FB4A-4094-AFC2-91277C6617B1}.Release|x86.Build.0 = Release|Any CPU
		{8A5DB430-FB4A-4094-AFC2-91277C6617B1}.ReleaseAPI|Any CPU.ActiveCfg = ReleaseCamAd|Any CPU
		{8A5DB430-FB4A-4094-AFC2-91277C6617B1}.ReleaseAPI|Any CPU.Build.0 = ReleaseCamAd|Any CPU
		{8A5DB430-FB4A-4094-AFC2-91277C6617B1}.ReleaseAPI|x64.ActiveCfg = ReleaseCamAd|Any CPU
		{8A5DB430-FB4A-4094-AFC2-91277C6617B1}.ReleaseAPI|x64.Build.0 = ReleaseCamAd|Any CPU
		{8A5DB430-FB4A-4094-AFC2-91277C6617B1}.ReleaseAPI|x86.ActiveCfg = ReleaseCamAd|Any CPU
		{8A5DB430-FB4A-4094-AFC2-91277C6617B1}.ReleaseAPI|x86.Build.0 = ReleaseCamAd|Any CPU
		{8A5DB430-FB4A-4094-AFC2-91277C6617B1}.ReleaseAutomation|Any CPU.ActiveCfg = ReleaseAutomation|Any CPU
		{8A5DB430-FB4A-4094-AFC2-91277C6617B1}.ReleaseAutomation|Any CPU.Build.0 = ReleaseAutomation|Any CPU
		{8A5DB430-FB4A-4094-AFC2-91277C6617B1}.ReleaseAutomation|x64.ActiveCfg = ReleaseAutomation|Any CPU
		{8A5DB430-FB4A-4094-AFC2-91277C6617B1}.ReleaseAutomation|x64.Build.0 = ReleaseAutomation|Any CPU
		{8A5DB430-FB4A-4094-AFC2-91277C6617B1}.ReleaseAutomation|x86.ActiveCfg = ReleaseAutomation|Any CPU
		{8A5DB430-FB4A-4094-AFC2-91277C6617B1}.ReleaseAutomation|x86.Build.0 = ReleaseAutomation|Any CPU
		{8A5DB430-FB4A-4094-AFC2-91277C6617B1}.ReleaseCamAd|Any CPU.ActiveCfg = ReleaseCamAd|Any CPU
		{8A5DB430-FB4A-4094-AFC2-91277C6617B1}.ReleaseCamAd|Any CPU.Build.0 = ReleaseCamAd|Any CPU
		{8A5DB430-FB4A-4094-AFC2-91277C6617B1}.ReleaseCamAd|x64.ActiveCfg = ReleaseCamAd|Any CPU
		{8A5DB430-FB4A-4094-AFC2-91277C6617B1}.ReleaseCamAd|x64.Build.0 = ReleaseCamAd|Any CPU
		{8A5DB430-FB4A-4094-AFC2-91277C6617B1}.ReleaseCamAd|x86.ActiveCfg = ReleaseCamAd|Any CPU
		{8A5DB430-FB4A-4094-AFC2-91277C6617B1}.ReleaseCamAd|x86.Build.0 = ReleaseCamAd|Any CPU
		{8A5DB430-FB4A-4094-AFC2-91277C6617B1}.ReleaseCamAdUk|Any CPU.ActiveCfg = ReleaseCamAdUk|Any CPU
		{8A5DB430-FB4A-4094-AFC2-91277C6617B1}.ReleaseCamAdUk|Any CPU.Build.0 = ReleaseCamAdUk|Any CPU
		{8A5DB430-FB4A-4094-AFC2-91277C6617B1}.ReleaseCamAdUk|x64.ActiveCfg = ReleaseCamAdUk|Any CPU
		{8A5DB430-FB4A-4094-AFC2-91277C6617B1}.ReleaseCamAdUk|x64.Build.0 = ReleaseCamAdUk|Any CPU
		{8A5DB430-FB4A-4094-AFC2-91277C6617B1}.ReleaseCamAdUk|x86.ActiveCfg = ReleaseCamAdUk|Any CPU
		{8A5DB430-FB4A-4094-AFC2-91277C6617B1}.ReleaseCamAdUk|x86.Build.0 = ReleaseCamAdUk|Any CPU
		{8A5DB430-FB4A-4094-AFC2-91277C6617B1}.ReleaseCamBiz|Any CPU.ActiveCfg = ReleaseCamBiz|Any CPU
		{8A5DB430-FB4A-4094-AFC2-91277C6617B1}.ReleaseCamBiz|Any CPU.Build.0 = ReleaseCamBiz|Any CPU
		{8A5DB430-FB4A-4094-AFC2-91277C6617B1}.ReleaseCamBiz|x64.ActiveCfg = ReleaseCamBiz|Any CPU
		{8A5DB430-FB4A-4094-AFC2-91277C6617B1}.ReleaseCamBiz|x64.Build.0 = ReleaseCamBiz|Any CPU
		{8A5DB430-FB4A-4094-AFC2-91277C6617B1}.ReleaseCamBiz|x86.ActiveCfg = ReleaseCamBiz|Any CPU
		{8A5DB430-FB4A-4094-AFC2-91277C6617B1}.ReleaseCamBiz|x86.Build.0 = ReleaseCamBiz|Any CPU
		{8A5DB430-FB4A-4094-AFC2-91277C6617B1}.ReleaseCamFree|Any CPU.ActiveCfg = ReleaseCamFree|Any CPU
		{8A5DB430-FB4A-4094-AFC2-91277C6617B1}.ReleaseCamFree|Any CPU.Build.0 = ReleaseCamFree|Any CPU
		{8A5DB430-FB4A-4094-AFC2-91277C6617B1}.ReleaseCamFree|x64.ActiveCfg = ReleaseCamFree|Any CPU
		{8A5DB430-FB4A-4094-AFC2-91277C6617B1}.ReleaseCamFree|x64.Build.0 = ReleaseCamFree|Any CPU
		{8A5DB430-FB4A-4094-AFC2-91277C6617B1}.ReleaseCamFree|x86.ActiveCfg = ReleaseCamFree|Any CPU
		{8A5DB430-FB4A-4094-AFC2-91277C6617B1}.ReleaseCamFree|x86.Build.0 = ReleaseCamFree|Any CPU
		{8A5DB430-FB4A-4094-AFC2-91277C6617B1}.ReleaseCamLte|Any CPU.ActiveCfg = ReleaseCamLte|Any CPU
		{8A5DB430-FB4A-4094-AFC2-91277C6617B1}.ReleaseCamLte|Any CPU.Build.0 = ReleaseCamLte|Any CPU
		{8A5DB430-FB4A-4094-AFC2-91277C6617B1}.ReleaseCamLte|x64.ActiveCfg = ReleaseCamLte|Any CPU
		{8A5DB430-FB4A-4094-AFC2-91277C6617B1}.ReleaseCamLte|x64.Build.0 = ReleaseCamLte|Any CPU
		{8A5DB430-FB4A-4094-AFC2-91277C6617B1}.ReleaseCamLte|x86.ActiveCfg = ReleaseCamLte|Any CPU
		{8A5DB430-FB4A-4094-AFC2-91277C6617B1}.ReleaseCamLte|x86.Build.0 = ReleaseCamLte|Any CPU
		{8A5DB430-FB4A-4094-AFC2-91277C6617B1}.ReleaseCamStd|Any CPU.ActiveCfg = ReleaseCamStd|Any CPU
		{8A5DB430-FB4A-4094-AFC2-91277C6617B1}.ReleaseCamStd|Any CPU.Build.0 = ReleaseCamStd|Any CPU
		{8A5DB430-FB4A-4094-AFC2-91277C6617B1}.ReleaseCamStd|x64.ActiveCfg = ReleaseCamStd|Any CPU
		{8A5DB430-FB4A-4094-AFC2-91277C6617B1}.ReleaseCamStd|x64.Build.0 = ReleaseCamStd|Any CPU
		{8A5DB430-FB4A-4094-AFC2-91277C6617B1}.ReleaseCamStd|x86.ActiveCfg = ReleaseCamStd|Any CPU
		{8A5DB430-FB4A-4094-AFC2-91277C6617B1}.ReleaseCamStd|x86.Build.0 = ReleaseCamStd|Any CPU
		{8A5DB430-FB4A-4094-AFC2-91277C6617B1}.ReleaseEnterprise|Any CPU.ActiveCfg = ReleaseEnterprise|Any CPU
		{8A5DB430-FB4A-4094-AFC2-91277C6617B1}.ReleaseEnterprise|Any CPU.Build.0 = ReleaseEnterprise|Any CPU
		{8A5DB430-FB4A-4094-AFC2-91277C6617B1}.ReleaseEnterprise|x64.ActiveCfg = ReleaseEnterprise|Any CPU
		{8A5DB430-FB4A-4094-AFC2-91277C6617B1}.ReleaseEnterprise|x64.Build.0 = ReleaseEnterprise|Any CPU
		{8A5DB430-FB4A-4094-AFC2-91277C6617B1}.ReleaseEnterprise|x86.ActiveCfg = ReleaseEnterprise|Any CPU
		{8A5DB430-FB4A-4094-AFC2-91277C6617B1}.ReleaseEnterprise|x86.Build.0 = ReleaseEnterprise|Any CPU
		{3B02B0EA-AFB2-4BB5-8ABE-DECE91D7D3DF}.Debug|Any CPU.ActiveCfg = Debug|Any CPU
		{3B02B0EA-AFB2-4BB5-8ABE-DECE91D7D3DF}.Debug|Any CPU.Build.0 = Debug|Any CPU
		{3B02B0EA-AFB2-4BB5-8ABE-DECE91D7D3DF}.Debug|x64.ActiveCfg = Debug|Any CPU
		{3B02B0EA-AFB2-4BB5-8ABE-DECE91D7D3DF}.Debug|x64.Build.0 = Debug|Any CPU
		{3B02B0EA-AFB2-4BB5-8ABE-DECE91D7D3DF}.Debug|x86.ActiveCfg = Debug|Any CPU
		{3B02B0EA-AFB2-4BB5-8ABE-DECE91D7D3DF}.Debug|x86.Build.0 = Debug|Any CPU
		{3B02B0EA-AFB2-4BB5-8ABE-DECE91D7D3DF}.Release|Any CPU.ActiveCfg = Release|Any CPU
		{3B02B0EA-AFB2-4BB5-8ABE-DECE91D7D3DF}.Release|Any CPU.Build.0 = Release|Any CPU
		{3B02B0EA-AFB2-4BB5-8ABE-DECE91D7D3DF}.Release|x64.ActiveCfg = Release|Any CPU
		{3B02B0EA-AFB2-4BB5-8ABE-DECE91D7D3DF}.Release|x64.Build.0 = Release|Any CPU
		{3B02B0EA-AFB2-4BB5-8ABE-DECE91D7D3DF}.Release|x86.ActiveCfg = Release|Any CPU
		{3B02B0EA-AFB2-4BB5-8ABE-DECE91D7D3DF}.Release|x86.Build.0 = Release|Any CPU
		{3B02B0EA-AFB2-4BB5-8ABE-DECE91D7D3DF}.ReleaseAPI|Any CPU.ActiveCfg = ReleaseAPI|Any CPU
		{3B02B0EA-AFB2-4BB5-8ABE-DECE91D7D3DF}.ReleaseAPI|Any CPU.Build.0 = ReleaseAPI|Any CPU
		{3B02B0EA-AFB2-4BB5-8ABE-DECE91D7D3DF}.ReleaseAPI|x64.ActiveCfg = ReleaseAPI|Any CPU
		{3B02B0EA-AFB2-4BB5-8ABE-DECE91D7D3DF}.ReleaseAPI|x64.Build.0 = ReleaseAPI|Any CPU
		{3B02B0EA-AFB2-4BB5-8ABE-DECE91D7D3DF}.ReleaseAPI|x86.ActiveCfg = ReleaseAPI|Any CPU
		{3B02B0EA-AFB2-4BB5-8ABE-DECE91D7D3DF}.ReleaseAPI|x86.Build.0 = ReleaseAPI|Any CPU
		{3B02B0EA-AFB2-4BB5-8ABE-DECE91D7D3DF}.ReleaseAutomation|Any CPU.ActiveCfg = ReleaseAutomation|Any CPU
		{3B02B0EA-AFB2-4BB5-8ABE-DECE91D7D3DF}.ReleaseAutomation|Any CPU.Build.0 = ReleaseAutomation|Any CPU
		{3B02B0EA-AFB2-4BB5-8ABE-DECE91D7D3DF}.ReleaseAutomation|x64.ActiveCfg = ReleaseAutomation|Any CPU
		{3B02B0EA-AFB2-4BB5-8ABE-DECE91D7D3DF}.ReleaseAutomation|x64.Build.0 = ReleaseAutomation|Any CPU
		{3B02B0EA-AFB2-4BB5-8ABE-DECE91D7D3DF}.ReleaseAutomation|x86.ActiveCfg = ReleaseAPI|Any CPU
		{3B02B0EA-AFB2-4BB5-8ABE-DECE91D7D3DF}.ReleaseAutomation|x86.Build.0 = ReleaseAPI|Any CPU
		{3B02B0EA-AFB2-4BB5-8ABE-DECE91D7D3DF}.ReleaseCamAd|Any CPU.ActiveCfg = ReleaseCamAd|Any CPU
		{3B02B0EA-AFB2-4BB5-8ABE-DECE91D7D3DF}.ReleaseCamAd|Any CPU.Build.0 = ReleaseCamAd|Any CPU
		{3B02B0EA-AFB2-4BB5-8ABE-DECE91D7D3DF}.ReleaseCamAd|x64.ActiveCfg = ReleaseCamAd|Any CPU
		{3B02B0EA-AFB2-4BB5-8ABE-DECE91D7D3DF}.ReleaseCamAd|x64.Build.0 = ReleaseCamAd|Any CPU
		{3B02B0EA-AFB2-4BB5-8ABE-DECE91D7D3DF}.ReleaseCamAd|x86.ActiveCfg = ReleaseCamAd|Any CPU
		{3B02B0EA-AFB2-4BB5-8ABE-DECE91D7D3DF}.ReleaseCamAd|x86.Build.0 = ReleaseCamAd|Any CPU
		{3B02B0EA-AFB2-4BB5-8ABE-DECE91D7D3DF}.ReleaseCamAdUk|Any CPU.ActiveCfg = ReleaseCamAdUk|Any CPU
		{3B02B0EA-AFB2-4BB5-8ABE-DECE91D7D3DF}.ReleaseCamAdUk|Any CPU.Build.0 = ReleaseCamAdUk|Any CPU
		{3B02B0EA-AFB2-4BB5-8ABE-DECE91D7D3DF}.ReleaseCamAdUk|x64.ActiveCfg = ReleaseCamAdUk|Any CPU
		{3B02B0EA-AFB2-4BB5-8ABE-DECE91D7D3DF}.ReleaseCamAdUk|x64.Build.0 = ReleaseCamAdUk|Any CPU
		{3B02B0EA-AFB2-4BB5-8ABE-DECE91D7D3DF}.ReleaseCamAdUk|x86.ActiveCfg = ReleaseCamAdUk|Any CPU
		{3B02B0EA-AFB2-4BB5-8ABE-DECE91D7D3DF}.ReleaseCamAdUk|x86.Build.0 = ReleaseCamAdUk|Any CPU
		{3B02B0EA-AFB2-4BB5-8ABE-DECE91D7D3DF}.ReleaseCamBiz|Any CPU.ActiveCfg = ReleaseCamBiz|Any CPU
		{3B02B0EA-AFB2-4BB5-8ABE-DECE91D7D3DF}.ReleaseCamBiz|Any CPU.Build.0 = ReleaseCamBiz|Any CPU
		{3B02B0EA-AFB2-4BB5-8ABE-DECE91D7D3DF}.ReleaseCamBiz|x64.ActiveCfg = ReleaseCamBiz|Any CPU
		{3B02B0EA-AFB2-4BB5-8ABE-DECE91D7D3DF}.ReleaseCamBiz|x64.Build.0 = ReleaseCamBiz|Any CPU
		{3B02B0EA-AFB2-4BB5-8ABE-DECE91D7D3DF}.ReleaseCamBiz|x86.ActiveCfg = ReleaseCamBiz|Any CPU
		{3B02B0EA-AFB2-4BB5-8ABE-DECE91D7D3DF}.ReleaseCamBiz|x86.Build.0 = ReleaseCamBiz|Any CPU
		{3B02B0EA-AFB2-4BB5-8ABE-DECE91D7D3DF}.ReleaseCamFree|Any CPU.ActiveCfg = ReleaseCamFree|Any CPU
		{3B02B0EA-AFB2-4BB5-8ABE-DECE91D7D3DF}.ReleaseCamFree|Any CPU.Build.0 = ReleaseCamFree|Any CPU
		{3B02B0EA-AFB2-4BB5-8ABE-DECE91D7D3DF}.ReleaseCamFree|x64.ActiveCfg = ReleaseCamFree|Any CPU
		{3B02B0EA-AFB2-4BB5-8ABE-DECE91D7D3DF}.ReleaseCamFree|x64.Build.0 = ReleaseCamFree|Any CPU
		{3B02B0EA-AFB2-4BB5-8ABE-DECE91D7D3DF}.ReleaseCamFree|x86.ActiveCfg = ReleaseCamFree|Any CPU
		{3B02B0EA-AFB2-4BB5-8ABE-DECE91D7D3DF}.ReleaseCamFree|x86.Build.0 = ReleaseCamFree|Any CPU
		{3B02B0EA-AFB2-4BB5-8ABE-DECE91D7D3DF}.ReleaseCamLte|Any CPU.ActiveCfg = ReleaseCamLte|Any CPU
		{3B02B0EA-AFB2-4BB5-8ABE-DECE91D7D3DF}.ReleaseCamLte|Any CPU.Build.0 = ReleaseCamLte|Any CPU
		{3B02B0EA-AFB2-4BB5-8ABE-DECE91D7D3DF}.ReleaseCamLte|x64.ActiveCfg = ReleaseCamLte|Any CPU
		{3B02B0EA-AFB2-4BB5-8ABE-DECE91D7D3DF}.ReleaseCamLte|x64.Build.0 = ReleaseCamLte|Any CPU
		{3B02B0EA-AFB2-4BB5-8ABE-DECE91D7D3DF}.ReleaseCamLte|x86.ActiveCfg = ReleaseCamLte|Any CPU
		{3B02B0EA-AFB2-4BB5-8ABE-DECE91D7D3DF}.ReleaseCamLte|x86.Build.0 = ReleaseCamLte|Any CPU
		{3B02B0EA-AFB2-4BB5-8ABE-DECE91D7D3DF}.ReleaseCamStd|Any CPU.ActiveCfg = ReleaseCamStd|Any CPU
		{3B02B0EA-AFB2-4BB5-8ABE-DECE91D7D3DF}.ReleaseCamStd|Any CPU.Build.0 = ReleaseCamStd|Any CPU
		{3B02B0EA-AFB2-4BB5-8ABE-DECE91D7D3DF}.ReleaseCamStd|x64.ActiveCfg = ReleaseCamStd|Any CPU
		{3B02B0EA-AFB2-4BB5-8ABE-DECE91D7D3DF}.ReleaseCamStd|x64.Build.0 = ReleaseCamStd|Any CPU
		{3B02B0EA-AFB2-4BB5-8ABE-DECE91D7D3DF}.ReleaseCamStd|x86.ActiveCfg = ReleaseCamStd|Any CPU
		{3B02B0EA-AFB2-4BB5-8ABE-DECE91D7D3DF}.ReleaseCamStd|x86.Build.0 = ReleaseCamStd|Any CPU
		{3B02B0EA-AFB2-4BB5-8ABE-DECE91D7D3DF}.ReleaseEnterprise|Any CPU.ActiveCfg = ReleaseEnterprise|Any CPU
		{3B02B0EA-AFB2-4BB5-8ABE-DECE91D7D3DF}.ReleaseEnterprise|Any CPU.Build.0 = ReleaseEnterprise|Any CPU
		{3B02B0EA-AFB2-4BB5-8ABE-DECE91D7D3DF}.ReleaseEnterprise|x64.ActiveCfg = ReleaseEnterprise|Any CPU
		{3B02B0EA-AFB2-4BB5-8ABE-DECE91D7D3DF}.ReleaseEnterprise|x64.Build.0 = ReleaseEnterprise|Any CPU
		{3B02B0EA-AFB2-4BB5-8ABE-DECE91D7D3DF}.ReleaseEnterprise|x86.ActiveCfg = ReleaseEnterprise|Any CPU
		{3B02B0EA-AFB2-4BB5-8ABE-DECE91D7D3DF}.ReleaseEnterprise|x86.Build.0 = ReleaseEnterprise|Any CPU
		{1365FC92-8369-4DA5-B0BA-4C929E528D63}.Debug|Any CPU.ActiveCfg = Debug|Any CPU
		{1365FC92-8369-4DA5-B0BA-4C929E528D63}.Debug|Any CPU.Build.0 = Debug|Any CPU
		{1365FC92-8369-4DA5-B0BA-4C929E528D63}.Debug|x64.ActiveCfg = Debug|Any CPU
		{1365FC92-8369-4DA5-B0BA-4C929E528D63}.Debug|x64.Build.0 = Debug|Any CPU
		{1365FC92-8369-4DA5-B0BA-4C929E528D63}.Debug|x86.ActiveCfg = Debug|Any CPU
		{1365FC92-8369-4DA5-B0BA-4C929E528D63}.Debug|x86.Build.0 = Debug|Any CPU
		{1365FC92-8369-4DA5-B0BA-4C929E528D63}.Release|Any CPU.ActiveCfg = Release|Any CPU
		{1365FC92-8369-4DA5-B0BA-4C929E528D63}.Release|Any CPU.Build.0 = Release|Any CPU
		{1365FC92-8369-4DA5-B0BA-4C929E528D63}.Release|x64.ActiveCfg = Release|Any CPU
		{1365FC92-8369-4DA5-B0BA-4C929E528D63}.Release|x64.Build.0 = Release|Any CPU
		{1365FC92-8369-4DA5-B0BA-4C929E528D63}.Release|x86.ActiveCfg = Release|Any CPU
		{1365FC92-8369-4DA5-B0BA-4C929E528D63}.Release|x86.Build.0 = Release|Any CPU
		{1365FC92-8369-4DA5-B0BA-4C929E528D63}.ReleaseAPI|Any CPU.ActiveCfg = Release|Any CPU
		{1365FC92-8369-4DA5-B0BA-4C929E528D63}.ReleaseAPI|Any CPU.Build.0 = Release|Any CPU
		{1365FC92-8369-4DA5-B0BA-4C929E528D63}.ReleaseAPI|x64.ActiveCfg = Release|Any CPU
		{1365FC92-8369-4DA5-B0BA-4C929E528D63}.ReleaseAPI|x64.Build.0 = Release|Any CPU
		{1365FC92-8369-4DA5-B0BA-4C929E528D63}.ReleaseAPI|x86.ActiveCfg = Release|Any CPU
		{1365FC92-8369-4DA5-B0BA-4C929E528D63}.ReleaseAPI|x86.Build.0 = Release|Any CPU
		{1365FC92-8369-4DA5-B0BA-4C929E528D63}.ReleaseAutomation|Any CPU.ActiveCfg = Release|Any CPU
		{1365FC92-8369-4DA5-B0BA-4C929E528D63}.ReleaseAutomation|Any CPU.Build.0 = Release|Any CPU
		{1365FC92-8369-4DA5-B0BA-4C929E528D63}.ReleaseAutomation|x64.ActiveCfg = Release|Any CPU
		{1365FC92-8369-4DA5-B0BA-4C929E528D63}.ReleaseAutomation|x64.Build.0 = Release|Any CPU
		{1365FC92-8369-4DA5-B0BA-4C929E528D63}.ReleaseAutomation|x86.ActiveCfg = Release|Any CPU
		{1365FC92-8369-4DA5-B0BA-4C929E528D63}.ReleaseAutomation|x86.Build.0 = Release|Any CPU
		{1365FC92-8369-4DA5-B0BA-4C929E528D63}.ReleaseCamAd|Any CPU.ActiveCfg = Release|Any CPU
		{1365FC92-8369-4DA5-B0BA-4C929E528D63}.ReleaseCamAd|Any CPU.Build.0 = Release|Any CPU
		{1365FC92-8369-4DA5-B0BA-4C929E528D63}.ReleaseCamAd|x64.ActiveCfg = Release|Any CPU
		{1365FC92-8369-4DA5-B0BA-4C929E528D63}.ReleaseCamAd|x64.Build.0 = Release|Any CPU
		{1365FC92-8369-4DA5-B0BA-4C929E528D63}.ReleaseCamAd|x86.ActiveCfg = Release|Any CPU
		{1365FC92-8369-4DA5-B0BA-4C929E528D63}.ReleaseCamAd|x86.Build.0 = Release|Any CPU
		{1365FC92-8369-4DA5-B0BA-4C929E528D63}.ReleaseCamAdUk|Any CPU.ActiveCfg = Release|Any CPU
		{1365FC92-8369-4DA5-B0BA-4C929E528D63}.ReleaseCamAdUk|Any CPU.Build.0 = Release|Any CPU
		{1365FC92-8369-4DA5-B0BA-4C929E528D63}.ReleaseCamAdUk|x64.ActiveCfg = Release|Any CPU
		{1365FC92-8369-4DA5-B0BA-4C929E528D63}.ReleaseCamAdUk|x64.Build.0 = Release|Any CPU
		{1365FC92-8369-4DA5-B0BA-4C929E528D63}.ReleaseCamAdUk|x86.ActiveCfg = Release|Any CPU
		{1365FC92-8369-4DA5-B0BA-4C929E528D63}.ReleaseCamAdUk|x86.Build.0 = Release|Any CPU
		{1365FC92-8369-4DA5-B0BA-4C929E528D63}.ReleaseCamBiz|Any CPU.ActiveCfg = Release|Any CPU
		{1365FC92-8369-4DA5-B0BA-4C929E528D63}.ReleaseCamBiz|Any CPU.Build.0 = Release|Any CPU
		{1365FC92-8369-4DA5-B0BA-4C929E528D63}.ReleaseCamBiz|x64.ActiveCfg = Release|Any CPU
		{1365FC92-8369-4DA5-B0BA-4C929E528D63}.ReleaseCamBiz|x64.Build.0 = Release|Any CPU
		{1365FC92-8369-4DA5-B0BA-4C929E528D63}.ReleaseCamBiz|x86.ActiveCfg = Release|Any CPU
		{1365FC92-8369-4DA5-B0BA-4C929E528D63}.ReleaseCamBiz|x86.Build.0 = Release|Any CPU
		{1365FC92-8369-4DA5-B0BA-4C929E528D63}.ReleaseCamFree|Any CPU.ActiveCfg = Release|Any CPU
		{1365FC92-8369-4DA5-B0BA-4C929E528D63}.ReleaseCamFree|Any CPU.Build.0 = Release|Any CPU
		{1365FC92-8369-4DA5-B0BA-4C929E528D63}.ReleaseCamFree|x64.ActiveCfg = Release|Any CPU
		{1365FC92-8369-4DA5-B0BA-4C929E528D63}.ReleaseCamFree|x64.Build.0 = Release|Any CPU
		{1365FC92-8369-4DA5-B0BA-4C929E528D63}.ReleaseCamFree|x86.ActiveCfg = Release|Any CPU
		{1365FC92-8369-4DA5-B0BA-4C929E528D63}.ReleaseCamFree|x86.Build.0 = Release|Any CPU
		{1365FC92-8369-4DA5-B0BA-4C929E528D63}.ReleaseCamLte|Any CPU.ActiveCfg = Release|Any CPU
		{1365FC92-8369-4DA5-B0BA-4C929E528D63}.ReleaseCamLte|Any CPU.Build.0 = Release|Any CPU
		{1365FC92-8369-4DA5-B0BA-4C929E528D63}.ReleaseCamLte|x64.ActiveCfg = Release|Any CPU
		{1365FC92-8369-4DA5-B0BA-4C929E528D63}.ReleaseCamLte|x64.Build.0 = Release|Any CPU
		{1365FC92-8369-4DA5-B0BA-4C929E528D63}.ReleaseCamLte|x86.ActiveCfg = Release|Any CPU
		{1365FC92-8369-4DA5-B0BA-4C929E528D63}.ReleaseCamLte|x86.Build.0 = Release|Any CPU
		{1365FC92-8369-4DA5-B0BA-4C929E528D63}.ReleaseCamStd|Any CPU.ActiveCfg = Release|Any CPU
		{1365FC92-8369-4DA5-B0BA-4C929E528D63}.ReleaseCamStd|Any CPU.Build.0 = Release|Any CPU
		{1365FC92-8369-4DA5-B0BA-4C929E528D63}.ReleaseCamStd|x64.ActiveCfg = Release|Any CPU
		{1365FC92-8369-4DA5-B0BA-4C929E528D63}.ReleaseCamStd|x64.Build.0 = Release|Any CPU
		{1365FC92-8369-4DA5-B0BA-4C929E528D63}.ReleaseCamStd|x86.ActiveCfg = Release|Any CPU
		{1365FC92-8369-4DA5-B0BA-4C929E528D63}.ReleaseCamStd|x86.Build.0 = Release|Any CPU
		{1365FC92-8369-4DA5-B0BA-4C929E528D63}.ReleaseEnterprise|Any CPU.ActiveCfg = Release|Any CPU
		{1365FC92-8369-4DA5-B0BA-4C929E528D63}.ReleaseEnterprise|Any CPU.Build.0 = Release|Any CPU
		{1365FC92-8369-4DA5-B0BA-4C929E528D63}.ReleaseEnterprise|x64.ActiveCfg = Release|Any CPU
		{1365FC92-8369-4DA5-B0BA-4C929E528D63}.ReleaseEnterprise|x64.Build.0 = Release|Any CPU
		{1365FC92-8369-4DA5-B0BA-4C929E528D63}.ReleaseEnterprise|x86.ActiveCfg = Release|Any CPU
		{1365FC92-8369-4DA5-B0BA-4C929E528D63}.ReleaseEnterprise|x86.Build.0 = Release|Any CPU
	EndGlobalSection
	GlobalSection(SolutionProperties) = preSolution
		HideSolutionNode = FALSE
	EndGlobalSection
	GlobalSection(NestedProjects) = preSolution
		{33D55B11-2395-4D64-8CBB-1C5F18156328} = {15A85A4C-F90C-4A27-AE81-2D5B8B33DA48}
		{BFCB2BF3-09AD-49FC-B345-EB7672A34952} = {15A85A4C-F90C-4A27-AE81-2D5B8B33DA48}
		{E0588A52-A266-4CDF-BFA2-3E72A75E0129} = {15A85A4C-F90C-4A27-AE81-2D5B8B33DA48}
		{D923E5DE-7002-4085-A23A-AF917410BBE0} = {15A85A4C-F90C-4A27-AE81-2D5B8B33DA48}
		{F7B762C0-2BFC-4027-A973-4C9FA18385BA} = {15A85A4C-F90C-4A27-AE81-2D5B8B33DA48}
		{9F601EDC-1077-489A-BE2C-D2AC7E161942} = {15A85A4C-F90C-4A27-AE81-2D5B8B33DA48}
		{06A917A1-E06E-4F78-8C60-C919FF2A2ECF} = {15A85A4C-F90C-4A27-AE81-2D5B8B33DA48}
		{A484E976-B974-4569-BF8C-1B8FDCD674F0} = {15A85A4C-F90C-4A27-AE81-2D5B8B33DA48}
		{8A5DB430-FB4A-4094-AFC2-91277C6617B1} = {15A85A4C-F90C-4A27-AE81-2D5B8B33DA48}
		{3B02B0EA-AFB2-4BB5-8ABE-DECE91D7D3DF} = {15A85A4C-F90C-4A27-AE81-2D5B8B33DA48}
	EndGlobalSection
	GlobalSection(ExtensibilityGlobals) = postSolution
		SolutionGuid = {D7FB29AE-E9A0-449B-9E43-92E37EE0BE27}
	EndGlobalSection
EndGlobal
